{
    "version": 3,
    "terraform_version": "0.11.14",
    "serial": 16,
    "lineage": "8e24371b-3d53-6414-516d-947e1089adb0",
    "modules": [
        {
            "path": [
                "root"
            ],
            "outputs": {},
            "resources": {
                "data.vsphere_datacenter.dc": {
                    "type": "vsphere_datacenter",
                    "depends_on": [],
                    "primary": {
                        "id": "datacenter-2",
                        "attributes": {
                            "id": "datacenter-2",
                            "name": "Min Interior"
                        },
                        "meta": {},
                        "tainted": false
                    },
                    "deposed": [],
                    "provider": "provider.vsphere"
                }
            },
            "depends_on": []
        },
        {
            "path": [
                "root",
                "bootstrap"
            ],
            "outputs": {
                "ip_addresses": {
                    "sensitive": false,
                    "type": "list",
                    "value": [
                        "10.6.244.116"
                    ]
                }
            },
            "resources": {
                "data.ignition_config.ign": {
                    "type": "ignition_config",
                    "depends_on": [
                        "data.ignition_file.hostname.*",
                        "data.ignition_file.static_ip.*",
                        "data.ignition_systemd_unit.restart.*"
                    ],
                    "primary": {
                        "id": "1c125a3078870295f6f7005de13b7e1f6f7bcd29b35fcff3489381da58cb7109",
                        "attributes": {
                            "append.#": "1",
                            "append.0.source": "http://bastion.desa-ocp01.mininterior.gob.ar/ignition/bootstrap.ign",
                            "append.0.verification": "",
                            "files.#": "2",
                            "files.0": "bac693b185aadbdf3981611e5636a23aa8330adbaeacdf4869fff650d8114ae7",
                            "files.1": "8e3cad01c9c07e137382f7af521262b47cd82932ac818ae0cc890589bac87be1",
                            "id": "1c125a3078870295f6f7005de13b7e1f6f7bcd29b35fcff3489381da58cb7109",
                            "rendered": "{\"ignition\":{\"config\":{\"append\":[{\"source\":\"http://bastion.desa-ocp01.mininterior.gob.ar/ignition/bootstrap.ign\",\"verification\":{}}]},\"timeouts\":{},\"version\":\"2.1.0\"},\"networkd\":{},\"passwd\":{},\"storage\":{\"files\":[{\"filesystem\":\"root\",\"group\":{},\"path\":\"/etc/hostname\",\"user\":{},\"contents\":{\"source\":\"data:text/plain;charset=utf-8;base64,Ym9vdHN0cmFwLmRlc2Etb2NwMDEubWluaW50ZXJpb3IuZ29iLmFy\",\"verification\":{}},\"mode\":420},{\"filesystem\":\"root\",\"group\":{},\"path\":\"/etc/sysconfig/network-scripts/ifcfg-ens192\",\"user\":{},\"contents\":{\"source\":\"data:text/plain;charset=utf-8;base64,VFlQRT1FdGhlcm5ldApCT09UUFJPVE89bm9uZQpOQU1FPWVuczE5MgpERVZJQ0U9ZW5zMTkyCk9OQk9PVD15ZXMKSVBBRERSPTEwLjYuMjQ0LjExNgpQUkVGSVg9MjQKR0FURVdBWT0xMC42LjI0NC4xCkRPTUFJTj1kZXNhLW9jcDAxLm1pbmludGVyaW9yLmdvYi5hcgpETlMxPTE5Mi4xNjguMjQyLjExMQpETlMyPTE5Mi4xNjguMjQyLjExMgpETlMzPTE5Mi4xNjguMjQyLjExMgo=\",\"verification\":{}},\"mode\":420}]},\"systemd\":{\"units\":[{\"contents\":\"[Unit]\\nConditionFirstBoot=yes\\n[Service]\\nType=idle\\nExecStart=/sbin/reboot\\n[Install]\\nWantedBy=multi-user.target\\n\",\"enabled\":true,\"name\":\"restart.service\"}]}}",
                            "systemd.#": "1",
                            "systemd.0": "2b2088c1732c1d1acffcbbe6386c2952e57ca2903cec0dc24bd4cb0f42abc300"
                        },
                        "meta": {},
                        "tainted": false
                    },
                    "deposed": [],
                    "provider": "module.bootstrap.provider.ignition"
                },
                "data.ignition_file.hostname": {
                    "type": "ignition_file",
                    "depends_on": [],
                    "primary": {
                        "id": "bac693b185aadbdf3981611e5636a23aa8330adbaeacdf4869fff650d8114ae7",
                        "attributes": {
                            "content.#": "1",
                            "content.0.content": "bootstrap.desa-ocp01.mininterior.gob.ar",
                            "content.0.mime": "text/plain",
                            "filesystem": "root",
                            "id": "bac693b185aadbdf3981611e5636a23aa8330adbaeacdf4869fff650d8114ae7",
                            "mode": "420",
                            "path": "/etc/hostname"
                        },
                        "meta": {},
                        "tainted": false
                    },
                    "deposed": [],
                    "provider": "module.bootstrap.provider.ignition"
                },
                "data.ignition_file.static_ip": {
                    "type": "ignition_file",
                    "depends_on": [
                        "local.ip_addresses",
                        "local.mask"
                    ],
                    "primary": {
                        "id": "8e3cad01c9c07e137382f7af521262b47cd82932ac818ae0cc890589bac87be1",
                        "attributes": {
                            "content.#": "1",
                            "content.0.content": "TYPE=Ethernet\nBOOTPROTO=none\nNAME=ens192\nDEVICE=ens192\nONBOOT=yes\nIPADDR=10.6.244.116\nPREFIX=24\nGATEWAY=10.6.244.1\nDOMAIN=desa-ocp01.mininterior.gob.ar\nDNS1=192.168.242.111\nDNS2=192.168.242.112\nDNS3=192.168.242.112\n",
                            "content.0.mime": "text/plain",
                            "filesystem": "root",
                            "id": "8e3cad01c9c07e137382f7af521262b47cd82932ac818ae0cc890589bac87be1",
                            "mode": "420",
                            "path": "/etc/sysconfig/network-scripts/ifcfg-ens192"
                        },
                        "meta": {},
                        "tainted": false
                    },
                    "deposed": [],
                    "provider": "module.bootstrap.provider.ignition"
                },
                "data.ignition_systemd_unit.restart": {
                    "type": "ignition_systemd_unit",
                    "depends_on": [],
                    "primary": {
                        "id": "2b2088c1732c1d1acffcbbe6386c2952e57ca2903cec0dc24bd4cb0f42abc300",
                        "attributes": {
                            "content": "[Unit]\nConditionFirstBoot=yes\n[Service]\nType=idle\nExecStart=/sbin/reboot\n[Install]\nWantedBy=multi-user.target\n",
                            "enabled": "true",
                            "id": "2b2088c1732c1d1acffcbbe6386c2952e57ca2903cec0dc24bd4cb0f42abc300",
                            "name": "restart.service"
                        },
                        "meta": {},
                        "tainted": false
                    },
                    "deposed": [],
                    "provider": "module.bootstrap.provider.ignition"
                },
                "data.vsphere_datastore.datastore": {
                    "type": "vsphere_datastore",
                    "depends_on": [],
                    "primary": {
                        "id": "datastore-233745",
                        "attributes": {
                            "datacenter_id": "datacenter-2",
                            "id": "datastore-233745",
                            "name": "OCS_VMP-DESA"
                        },
                        "meta": {},
                        "tainted": false
                    },
                    "deposed": [],
                    "provider": "provider.vsphere"
                },
                "data.vsphere_network.network": {
                    "type": "vsphere_network",
                    "depends_on": [],
                    "primary": {
                        "id": "dvportgroup-232726",
                        "attributes": {
                            "datacenter_id": "datacenter-2",
                            "id": "dvportgroup-232726",
                            "name": "Red 644",
                            "type": "DistributedVirtualPortgroup"
                        },
                        "meta": {},
                        "tainted": false
                    },
                    "deposed": [],
                    "provider": "provider.vsphere"
                },
                "data.vsphere_resource_pool.pool": {
                    "type": "vsphere_resource_pool",
                    "depends_on": [],
                    "primary": {
                        "id": "resgroup-234836",
                        "attributes": {
                            "datacenter_id": "datacenter-2",
                            "id": "resgroup-234836",
                            "name": "ocp-resource"
                        },
                        "meta": {},
                        "tainted": false
                    },
                    "deposed": [],
                    "provider": "provider.vsphere"
                },
                "data.vsphere_virtual_machine.template": {
                    "type": "vsphere_virtual_machine",
                    "depends_on": [],
                    "primary": {
                        "id": "4227f343-9ac7-4ffe-2747-92417304eacd",
                        "attributes": {
                            "alternate_guest_name": "",
                            "annotation": "",
                            "boot_delay": "0",
                            "boot_retry_delay": "10000",
                            "boot_retry_enabled": "false",
                            "change_version": "2020-10-16T08:39:24.086303Z",
                            "cpu_hot_add_enabled": "false",
                            "cpu_hot_remove_enabled": "false",
                            "cpu_limit": "-1",
                            "cpu_performance_counters_enabled": "false",
                            "cpu_reservation": "0",
                            "cpu_share_count": "2000",
                            "cpu_share_level": "normal",
                            "datacenter_id": "datacenter-2",
                            "disks.#": "1",
                            "disks.0.eagerly_scrub": "false",
                            "disks.0.label": "Hard disk 1",
                            "disks.0.size": "16",
                            "disks.0.thin_provisioned": "true",
                            "disks.0.unit_number": "0",
                            "efi_secure_boot_enabled": "false",
                            "enable_disk_uuid": "false",
                            "enable_logging": "true",
                            "ept_rvi_mode": "automatic",
                            "extra_config.%": "0",
                            "firmware": "bios",
                            "guest_id": "rhel7_64Guest",
                            "guest_ip_addresses.#": "0",
                            "hardware_version": "13",
                            "hv_mode": "hvAuto",
                            "id": "4227f343-9ac7-4ffe-2747-92417304eacd",
                            "ide_controller_scan_count": "2",
                            "latency_sensitivity": "normal",
                            "memory": "4096",
                            "memory_hot_add_enabled": "false",
                            "memory_limit": "-1",
                            "memory_reservation": "0",
                            "memory_share_count": "40960",
                            "memory_share_level": "normal",
                            "name": "rhcos-4.3.8",
                            "nested_hv_enabled": "false",
                            "network_interface_types.#": "1",
                            "network_interface_types.0": "vmxnet3",
                            "num_cores_per_socket": "1",
                            "num_cpus": "2",
                            "run_tools_scripts_after_power_on": "true",
                            "run_tools_scripts_after_resume": "true",
                            "run_tools_scripts_before_guest_reboot": "false",
                            "run_tools_scripts_before_guest_shutdown": "true",
                            "run_tools_scripts_before_guest_standby": "true",
                            "sata_controller_scan_count": "0",
                            "scsi_bus_sharing": "noSharing",
                            "scsi_controller_scan_count": "1",
                            "scsi_type": "pvscsi",
                            "swap_placement_policy": "inherit",
                            "sync_time_with_host": "false",
                            "uuid": "4227f343-9ac7-4ffe-2747-92417304eacd",
                            "vapp_transport.#": "1",
                            "vapp_transport.0": "com.vmware.guestInfo"
                        },
                        "meta": {},
                        "tainted": false
                    },
                    "deposed": [],
                    "provider": "provider.vsphere"
                },
                "vsphere_virtual_machine.vm": {
                    "type": "vsphere_virtual_machine",
                    "depends_on": [
                        "data.ignition_config.ign.*",
                        "data.vsphere_datastore.datastore",
                        "data.vsphere_network.network",
                        "data.vsphere_resource_pool.pool",
                        "data.vsphere_virtual_machine.template"
                    ],
                    "primary": {
                        "id": "42279442-5806-6263-7041-42e8cba6b7e6",
                        "attributes": {
                            "alternate_guest_name": "",
                            "annotation": "",
                            "boot_delay": "30000",
                            "boot_retry_delay": "10000",
                            "boot_retry_enabled": "false",
                            "cdrom.#": "0",
                            "change_version": "2020-10-19T10:44:36.151952Z",
                            "clone.#": "1",
                            "clone.0.customize.#": "0",
                            "clone.0.linked_clone": "false",
                            "clone.0.ovf_network_map.%": "0",
                            "clone.0.ovf_storage_map.%": "0",
                            "clone.0.template_uuid": "4227f343-9ac7-4ffe-2747-92417304eacd",
                            "clone.0.timeout": "30",
                            "cpu_hot_add_enabled": "false",
                            "cpu_hot_remove_enabled": "false",
                            "cpu_limit": "-1",
                            "cpu_performance_counters_enabled": "false",
                            "cpu_reservation": "0",
                            "cpu_share_count": "4000",
                            "cpu_share_level": "normal",
                            "custom_attributes.%": "0",
                            "datastore_id": "datastore-233745",
                            "disk.#": "1",
                            "disk.0.attach": "false",
                            "disk.0.controller_type": "scsi",
                            "disk.0.datastore_id": "datastore-233745",
                            "disk.0.device_address": "scsi:0:0",
                            "disk.0.disk_mode": "persistent",
                            "disk.0.disk_sharing": "sharingNone",
                            "disk.0.eagerly_scrub": "false",
                            "disk.0.io_limit": "-1",
                            "disk.0.io_reservation": "0",
                            "disk.0.io_share_count": "1000",
                            "disk.0.io_share_level": "normal",
                            "disk.0.keep_on_remove": "false",
                            "disk.0.key": "2000",
                            "disk.0.label": "disk0",
                            "disk.0.name": "",
                            "disk.0.path": "bootstrap/bootstrap.vmdk",
                            "disk.0.size": "120",
                            "disk.0.storage_policy_id": "",
                            "disk.0.thin_provisioned": "true",
                            "disk.0.unit_number": "0",
                            "disk.0.uuid": "6000C294-c476-c2cc-3d17-77e1243c29c9",
                            "disk.0.write_through": "false",
                            "efi_secure_boot_enabled": "false",
                            "enable_disk_uuid": "true",
                            "enable_logging": "false",
                            "ept_rvi_mode": "automatic",
                            "extra_config.%": "0",
                            "firmware": "bios",
                            "folder": "desa-ocp01",
                            "force_power_off": "true",
                            "guest_id": "rhel7_64Guest",
                            "guest_ip_addresses.#": "0",
                            "hardware_version": "13",
                            "host_system_id": "host-103405",
                            "hv_mode": "hvAuto",
                            "id": "42279442-5806-6263-7041-42e8cba6b7e6",
                            "ide_controller_count": "2",
                            "latency_sensitivity": "normal",
                            "memory": "16384",
                            "memory_hot_add_enabled": "false",
                            "memory_limit": "-1",
                            "memory_reservation": "0",
                            "memory_share_count": "163840",
                            "memory_share_level": "normal",
                            "migrate_wait_timeout": "30",
                            "moid": "vm-235904",
                            "name": "bootstrap",
                            "nested_hv_enabled": "false",
                            "network_interface.#": "1",
                            "network_interface.0.adapter_type": "vmxnet3",
                            "network_interface.0.bandwidth_limit": "-1",
                            "network_interface.0.bandwidth_reservation": "0",
                            "network_interface.0.bandwidth_share_count": "50",
                            "network_interface.0.bandwidth_share_level": "normal",
                            "network_interface.0.device_address": "pci:0:7",
                            "network_interface.0.key": "4000",
                            "network_interface.0.mac_address": "00:50:56:a7:cd:2d",
                            "network_interface.0.network_id": "dvportgroup-232726",
                            "network_interface.0.ovf_mapping": "",
                            "network_interface.0.use_static_mac": "false",
                            "num_cores_per_socket": "1",
                            "num_cpus": "4",
                            "pci_device_id.#": "0",
                            "poweron_timeout": "300",
                            "reboot_required": "false",
                            "resource_pool_id": "resgroup-234836",
                            "run_tools_scripts_after_power_on": "true",
                            "run_tools_scripts_after_resume": "true",
                            "run_tools_scripts_before_guest_reboot": "false",
                            "run_tools_scripts_before_guest_shutdown": "true",
                            "run_tools_scripts_before_guest_standby": "true",
                            "sata_controller_count": "0",
                            "scsi_bus_sharing": "noSharing",
                            "scsi_controller_count": "1",
                            "scsi_type": "pvscsi",
                            "shutdown_wait_timeout": "3",
                            "storage_policy_id": "",
                            "swap_placement_policy": "inherit",
                            "sync_time_with_host": "false",
                            "tags.#": "0",
                            "uuid": "42279442-5806-6263-7041-42e8cba6b7e6",
                            "vapp.#": "1",
                            "vapp.0.properties.%": "2",
                            "vapp.0.properties.guestinfo.ignition.config.data": "eyJpZ25pdGlvbiI6eyJjb25maWciOnsiYXBwZW5kIjpbeyJzb3VyY2UiOiJodHRwOi8vYmFzdGlvbi5kZXNhLW9jcDAxLm1pbmludGVyaW9yLmdvYi5hci9pZ25pdGlvbi9ib290c3RyYXAuaWduIiwidmVyaWZpY2F0aW9uIjp7fX1dfSwidGltZW91dHMiOnt9LCJ2ZXJzaW9uIjoiMi4xLjAifSwibmV0d29ya2QiOnt9LCJwYXNzd2QiOnt9LCJzdG9yYWdlIjp7ImZpbGVzIjpbeyJmaWxlc3lzdGVtIjoicm9vdCIsImdyb3VwIjp7fSwicGF0aCI6Ii9ldGMvaG9zdG5hbWUiLCJ1c2VyIjp7fSwiY29udGVudHMiOnsic291cmNlIjoiZGF0YTp0ZXh0L3BsYWluO2NoYXJzZXQ9dXRmLTg7YmFzZTY0LFltOXZkSE4wY21Gd0xtUmxjMkV0YjJOd01ERXViV2x1YVc1MFpYSnBiM0l1WjI5aUxtRnkiLCJ2ZXJpZmljYXRpb24iOnt9fSwibW9kZSI6NDIwfSx7ImZpbGVzeXN0ZW0iOiJyb290IiwiZ3JvdXAiOnt9LCJwYXRoIjoiL2V0Yy9zeXNjb25maWcvbmV0d29yay1zY3JpcHRzL2lmY2ZnLWVuczE5MiIsInVzZXIiOnt9LCJjb250ZW50cyI6eyJzb3VyY2UiOiJkYXRhOnRleHQvcGxhaW47Y2hhcnNldD11dGYtODtiYXNlNjQsVkZsUVJUMUZkR2hsY201bGRBcENUMDlVVUZKUFZFODlibTl1WlFwT1FVMUZQV1Z1Y3pFNU1ncEVSVlpKUTBVOVpXNXpNVGt5Q2s5T1FrOVBWRDE1WlhNS1NWQkJSRVJTUFRFd0xqWXVNalEwTGpFeE5ncFFVa1ZHU1ZnOU1qUUtSMEZVUlZkQldUMHhNQzQyTGpJME5DNHhDa1JQVFVGSlRqMWtaWE5oTFc5amNEQXhMbTFwYm1sdWRHVnlhVzl5TG1kdllpNWhjZ3BFVGxNeFBURTVNaTR4TmpndU1qUXlMakV4TVFwRVRsTXlQVEU1TWk0eE5qZ3VNalF5TGpFeE1ncEVUbE16UFRFNU1pNHhOamd1TWpReUxqRXhNZ289IiwidmVyaWZpY2F0aW9uIjp7fX0sIm1vZGUiOjQyMH1dfSwic3lzdGVtZCI6eyJ1bml0cyI6W3siY29udGVudHMiOiJbVW5pdF1cbkNvbmRpdGlvbkZpcnN0Qm9vdD15ZXNcbltTZXJ2aWNlXVxuVHlwZT1pZGxlXG5FeGVjU3RhcnQ9L3NiaW4vcmVib290XG5bSW5zdGFsbF1cbldhbnRlZEJ5PW11bHRpLXVzZXIudGFyZ2V0XG4iLCJlbmFibGVkIjp0cnVlLCJuYW1lIjoicmVzdGFydC5zZXJ2aWNlIn1dfX0=",
                            "vapp.0.properties.guestinfo.ignition.config.data.encoding": "base64",
                            "vapp_transport.#": "1",
                            "vapp_transport.0": "com.vmware.guestInfo",
                            "vmware_tools_status": "guestToolsNotRunning",
                            "vmx_path": "bootstrap/bootstrap.vmx",
                            "wait_for_guest_ip_timeout": "0",
                            "wait_for_guest_net_routable": "false",
                            "wait_for_guest_net_timeout": "0"
                        },
                        "meta": {
                            "schema_version": "3"
                        },
                        "tainted": false
                    },
                    "deposed": [],
                    "provider": "provider.vsphere"
                }
            },
            "depends_on": []
        },
        {
            "path": [
                "root",
                "compute"
            ],
            "outputs": {
                "ip_addresses": {
                    "sensitive": false,
                    "type": "list",
                    "value": [
                        "10.6.244.107",
                        "10.6.244.108",
                        "10.6.244.109",
                        "10.6.244.110",
                        "10.6.244.111",
                        "10.6.244.112",
                        "10.6.244.113",
                        "10.6.244.114",
                        "10.6.244.115"
                    ]
                }
            },
            "resources": {
                "data.ignition_config.ign.0": {
                    "type": "ignition_config",
                    "depends_on": [
                        "data.ignition_file.hostname.*",
                        "data.ignition_file.static_ip.*",
                        "data.ignition_systemd_unit.restart.*"
                    ],
                    "primary": {
                        "id": "528822ded745e229d5754601a2910f891625f174ca87e22d493d59307d8c80c6",
                        "attributes": {
                            "append.#": "1",
                            "append.0.source": "http://bastion.desa-ocp01.mininterior.gob.ar/ignition/worker.ign",
                            "append.0.verification": "",
                            "files.#": "2",
                            "files.0": "abf8d9ea4d833a9252156a1e3a9667ecf17158323ce06de7769d3bd3c55a2051",
                            "files.1": "d0d53ed6ec227bb423b752006e55fd7c13463223a06db18befd321f0db16f0a4",
                            "id": "528822ded745e229d5754601a2910f891625f174ca87e22d493d59307d8c80c6",
                            "rendered": "{\"ignition\":{\"config\":{\"append\":[{\"source\":\"http://bastion.desa-ocp01.mininterior.gob.ar/ignition/worker.ign\",\"verification\":{}}]},\"timeouts\":{},\"version\":\"2.1.0\"},\"networkd\":{},\"passwd\":{},\"storage\":{\"files\":[{\"filesystem\":\"root\",\"group\":{},\"path\":\"/etc/hostname\",\"user\":{},\"contents\":{\"source\":\"data:text/plain;charset=utf-8;base64,aW5mcmEtMC5kZXNhLW9jcDAxLm1pbmludGVyaW9yLmdvYi5hcg==\",\"verification\":{}},\"mode\":420},{\"filesystem\":\"root\",\"group\":{},\"path\":\"/etc/sysconfig/network-scripts/ifcfg-ens192\",\"user\":{},\"contents\":{\"source\":\"data:text/plain;charset=utf-8;base64,VFlQRT1FdGhlcm5ldApCT09UUFJPVE89bm9uZQpOQU1FPWVuczE5MgpERVZJQ0U9ZW5zMTkyCk9OQk9PVD15ZXMKSVBBRERSPTEwLjYuMjQ0LjEwNwpQUkVGSVg9MjQKR0FURVdBWT0xMC42LjI0NC4xCkRPTUFJTj1kZXNhLW9jcDAxLm1pbmludGVyaW9yLmdvYi5hcgpETlMxPTE5Mi4xNjguMjQyLjExMQpETlMyPTE5Mi4xNjguMjQyLjExMgpETlMzPTE5Mi4xNjguMjQyLjExMgo=\",\"verification\":{}},\"mode\":420}]},\"systemd\":{\"units\":[{\"contents\":\"[Unit]\\nConditionFirstBoot=yes\\n[Service]\\nType=idle\\nExecStart=/sbin/reboot\\n[Install]\\nWantedBy=multi-user.target\\n\",\"enabled\":true,\"name\":\"restart.service\"}]}}",
                            "systemd.#": "1",
                            "systemd.0": "2b2088c1732c1d1acffcbbe6386c2952e57ca2903cec0dc24bd4cb0f42abc300"
                        },
                        "meta": {},
                        "tainted": false
                    },
                    "deposed": [],
                    "provider": "module.compute.provider.ignition"
                },
                "data.ignition_config.ign.1": {
                    "type": "ignition_config",
                    "depends_on": [
                        "data.ignition_file.hostname.*",
                        "data.ignition_file.static_ip.*",
                        "data.ignition_systemd_unit.restart.*"
                    ],
                    "primary": {
                        "id": "8959b047698af623b7798be09cb5764b9438ce443454be4cd5a7caa62f5b7fb1",
                        "attributes": {
                            "append.#": "1",
                            "append.0.source": "http://bastion.desa-ocp01.mininterior.gob.ar/ignition/worker.ign",
                            "append.0.verification": "",
                            "files.#": "2",
                            "files.0": "3b420aa81cd327690e15f848c004e0ca2a8a0e32d23d1b711029ab0c2718da20",
                            "files.1": "10cd7b521c4ee83888fa31a658915c18cb3b95bc9eb5c4fbecd4a40a70d09468",
                            "id": "8959b047698af623b7798be09cb5764b9438ce443454be4cd5a7caa62f5b7fb1",
                            "rendered": "{\"ignition\":{\"config\":{\"append\":[{\"source\":\"http://bastion.desa-ocp01.mininterior.gob.ar/ignition/worker.ign\",\"verification\":{}}]},\"timeouts\":{},\"version\":\"2.1.0\"},\"networkd\":{},\"passwd\":{},\"storage\":{\"files\":[{\"filesystem\":\"root\",\"group\":{},\"path\":\"/etc/hostname\",\"user\":{},\"contents\":{\"source\":\"data:text/plain;charset=utf-8;base64,aW5mcmEtMS5kZXNhLW9jcDAxLm1pbmludGVyaW9yLmdvYi5hcg==\",\"verification\":{}},\"mode\":420},{\"filesystem\":\"root\",\"group\":{},\"path\":\"/etc/sysconfig/network-scripts/ifcfg-ens192\",\"user\":{},\"contents\":{\"source\":\"data:text/plain;charset=utf-8;base64,VFlQRT1FdGhlcm5ldApCT09UUFJPVE89bm9uZQpOQU1FPWVuczE5MgpERVZJQ0U9ZW5zMTkyCk9OQk9PVD15ZXMKSVBBRERSPTEwLjYuMjQ0LjEwOApQUkVGSVg9MjQKR0FURVdBWT0xMC42LjI0NC4xCkRPTUFJTj1kZXNhLW9jcDAxLm1pbmludGVyaW9yLmdvYi5hcgpETlMxPTE5Mi4xNjguMjQyLjExMQpETlMyPTE5Mi4xNjguMjQyLjExMgpETlMzPTE5Mi4xNjguMjQyLjExMgo=\",\"verification\":{}},\"mode\":420}]},\"systemd\":{\"units\":[{\"contents\":\"[Unit]\\nConditionFirstBoot=yes\\n[Service]\\nType=idle\\nExecStart=/sbin/reboot\\n[Install]\\nWantedBy=multi-user.target\\n\",\"enabled\":true,\"name\":\"restart.service\"}]}}",
                            "systemd.#": "1",
                            "systemd.0": "2b2088c1732c1d1acffcbbe6386c2952e57ca2903cec0dc24bd4cb0f42abc300"
                        },
                        "meta": {},
                        "tainted": false
                    },
                    "deposed": [],
                    "provider": "module.compute.provider.ignition"
                },
                "data.ignition_config.ign.2": {
                    "type": "ignition_config",
                    "depends_on": [
                        "data.ignition_file.hostname.*",
                        "data.ignition_file.static_ip.*",
                        "data.ignition_systemd_unit.restart.*"
                    ],
                    "primary": {
                        "id": "93eea5ffc0a706bdd5ca56e2000e613c3667248f95ac644caf0fa3b44a2a9936",
                        "attributes": {
                            "append.#": "1",
                            "append.0.source": "http://bastion.desa-ocp01.mininterior.gob.ar/ignition/worker.ign",
                            "append.0.verification": "",
                            "files.#": "2",
                            "files.0": "f0644338c5d45649fabd4ebd0ab00f20d7c1f4a53f5ae2e7af4204ec8bdc1dad",
                            "files.1": "bda561b7670e354833bb29273e78028fe7991da5e48bcc645c1d53f6f63de325",
                            "id": "93eea5ffc0a706bdd5ca56e2000e613c3667248f95ac644caf0fa3b44a2a9936",
                            "rendered": "{\"ignition\":{\"config\":{\"append\":[{\"source\":\"http://bastion.desa-ocp01.mininterior.gob.ar/ignition/worker.ign\",\"verification\":{}}]},\"timeouts\":{},\"version\":\"2.1.0\"},\"networkd\":{},\"passwd\":{},\"storage\":{\"files\":[{\"filesystem\":\"root\",\"group\":{},\"path\":\"/etc/hostname\",\"user\":{},\"contents\":{\"source\":\"data:text/plain;charset=utf-8;base64,aW5mcmEtMi5kZXNhLW9jcDAxLm1pbmludGVyaW9yLmdvYi5hcg==\",\"verification\":{}},\"mode\":420},{\"filesystem\":\"root\",\"group\":{},\"path\":\"/etc/sysconfig/network-scripts/ifcfg-ens192\",\"user\":{},\"contents\":{\"source\":\"data:text/plain;charset=utf-8;base64,VFlQRT1FdGhlcm5ldApCT09UUFJPVE89bm9uZQpOQU1FPWVuczE5MgpERVZJQ0U9ZW5zMTkyCk9OQk9PVD15ZXMKSVBBRERSPTEwLjYuMjQ0LjEwOQpQUkVGSVg9MjQKR0FURVdBWT0xMC42LjI0NC4xCkRPTUFJTj1kZXNhLW9jcDAxLm1pbmludGVyaW9yLmdvYi5hcgpETlMxPTE5Mi4xNjguMjQyLjExMQpETlMyPTE5Mi4xNjguMjQyLjExMgpETlMzPTE5Mi4xNjguMjQyLjExMgo=\",\"verification\":{}},\"mode\":420}]},\"systemd\":{\"units\":[{\"contents\":\"[Unit]\\nConditionFirstBoot=yes\\n[Service]\\nType=idle\\nExecStart=/sbin/reboot\\n[Install]\\nWantedBy=multi-user.target\\n\",\"enabled\":true,\"name\":\"restart.service\"}]}}",
                            "systemd.#": "1",
                            "systemd.0": "2b2088c1732c1d1acffcbbe6386c2952e57ca2903cec0dc24bd4cb0f42abc300"
                        },
                        "meta": {},
                        "tainted": false
                    },
                    "deposed": [],
                    "provider": "module.compute.provider.ignition"
                },
                "data.ignition_config.ign.3": {
                    "type": "ignition_config",
                    "depends_on": [
                        "data.ignition_file.hostname.*",
                        "data.ignition_file.static_ip.*",
                        "data.ignition_systemd_unit.restart.*"
                    ],
                    "primary": {
                        "id": "6b03a5a8931963c8f67b98038484f520214a5334f07683b7b2676336b9a97016",
                        "attributes": {
                            "append.#": "1",
                            "append.0.source": "http://bastion.desa-ocp01.mininterior.gob.ar/ignition/worker.ign",
                            "append.0.verification": "",
                            "files.#": "2",
                            "files.0": "48049dbd176bb19eaefbb357c8986ae014e311fae618930df76b4ea9c8e3918b",
                            "files.1": "d6b146179fcaec9154d4d6c214481b974892722c7b0ba2998170fbd8cc5b5f00",
                            "id": "6b03a5a8931963c8f67b98038484f520214a5334f07683b7b2676336b9a97016",
                            "rendered": "{\"ignition\":{\"config\":{\"append\":[{\"source\":\"http://bastion.desa-ocp01.mininterior.gob.ar/ignition/worker.ign\",\"verification\":{}}]},\"timeouts\":{},\"version\":\"2.1.0\"},\"networkd\":{},\"passwd\":{},\"storage\":{\"files\":[{\"filesystem\":\"root\",\"group\":{},\"path\":\"/etc/hostname\",\"user\":{},\"contents\":{\"source\":\"data:text/plain;charset=utf-8;base64,b2NzLTAuZGVzYS1vY3AwMS5taW5pbnRlcmlvci5nb2IuYXI=\",\"verification\":{}},\"mode\":420},{\"filesystem\":\"root\",\"group\":{},\"path\":\"/etc/sysconfig/network-scripts/ifcfg-ens192\",\"user\":{},\"contents\":{\"source\":\"data:text/plain;charset=utf-8;base64,VFlQRT1FdGhlcm5ldApCT09UUFJPVE89bm9uZQpOQU1FPWVuczE5MgpERVZJQ0U9ZW5zMTkyCk9OQk9PVD15ZXMKSVBBRERSPTEwLjYuMjQ0LjExMApQUkVGSVg9MjQKR0FURVdBWT0xMC42LjI0NC4xCkRPTUFJTj1kZXNhLW9jcDAxLm1pbmludGVyaW9yLmdvYi5hcgpETlMxPTE5Mi4xNjguMjQyLjExMQpETlMyPTE5Mi4xNjguMjQyLjExMgpETlMzPTE5Mi4xNjguMjQyLjExMgo=\",\"verification\":{}},\"mode\":420}]},\"systemd\":{\"units\":[{\"contents\":\"[Unit]\\nConditionFirstBoot=yes\\n[Service]\\nType=idle\\nExecStart=/sbin/reboot\\n[Install]\\nWantedBy=multi-user.target\\n\",\"enabled\":true,\"name\":\"restart.service\"}]}}",
                            "systemd.#": "1",
                            "systemd.0": "2b2088c1732c1d1acffcbbe6386c2952e57ca2903cec0dc24bd4cb0f42abc300"
                        },
                        "meta": {},
                        "tainted": false
                    },
                    "deposed": [],
                    "provider": "module.compute.provider.ignition"
                },
                "data.ignition_config.ign.4": {
                    "type": "ignition_config",
                    "depends_on": [
                        "data.ignition_file.hostname.*",
                        "data.ignition_file.static_ip.*",
                        "data.ignition_systemd_unit.restart.*"
                    ],
                    "primary": {
                        "id": "529d5055b020ce3aeaceec942e7f0ba79673447b553a4a6d4a88f0df7cee9c29",
                        "attributes": {
                            "append.#": "1",
                            "append.0.source": "http://bastion.desa-ocp01.mininterior.gob.ar/ignition/worker.ign",
                            "append.0.verification": "",
                            "files.#": "2",
                            "files.0": "8f4d61750795ebf191d71122d7e93b089444acc96323a02ddb7703ce766acdf5",
                            "files.1": "70ee5256779582db66be4cc92117e99246e6da76b2e3005be11d2ebb406259ed",
                            "id": "529d5055b020ce3aeaceec942e7f0ba79673447b553a4a6d4a88f0df7cee9c29",
                            "rendered": "{\"ignition\":{\"config\":{\"append\":[{\"source\":\"http://bastion.desa-ocp01.mininterior.gob.ar/ignition/worker.ign\",\"verification\":{}}]},\"timeouts\":{},\"version\":\"2.1.0\"},\"networkd\":{},\"passwd\":{},\"storage\":{\"files\":[{\"filesystem\":\"root\",\"group\":{},\"path\":\"/etc/hostname\",\"user\":{},\"contents\":{\"source\":\"data:text/plain;charset=utf-8;base64,b2NzLTEuZGVzYS1vY3AwMS5taW5pbnRlcmlvci5nb2IuYXI=\",\"verification\":{}},\"mode\":420},{\"filesystem\":\"root\",\"group\":{},\"path\":\"/etc/sysconfig/network-scripts/ifcfg-ens192\",\"user\":{},\"contents\":{\"source\":\"data:text/plain;charset=utf-8;base64,VFlQRT1FdGhlcm5ldApCT09UUFJPVE89bm9uZQpOQU1FPWVuczE5MgpERVZJQ0U9ZW5zMTkyCk9OQk9PVD15ZXMKSVBBRERSPTEwLjYuMjQ0LjExMQpQUkVGSVg9MjQKR0FURVdBWT0xMC42LjI0NC4xCkRPTUFJTj1kZXNhLW9jcDAxLm1pbmludGVyaW9yLmdvYi5hcgpETlMxPTE5Mi4xNjguMjQyLjExMQpETlMyPTE5Mi4xNjguMjQyLjExMgpETlMzPTE5Mi4xNjguMjQyLjExMgo=\",\"verification\":{}},\"mode\":420}]},\"systemd\":{\"units\":[{\"contents\":\"[Unit]\\nConditionFirstBoot=yes\\n[Service]\\nType=idle\\nExecStart=/sbin/reboot\\n[Install]\\nWantedBy=multi-user.target\\n\",\"enabled\":true,\"name\":\"restart.service\"}]}}",
                            "systemd.#": "1",
                            "systemd.0": "2b2088c1732c1d1acffcbbe6386c2952e57ca2903cec0dc24bd4cb0f42abc300"
                        },
                        "meta": {},
                        "tainted": false
                    },
                    "deposed": [],
                    "provider": "module.compute.provider.ignition"
                },
                "data.ignition_config.ign.5": {
                    "type": "ignition_config",
                    "depends_on": [
                        "data.ignition_file.hostname.*",
                        "data.ignition_file.static_ip.*",
                        "data.ignition_systemd_unit.restart.*"
                    ],
                    "primary": {
                        "id": "5b60b015d14f8c02564e475b3520f763b169c59dccc8315d710170ef40a14bc4",
                        "attributes": {
                            "append.#": "1",
                            "append.0.source": "http://bastion.desa-ocp01.mininterior.gob.ar/ignition/worker.ign",
                            "append.0.verification": "",
                            "files.#": "2",
                            "files.0": "cf781be50acefb571ca634264c3ffe1303d43a4e94de797dc471b256bb041d3d",
                            "files.1": "4f2e1fb07409c614031598c30ad5d38f40ebf2e2bbdac82333e9cb2ce3d17670",
                            "id": "5b60b015d14f8c02564e475b3520f763b169c59dccc8315d710170ef40a14bc4",
                            "rendered": "{\"ignition\":{\"config\":{\"append\":[{\"source\":\"http://bastion.desa-ocp01.mininterior.gob.ar/ignition/worker.ign\",\"verification\":{}}]},\"timeouts\":{},\"version\":\"2.1.0\"},\"networkd\":{},\"passwd\":{},\"storage\":{\"files\":[{\"filesystem\":\"root\",\"group\":{},\"path\":\"/etc/hostname\",\"user\":{},\"contents\":{\"source\":\"data:text/plain;charset=utf-8;base64,b2NzLTIuZGVzYS1vY3AwMS5taW5pbnRlcmlvci5nb2IuYXI=\",\"verification\":{}},\"mode\":420},{\"filesystem\":\"root\",\"group\":{},\"path\":\"/etc/sysconfig/network-scripts/ifcfg-ens192\",\"user\":{},\"contents\":{\"source\":\"data:text/plain;charset=utf-8;base64,VFlQRT1FdGhlcm5ldApCT09UUFJPVE89bm9uZQpOQU1FPWVuczE5MgpERVZJQ0U9ZW5zMTkyCk9OQk9PVD15ZXMKSVBBRERSPTEwLjYuMjQ0LjExMgpQUkVGSVg9MjQKR0FURVdBWT0xMC42LjI0NC4xCkRPTUFJTj1kZXNhLW9jcDAxLm1pbmludGVyaW9yLmdvYi5hcgpETlMxPTE5Mi4xNjguMjQyLjExMQpETlMyPTE5Mi4xNjguMjQyLjExMgpETlMzPTE5Mi4xNjguMjQyLjExMgo=\",\"verification\":{}},\"mode\":420}]},\"systemd\":{\"units\":[{\"contents\":\"[Unit]\\nConditionFirstBoot=yes\\n[Service]\\nType=idle\\nExecStart=/sbin/reboot\\n[Install]\\nWantedBy=multi-user.target\\n\",\"enabled\":true,\"name\":\"restart.service\"}]}}",
                            "systemd.#": "1",
                            "systemd.0": "2b2088c1732c1d1acffcbbe6386c2952e57ca2903cec0dc24bd4cb0f42abc300"
                        },
                        "meta": {},
                        "tainted": false
                    },
                    "deposed": [],
                    "provider": "module.compute.provider.ignition"
                },
                "data.ignition_config.ign.6": {
                    "type": "ignition_config",
                    "depends_on": [
                        "data.ignition_file.hostname.*",
                        "data.ignition_file.static_ip.*",
                        "data.ignition_systemd_unit.restart.*"
                    ],
                    "primary": {
                        "id": "b2924c936e24f77facb27a3180f8be403f711254950d9beb7f6531d2f6a7ec48",
                        "attributes": {
                            "append.#": "1",
                            "append.0.source": "http://bastion.desa-ocp01.mininterior.gob.ar/ignition/worker.ign",
                            "append.0.verification": "",
                            "files.#": "2",
                            "files.0": "0a4f27092c1ea1803c20d1fde6a50e15a4379554b62ad15e85c984839a91f784",
                            "files.1": "90d9564a6e595e53e45a6134fba0c64c627814e9c6a84afd271162eb8fc95e78",
                            "id": "b2924c936e24f77facb27a3180f8be403f711254950d9beb7f6531d2f6a7ec48",
                            "rendered": "{\"ignition\":{\"config\":{\"append\":[{\"source\":\"http://bastion.desa-ocp01.mininterior.gob.ar/ignition/worker.ign\",\"verification\":{}}]},\"timeouts\":{},\"version\":\"2.1.0\"},\"networkd\":{},\"passwd\":{},\"storage\":{\"files\":[{\"filesystem\":\"root\",\"group\":{},\"path\":\"/etc/hostname\",\"user\":{},\"contents\":{\"source\":\"data:text/plain;charset=utf-8;base64,d29ya2VyLTAuZGVzYS1vY3AwMS5taW5pbnRlcmlvci5nb2IuYXI=\",\"verification\":{}},\"mode\":420},{\"filesystem\":\"root\",\"group\":{},\"path\":\"/etc/sysconfig/network-scripts/ifcfg-ens192\",\"user\":{},\"contents\":{\"source\":\"data:text/plain;charset=utf-8;base64,VFlQRT1FdGhlcm5ldApCT09UUFJPVE89bm9uZQpOQU1FPWVuczE5MgpERVZJQ0U9ZW5zMTkyCk9OQk9PVD15ZXMKSVBBRERSPTEwLjYuMjQ0LjExMwpQUkVGSVg9MjQKR0FURVdBWT0xMC42LjI0NC4xCkRPTUFJTj1kZXNhLW9jcDAxLm1pbmludGVyaW9yLmdvYi5hcgpETlMxPTE5Mi4xNjguMjQyLjExMQpETlMyPTE5Mi4xNjguMjQyLjExMgpETlMzPTE5Mi4xNjguMjQyLjExMgo=\",\"verification\":{}},\"mode\":420}]},\"systemd\":{\"units\":[{\"contents\":\"[Unit]\\nConditionFirstBoot=yes\\n[Service]\\nType=idle\\nExecStart=/sbin/reboot\\n[Install]\\nWantedBy=multi-user.target\\n\",\"enabled\":true,\"name\":\"restart.service\"}]}}",
                            "systemd.#": "1",
                            "systemd.0": "2b2088c1732c1d1acffcbbe6386c2952e57ca2903cec0dc24bd4cb0f42abc300"
                        },
                        "meta": {},
                        "tainted": false
                    },
                    "deposed": [],
                    "provider": "module.compute.provider.ignition"
                },
                "data.ignition_config.ign.7": {
                    "type": "ignition_config",
                    "depends_on": [
                        "data.ignition_file.hostname.*",
                        "data.ignition_file.static_ip.*",
                        "data.ignition_systemd_unit.restart.*"
                    ],
                    "primary": {
                        "id": "ce0140a8840b09b2d258ea8fdcd92871e2c9b4682e80ef3aa95f1f69c709f2cc",
                        "attributes": {
                            "append.#": "1",
                            "append.0.source": "http://bastion.desa-ocp01.mininterior.gob.ar/ignition/worker.ign",
                            "append.0.verification": "",
                            "files.#": "2",
                            "files.0": "2cb15208a18792fc97221adea98cd7310e701fd96996ac496ef9f6252fff75e9",
                            "files.1": "f155e8d09a312f62d02f0d56a4f876a81bab2668d766f1f63f909cb01358d807",
                            "id": "ce0140a8840b09b2d258ea8fdcd92871e2c9b4682e80ef3aa95f1f69c709f2cc",
                            "rendered": "{\"ignition\":{\"config\":{\"append\":[{\"source\":\"http://bastion.desa-ocp01.mininterior.gob.ar/ignition/worker.ign\",\"verification\":{}}]},\"timeouts\":{},\"version\":\"2.1.0\"},\"networkd\":{},\"passwd\":{},\"storage\":{\"files\":[{\"filesystem\":\"root\",\"group\":{},\"path\":\"/etc/hostname\",\"user\":{},\"contents\":{\"source\":\"data:text/plain;charset=utf-8;base64,d29ya2VyLTEuZGVzYS1vY3AwMS5taW5pbnRlcmlvci5nb2IuYXI=\",\"verification\":{}},\"mode\":420},{\"filesystem\":\"root\",\"group\":{},\"path\":\"/etc/sysconfig/network-scripts/ifcfg-ens192\",\"user\":{},\"contents\":{\"source\":\"data:text/plain;charset=utf-8;base64,VFlQRT1FdGhlcm5ldApCT09UUFJPVE89bm9uZQpOQU1FPWVuczE5MgpERVZJQ0U9ZW5zMTkyCk9OQk9PVD15ZXMKSVBBRERSPTEwLjYuMjQ0LjExNApQUkVGSVg9MjQKR0FURVdBWT0xMC42LjI0NC4xCkRPTUFJTj1kZXNhLW9jcDAxLm1pbmludGVyaW9yLmdvYi5hcgpETlMxPTE5Mi4xNjguMjQyLjExMQpETlMyPTE5Mi4xNjguMjQyLjExMgpETlMzPTE5Mi4xNjguMjQyLjExMgo=\",\"verification\":{}},\"mode\":420}]},\"systemd\":{\"units\":[{\"contents\":\"[Unit]\\nConditionFirstBoot=yes\\n[Service]\\nType=idle\\nExecStart=/sbin/reboot\\n[Install]\\nWantedBy=multi-user.target\\n\",\"enabled\":true,\"name\":\"restart.service\"}]}}",
                            "systemd.#": "1",
                            "systemd.0": "2b2088c1732c1d1acffcbbe6386c2952e57ca2903cec0dc24bd4cb0f42abc300"
                        },
                        "meta": {},
                        "tainted": false
                    },
                    "deposed": [],
                    "provider": "module.compute.provider.ignition"
                },
                "data.ignition_config.ign.8": {
                    "type": "ignition_config",
                    "depends_on": [
                        "data.ignition_file.hostname.*",
                        "data.ignition_file.static_ip.*",
                        "data.ignition_systemd_unit.restart.*"
                    ],
                    "primary": {
                        "id": "722d03b92ede7f3e86e48cfecdad213b7e5402edc350e16835cac06d0bd92e8e",
                        "attributes": {
                            "append.#": "1",
                            "append.0.source": "http://bastion.desa-ocp01.mininterior.gob.ar/ignition/worker.ign",
                            "append.0.verification": "",
                            "files.#": "2",
                            "files.0": "e940ba028f8a435b700303f13e3bd56b353d3b4b44c8aef2b274452939f21da9",
                            "files.1": "bb684f8d4c69a1f2e32fe0579474f7d202e6159065ffc574dae71e524898f7fa",
                            "id": "722d03b92ede7f3e86e48cfecdad213b7e5402edc350e16835cac06d0bd92e8e",
                            "rendered": "{\"ignition\":{\"config\":{\"append\":[{\"source\":\"http://bastion.desa-ocp01.mininterior.gob.ar/ignition/worker.ign\",\"verification\":{}}]},\"timeouts\":{},\"version\":\"2.1.0\"},\"networkd\":{},\"passwd\":{},\"storage\":{\"files\":[{\"filesystem\":\"root\",\"group\":{},\"path\":\"/etc/hostname\",\"user\":{},\"contents\":{\"source\":\"data:text/plain;charset=utf-8;base64,d29ya2VyLTIuZGVzYS1vY3AwMS5taW5pbnRlcmlvci5nb2IuYXI=\",\"verification\":{}},\"mode\":420},{\"filesystem\":\"root\",\"group\":{},\"path\":\"/etc/sysconfig/network-scripts/ifcfg-ens192\",\"user\":{},\"contents\":{\"source\":\"data:text/plain;charset=utf-8;base64,VFlQRT1FdGhlcm5ldApCT09UUFJPVE89bm9uZQpOQU1FPWVuczE5MgpERVZJQ0U9ZW5zMTkyCk9OQk9PVD15ZXMKSVBBRERSPTEwLjYuMjQ0LjExNQpQUkVGSVg9MjQKR0FURVdBWT0xMC42LjI0NC4xCkRPTUFJTj1kZXNhLW9jcDAxLm1pbmludGVyaW9yLmdvYi5hcgpETlMxPTE5Mi4xNjguMjQyLjExMQpETlMyPTE5Mi4xNjguMjQyLjExMgpETlMzPTE5Mi4xNjguMjQyLjExMgo=\",\"verification\":{}},\"mode\":420}]},\"systemd\":{\"units\":[{\"contents\":\"[Unit]\\nConditionFirstBoot=yes\\n[Service]\\nType=idle\\nExecStart=/sbin/reboot\\n[Install]\\nWantedBy=multi-user.target\\n\",\"enabled\":true,\"name\":\"restart.service\"}]}}",
                            "systemd.#": "1",
                            "systemd.0": "2b2088c1732c1d1acffcbbe6386c2952e57ca2903cec0dc24bd4cb0f42abc300"
                        },
                        "meta": {},
                        "tainted": false
                    },
                    "deposed": [],
                    "provider": "module.compute.provider.ignition"
                },
                "data.ignition_file.hostname.0": {
                    "type": "ignition_file",
                    "depends_on": [],
                    "primary": {
                        "id": "abf8d9ea4d833a9252156a1e3a9667ecf17158323ce06de7769d3bd3c55a2051",
                        "attributes": {
                            "content.#": "1",
                            "content.0.content": "infra-0.desa-ocp01.mininterior.gob.ar",
                            "content.0.mime": "text/plain",
                            "filesystem": "root",
                            "id": "abf8d9ea4d833a9252156a1e3a9667ecf17158323ce06de7769d3bd3c55a2051",
                            "mode": "420",
                            "path": "/etc/hostname"
                        },
                        "meta": {},
                        "tainted": false
                    },
                    "deposed": [],
                    "provider": "module.compute.provider.ignition"
                },
                "data.ignition_file.hostname.1": {
                    "type": "ignition_file",
                    "depends_on": [],
                    "primary": {
                        "id": "3b420aa81cd327690e15f848c004e0ca2a8a0e32d23d1b711029ab0c2718da20",
                        "attributes": {
                            "content.#": "1",
                            "content.0.content": "infra-1.desa-ocp01.mininterior.gob.ar",
                            "content.0.mime": "text/plain",
                            "filesystem": "root",
                            "id": "3b420aa81cd327690e15f848c004e0ca2a8a0e32d23d1b711029ab0c2718da20",
                            "mode": "420",
                            "path": "/etc/hostname"
                        },
                        "meta": {},
                        "tainted": false
                    },
                    "deposed": [],
                    "provider": "module.compute.provider.ignition"
                },
                "data.ignition_file.hostname.2": {
                    "type": "ignition_file",
                    "depends_on": [],
                    "primary": {
                        "id": "f0644338c5d45649fabd4ebd0ab00f20d7c1f4a53f5ae2e7af4204ec8bdc1dad",
                        "attributes": {
                            "content.#": "1",
                            "content.0.content": "infra-2.desa-ocp01.mininterior.gob.ar",
                            "content.0.mime": "text/plain",
                            "filesystem": "root",
                            "id": "f0644338c5d45649fabd4ebd0ab00f20d7c1f4a53f5ae2e7af4204ec8bdc1dad",
                            "mode": "420",
                            "path": "/etc/hostname"
                        },
                        "meta": {},
                        "tainted": false
                    },
                    "deposed": [],
                    "provider": "module.compute.provider.ignition"
                },
                "data.ignition_file.hostname.3": {
                    "type": "ignition_file",
                    "depends_on": [],
                    "primary": {
                        "id": "48049dbd176bb19eaefbb357c8986ae014e311fae618930df76b4ea9c8e3918b",
                        "attributes": {
                            "content.#": "1",
                            "content.0.content": "ocs-0.desa-ocp01.mininterior.gob.ar",
                            "content.0.mime": "text/plain",
                            "filesystem": "root",
                            "id": "48049dbd176bb19eaefbb357c8986ae014e311fae618930df76b4ea9c8e3918b",
                            "mode": "420",
                            "path": "/etc/hostname"
                        },
                        "meta": {},
                        "tainted": false
                    },
                    "deposed": [],
                    "provider": "module.compute.provider.ignition"
                },
                "data.ignition_file.hostname.4": {
                    "type": "ignition_file",
                    "depends_on": [],
                    "primary": {
                        "id": "8f4d61750795ebf191d71122d7e93b089444acc96323a02ddb7703ce766acdf5",
                        "attributes": {
                            "content.#": "1",
                            "content.0.content": "ocs-1.desa-ocp01.mininterior.gob.ar",
                            "content.0.mime": "text/plain",
                            "filesystem": "root",
                            "id": "8f4d61750795ebf191d71122d7e93b089444acc96323a02ddb7703ce766acdf5",
                            "mode": "420",
                            "path": "/etc/hostname"
                        },
                        "meta": {},
                        "tainted": false
                    },
                    "deposed": [],
                    "provider": "module.compute.provider.ignition"
                },
                "data.ignition_file.hostname.5": {
                    "type": "ignition_file",
                    "depends_on": [],
                    "primary": {
                        "id": "cf781be50acefb571ca634264c3ffe1303d43a4e94de797dc471b256bb041d3d",
                        "attributes": {
                            "content.#": "1",
                            "content.0.content": "ocs-2.desa-ocp01.mininterior.gob.ar",
                            "content.0.mime": "text/plain",
                            "filesystem": "root",
                            "id": "cf781be50acefb571ca634264c3ffe1303d43a4e94de797dc471b256bb041d3d",
                            "mode": "420",
                            "path": "/etc/hostname"
                        },
                        "meta": {},
                        "tainted": false
                    },
                    "deposed": [],
                    "provider": "module.compute.provider.ignition"
                },
                "data.ignition_file.hostname.6": {
                    "type": "ignition_file",
                    "depends_on": [],
                    "primary": {
                        "id": "0a4f27092c1ea1803c20d1fde6a50e15a4379554b62ad15e85c984839a91f784",
                        "attributes": {
                            "content.#": "1",
                            "content.0.content": "worker-0.desa-ocp01.mininterior.gob.ar",
                            "content.0.mime": "text/plain",
                            "filesystem": "root",
                            "id": "0a4f27092c1ea1803c20d1fde6a50e15a4379554b62ad15e85c984839a91f784",
                            "mode": "420",
                            "path": "/etc/hostname"
                        },
                        "meta": {},
                        "tainted": false
                    },
                    "deposed": [],
                    "provider": "module.compute.provider.ignition"
                },
                "data.ignition_file.hostname.7": {
                    "type": "ignition_file",
                    "depends_on": [],
                    "primary": {
                        "id": "2cb15208a18792fc97221adea98cd7310e701fd96996ac496ef9f6252fff75e9",
                        "attributes": {
                            "content.#": "1",
                            "content.0.content": "worker-1.desa-ocp01.mininterior.gob.ar",
                            "content.0.mime": "text/plain",
                            "filesystem": "root",
                            "id": "2cb15208a18792fc97221adea98cd7310e701fd96996ac496ef9f6252fff75e9",
                            "mode": "420",
                            "path": "/etc/hostname"
                        },
                        "meta": {},
                        "tainted": false
                    },
                    "deposed": [],
                    "provider": "module.compute.provider.ignition"
                },
                "data.ignition_file.hostname.8": {
                    "type": "ignition_file",
                    "depends_on": [],
                    "primary": {
                        "id": "e940ba028f8a435b700303f13e3bd56b353d3b4b44c8aef2b274452939f21da9",
                        "attributes": {
                            "content.#": "1",
                            "content.0.content": "worker-2.desa-ocp01.mininterior.gob.ar",
                            "content.0.mime": "text/plain",
                            "filesystem": "root",
                            "id": "e940ba028f8a435b700303f13e3bd56b353d3b4b44c8aef2b274452939f21da9",
                            "mode": "420",
                            "path": "/etc/hostname"
                        },
                        "meta": {},
                        "tainted": false
                    },
                    "deposed": [],
                    "provider": "module.compute.provider.ignition"
                },
                "data.ignition_file.static_ip.0": {
                    "type": "ignition_file",
                    "depends_on": [
                        "local.ip_addresses",
                        "local.mask"
                    ],
                    "primary": {
                        "id": "d0d53ed6ec227bb423b752006e55fd7c13463223a06db18befd321f0db16f0a4",
                        "attributes": {
                            "content.#": "1",
                            "content.0.content": "TYPE=Ethernet\nBOOTPROTO=none\nNAME=ens192\nDEVICE=ens192\nONBOOT=yes\nIPADDR=10.6.244.107\nPREFIX=24\nGATEWAY=10.6.244.1\nDOMAIN=desa-ocp01.mininterior.gob.ar\nDNS1=192.168.242.111\nDNS2=192.168.242.112\nDNS3=192.168.242.112\n",
                            "content.0.mime": "text/plain",
                            "filesystem": "root",
                            "id": "d0d53ed6ec227bb423b752006e55fd7c13463223a06db18befd321f0db16f0a4",
                            "mode": "420",
                            "path": "/etc/sysconfig/network-scripts/ifcfg-ens192"
                        },
                        "meta": {},
                        "tainted": false
                    },
                    "deposed": [],
                    "provider": "module.compute.provider.ignition"
                },
                "data.ignition_file.static_ip.1": {
                    "type": "ignition_file",
                    "depends_on": [
                        "local.ip_addresses",
                        "local.mask"
                    ],
                    "primary": {
                        "id": "10cd7b521c4ee83888fa31a658915c18cb3b95bc9eb5c4fbecd4a40a70d09468",
                        "attributes": {
                            "content.#": "1",
                            "content.0.content": "TYPE=Ethernet\nBOOTPROTO=none\nNAME=ens192\nDEVICE=ens192\nONBOOT=yes\nIPADDR=10.6.244.108\nPREFIX=24\nGATEWAY=10.6.244.1\nDOMAIN=desa-ocp01.mininterior.gob.ar\nDNS1=192.168.242.111\nDNS2=192.168.242.112\nDNS3=192.168.242.112\n",
                            "content.0.mime": "text/plain",
                            "filesystem": "root",
                            "id": "10cd7b521c4ee83888fa31a658915c18cb3b95bc9eb5c4fbecd4a40a70d09468",
                            "mode": "420",
                            "path": "/etc/sysconfig/network-scripts/ifcfg-ens192"
                        },
                        "meta": {},
                        "tainted": false
                    },
                    "deposed": [],
                    "provider": "module.compute.provider.ignition"
                },
                "data.ignition_file.static_ip.2": {
                    "type": "ignition_file",
                    "depends_on": [
                        "local.ip_addresses",
                        "local.mask"
                    ],
                    "primary": {
                        "id": "bda561b7670e354833bb29273e78028fe7991da5e48bcc645c1d53f6f63de325",
                        "attributes": {
                            "content.#": "1",
                            "content.0.content": "TYPE=Ethernet\nBOOTPROTO=none\nNAME=ens192\nDEVICE=ens192\nONBOOT=yes\nIPADDR=10.6.244.109\nPREFIX=24\nGATEWAY=10.6.244.1\nDOMAIN=desa-ocp01.mininterior.gob.ar\nDNS1=192.168.242.111\nDNS2=192.168.242.112\nDNS3=192.168.242.112\n",
                            "content.0.mime": "text/plain",
                            "filesystem": "root",
                            "id": "bda561b7670e354833bb29273e78028fe7991da5e48bcc645c1d53f6f63de325",
                            "mode": "420",
                            "path": "/etc/sysconfig/network-scripts/ifcfg-ens192"
                        },
                        "meta": {},
                        "tainted": false
                    },
                    "deposed": [],
                    "provider": "module.compute.provider.ignition"
                },
                "data.ignition_file.static_ip.3": {
                    "type": "ignition_file",
                    "depends_on": [
                        "local.ip_addresses",
                        "local.mask"
                    ],
                    "primary": {
                        "id": "d6b146179fcaec9154d4d6c214481b974892722c7b0ba2998170fbd8cc5b5f00",
                        "attributes": {
                            "content.#": "1",
                            "content.0.content": "TYPE=Ethernet\nBOOTPROTO=none\nNAME=ens192\nDEVICE=ens192\nONBOOT=yes\nIPADDR=10.6.244.110\nPREFIX=24\nGATEWAY=10.6.244.1\nDOMAIN=desa-ocp01.mininterior.gob.ar\nDNS1=192.168.242.111\nDNS2=192.168.242.112\nDNS3=192.168.242.112\n",
                            "content.0.mime": "text/plain",
                            "filesystem": "root",
                            "id": "d6b146179fcaec9154d4d6c214481b974892722c7b0ba2998170fbd8cc5b5f00",
                            "mode": "420",
                            "path": "/etc/sysconfig/network-scripts/ifcfg-ens192"
                        },
                        "meta": {},
                        "tainted": false
                    },
                    "deposed": [],
                    "provider": "module.compute.provider.ignition"
                },
                "data.ignition_file.static_ip.4": {
                    "type": "ignition_file",
                    "depends_on": [
                        "local.ip_addresses",
                        "local.mask"
                    ],
                    "primary": {
                        "id": "70ee5256779582db66be4cc92117e99246e6da76b2e3005be11d2ebb406259ed",
                        "attributes": {
                            "content.#": "1",
                            "content.0.content": "TYPE=Ethernet\nBOOTPROTO=none\nNAME=ens192\nDEVICE=ens192\nONBOOT=yes\nIPADDR=10.6.244.111\nPREFIX=24\nGATEWAY=10.6.244.1\nDOMAIN=desa-ocp01.mininterior.gob.ar\nDNS1=192.168.242.111\nDNS2=192.168.242.112\nDNS3=192.168.242.112\n",
                            "content.0.mime": "text/plain",
                            "filesystem": "root",
                            "id": "70ee5256779582db66be4cc92117e99246e6da76b2e3005be11d2ebb406259ed",
                            "mode": "420",
                            "path": "/etc/sysconfig/network-scripts/ifcfg-ens192"
                        },
                        "meta": {},
                        "tainted": false
                    },
                    "deposed": [],
                    "provider": "module.compute.provider.ignition"
                },
                "data.ignition_file.static_ip.5": {
                    "type": "ignition_file",
                    "depends_on": [
                        "local.ip_addresses",
                        "local.mask"
                    ],
                    "primary": {
                        "id": "4f2e1fb07409c614031598c30ad5d38f40ebf2e2bbdac82333e9cb2ce3d17670",
                        "attributes": {
                            "content.#": "1",
                            "content.0.content": "TYPE=Ethernet\nBOOTPROTO=none\nNAME=ens192\nDEVICE=ens192\nONBOOT=yes\nIPADDR=10.6.244.112\nPREFIX=24\nGATEWAY=10.6.244.1\nDOMAIN=desa-ocp01.mininterior.gob.ar\nDNS1=192.168.242.111\nDNS2=192.168.242.112\nDNS3=192.168.242.112\n",
                            "content.0.mime": "text/plain",
                            "filesystem": "root",
                            "id": "4f2e1fb07409c614031598c30ad5d38f40ebf2e2bbdac82333e9cb2ce3d17670",
                            "mode": "420",
                            "path": "/etc/sysconfig/network-scripts/ifcfg-ens192"
                        },
                        "meta": {},
                        "tainted": false
                    },
                    "deposed": [],
                    "provider": "module.compute.provider.ignition"
                },
                "data.ignition_file.static_ip.6": {
                    "type": "ignition_file",
                    "depends_on": [
                        "local.ip_addresses",
                        "local.mask"
                    ],
                    "primary": {
                        "id": "90d9564a6e595e53e45a6134fba0c64c627814e9c6a84afd271162eb8fc95e78",
                        "attributes": {
                            "content.#": "1",
                            "content.0.content": "TYPE=Ethernet\nBOOTPROTO=none\nNAME=ens192\nDEVICE=ens192\nONBOOT=yes\nIPADDR=10.6.244.113\nPREFIX=24\nGATEWAY=10.6.244.1\nDOMAIN=desa-ocp01.mininterior.gob.ar\nDNS1=192.168.242.111\nDNS2=192.168.242.112\nDNS3=192.168.242.112\n",
                            "content.0.mime": "text/plain",
                            "filesystem": "root",
                            "id": "90d9564a6e595e53e45a6134fba0c64c627814e9c6a84afd271162eb8fc95e78",
                            "mode": "420",
                            "path": "/etc/sysconfig/network-scripts/ifcfg-ens192"
                        },
                        "meta": {},
                        "tainted": false
                    },
                    "deposed": [],
                    "provider": "module.compute.provider.ignition"
                },
                "data.ignition_file.static_ip.7": {
                    "type": "ignition_file",
                    "depends_on": [
                        "local.ip_addresses",
                        "local.mask"
                    ],
                    "primary": {
                        "id": "f155e8d09a312f62d02f0d56a4f876a81bab2668d766f1f63f909cb01358d807",
                        "attributes": {
                            "content.#": "1",
                            "content.0.content": "TYPE=Ethernet\nBOOTPROTO=none\nNAME=ens192\nDEVICE=ens192\nONBOOT=yes\nIPADDR=10.6.244.114\nPREFIX=24\nGATEWAY=10.6.244.1\nDOMAIN=desa-ocp01.mininterior.gob.ar\nDNS1=192.168.242.111\nDNS2=192.168.242.112\nDNS3=192.168.242.112\n",
                            "content.0.mime": "text/plain",
                            "filesystem": "root",
                            "id": "f155e8d09a312f62d02f0d56a4f876a81bab2668d766f1f63f909cb01358d807",
                            "mode": "420",
                            "path": "/etc/sysconfig/network-scripts/ifcfg-ens192"
                        },
                        "meta": {},
                        "tainted": false
                    },
                    "deposed": [],
                    "provider": "module.compute.provider.ignition"
                },
                "data.ignition_file.static_ip.8": {
                    "type": "ignition_file",
                    "depends_on": [
                        "local.ip_addresses",
                        "local.mask"
                    ],
                    "primary": {
                        "id": "bb684f8d4c69a1f2e32fe0579474f7d202e6159065ffc574dae71e524898f7fa",
                        "attributes": {
                            "content.#": "1",
                            "content.0.content": "TYPE=Ethernet\nBOOTPROTO=none\nNAME=ens192\nDEVICE=ens192\nONBOOT=yes\nIPADDR=10.6.244.115\nPREFIX=24\nGATEWAY=10.6.244.1\nDOMAIN=desa-ocp01.mininterior.gob.ar\nDNS1=192.168.242.111\nDNS2=192.168.242.112\nDNS3=192.168.242.112\n",
                            "content.0.mime": "text/plain",
                            "filesystem": "root",
                            "id": "bb684f8d4c69a1f2e32fe0579474f7d202e6159065ffc574dae71e524898f7fa",
                            "mode": "420",
                            "path": "/etc/sysconfig/network-scripts/ifcfg-ens192"
                        },
                        "meta": {},
                        "tainted": false
                    },
                    "deposed": [],
                    "provider": "module.compute.provider.ignition"
                },
                "data.ignition_systemd_unit.restart.0": {
                    "type": "ignition_systemd_unit",
                    "depends_on": [],
                    "primary": {
                        "id": "2b2088c1732c1d1acffcbbe6386c2952e57ca2903cec0dc24bd4cb0f42abc300",
                        "attributes": {
                            "content": "[Unit]\nConditionFirstBoot=yes\n[Service]\nType=idle\nExecStart=/sbin/reboot\n[Install]\nWantedBy=multi-user.target\n",
                            "enabled": "true",
                            "id": "2b2088c1732c1d1acffcbbe6386c2952e57ca2903cec0dc24bd4cb0f42abc300",
                            "name": "restart.service"
                        },
                        "meta": {},
                        "tainted": false
                    },
                    "deposed": [],
                    "provider": "module.compute.provider.ignition"
                },
                "data.ignition_systemd_unit.restart.1": {
                    "type": "ignition_systemd_unit",
                    "depends_on": [],
                    "primary": {
                        "id": "2b2088c1732c1d1acffcbbe6386c2952e57ca2903cec0dc24bd4cb0f42abc300",
                        "attributes": {
                            "content": "[Unit]\nConditionFirstBoot=yes\n[Service]\nType=idle\nExecStart=/sbin/reboot\n[Install]\nWantedBy=multi-user.target\n",
                            "enabled": "true",
                            "id": "2b2088c1732c1d1acffcbbe6386c2952e57ca2903cec0dc24bd4cb0f42abc300",
                            "name": "restart.service"
                        },
                        "meta": {},
                        "tainted": false
                    },
                    "deposed": [],
                    "provider": "module.compute.provider.ignition"
                },
                "data.ignition_systemd_unit.restart.2": {
                    "type": "ignition_systemd_unit",
                    "depends_on": [],
                    "primary": {
                        "id": "2b2088c1732c1d1acffcbbe6386c2952e57ca2903cec0dc24bd4cb0f42abc300",
                        "attributes": {
                            "content": "[Unit]\nConditionFirstBoot=yes\n[Service]\nType=idle\nExecStart=/sbin/reboot\n[Install]\nWantedBy=multi-user.target\n",
                            "enabled": "true",
                            "id": "2b2088c1732c1d1acffcbbe6386c2952e57ca2903cec0dc24bd4cb0f42abc300",
                            "name": "restart.service"
                        },
                        "meta": {},
                        "tainted": false
                    },
                    "deposed": [],
                    "provider": "module.compute.provider.ignition"
                },
                "data.ignition_systemd_unit.restart.3": {
                    "type": "ignition_systemd_unit",
                    "depends_on": [],
                    "primary": {
                        "id": "2b2088c1732c1d1acffcbbe6386c2952e57ca2903cec0dc24bd4cb0f42abc300",
                        "attributes": {
                            "content": "[Unit]\nConditionFirstBoot=yes\n[Service]\nType=idle\nExecStart=/sbin/reboot\n[Install]\nWantedBy=multi-user.target\n",
                            "enabled": "true",
                            "id": "2b2088c1732c1d1acffcbbe6386c2952e57ca2903cec0dc24bd4cb0f42abc300",
                            "name": "restart.service"
                        },
                        "meta": {},
                        "tainted": false
                    },
                    "deposed": [],
                    "provider": "module.compute.provider.ignition"
                },
                "data.ignition_systemd_unit.restart.4": {
                    "type": "ignition_systemd_unit",
                    "depends_on": [],
                    "primary": {
                        "id": "2b2088c1732c1d1acffcbbe6386c2952e57ca2903cec0dc24bd4cb0f42abc300",
                        "attributes": {
                            "content": "[Unit]\nConditionFirstBoot=yes\n[Service]\nType=idle\nExecStart=/sbin/reboot\n[Install]\nWantedBy=multi-user.target\n",
                            "enabled": "true",
                            "id": "2b2088c1732c1d1acffcbbe6386c2952e57ca2903cec0dc24bd4cb0f42abc300",
                            "name": "restart.service"
                        },
                        "meta": {},
                        "tainted": false
                    },
                    "deposed": [],
                    "provider": "module.compute.provider.ignition"
                },
                "data.ignition_systemd_unit.restart.5": {
                    "type": "ignition_systemd_unit",
                    "depends_on": [],
                    "primary": {
                        "id": "2b2088c1732c1d1acffcbbe6386c2952e57ca2903cec0dc24bd4cb0f42abc300",
                        "attributes": {
                            "content": "[Unit]\nConditionFirstBoot=yes\n[Service]\nType=idle\nExecStart=/sbin/reboot\n[Install]\nWantedBy=multi-user.target\n",
                            "enabled": "true",
                            "id": "2b2088c1732c1d1acffcbbe6386c2952e57ca2903cec0dc24bd4cb0f42abc300",
                            "name": "restart.service"
                        },
                        "meta": {},
                        "tainted": false
                    },
                    "deposed": [],
                    "provider": "module.compute.provider.ignition"
                },
                "data.ignition_systemd_unit.restart.6": {
                    "type": "ignition_systemd_unit",
                    "depends_on": [],
                    "primary": {
                        "id": "2b2088c1732c1d1acffcbbe6386c2952e57ca2903cec0dc24bd4cb0f42abc300",
                        "attributes": {
                            "content": "[Unit]\nConditionFirstBoot=yes\n[Service]\nType=idle\nExecStart=/sbin/reboot\n[Install]\nWantedBy=multi-user.target\n",
                            "enabled": "true",
                            "id": "2b2088c1732c1d1acffcbbe6386c2952e57ca2903cec0dc24bd4cb0f42abc300",
                            "name": "restart.service"
                        },
                        "meta": {},
                        "tainted": false
                    },
                    "deposed": [],
                    "provider": "module.compute.provider.ignition"
                },
                "data.ignition_systemd_unit.restart.7": {
                    "type": "ignition_systemd_unit",
                    "depends_on": [],
                    "primary": {
                        "id": "2b2088c1732c1d1acffcbbe6386c2952e57ca2903cec0dc24bd4cb0f42abc300",
                        "attributes": {
                            "content": "[Unit]\nConditionFirstBoot=yes\n[Service]\nType=idle\nExecStart=/sbin/reboot\n[Install]\nWantedBy=multi-user.target\n",
                            "enabled": "true",
                            "id": "2b2088c1732c1d1acffcbbe6386c2952e57ca2903cec0dc24bd4cb0f42abc300",
                            "name": "restart.service"
                        },
                        "meta": {},
                        "tainted": false
                    },
                    "deposed": [],
                    "provider": "module.compute.provider.ignition"
                },
                "data.ignition_systemd_unit.restart.8": {
                    "type": "ignition_systemd_unit",
                    "depends_on": [],
                    "primary": {
                        "id": "2b2088c1732c1d1acffcbbe6386c2952e57ca2903cec0dc24bd4cb0f42abc300",
                        "attributes": {
                            "content": "[Unit]\nConditionFirstBoot=yes\n[Service]\nType=idle\nExecStart=/sbin/reboot\n[Install]\nWantedBy=multi-user.target\n",
                            "enabled": "true",
                            "id": "2b2088c1732c1d1acffcbbe6386c2952e57ca2903cec0dc24bd4cb0f42abc300",
                            "name": "restart.service"
                        },
                        "meta": {},
                        "tainted": false
                    },
                    "deposed": [],
                    "provider": "module.compute.provider.ignition"
                },
                "data.vsphere_datastore.datastore": {
                    "type": "vsphere_datastore",
                    "depends_on": [],
                    "primary": {
                        "id": "datastore-233745",
                        "attributes": {
                            "datacenter_id": "datacenter-2",
                            "id": "datastore-233745",
                            "name": "OCS_VMP-DESA"
                        },
                        "meta": {},
                        "tainted": false
                    },
                    "deposed": [],
                    "provider": "provider.vsphere"
                },
                "data.vsphere_network.network": {
                    "type": "vsphere_network",
                    "depends_on": [],
                    "primary": {
                        "id": "dvportgroup-232726",
                        "attributes": {
                            "datacenter_id": "datacenter-2",
                            "id": "dvportgroup-232726",
                            "name": "Red 644",
                            "type": "DistributedVirtualPortgroup"
                        },
                        "meta": {},
                        "tainted": false
                    },
                    "deposed": [],
                    "provider": "provider.vsphere"
                },
                "data.vsphere_resource_pool.pool": {
                    "type": "vsphere_resource_pool",
                    "depends_on": [],
                    "primary": {
                        "id": "resgroup-234836",
                        "attributes": {
                            "datacenter_id": "datacenter-2",
                            "id": "resgroup-234836",
                            "name": "ocp-resource"
                        },
                        "meta": {},
                        "tainted": false
                    },
                    "deposed": [],
                    "provider": "provider.vsphere"
                },
                "data.vsphere_virtual_machine.template": {
                    "type": "vsphere_virtual_machine",
                    "depends_on": [],
                    "primary": {
                        "id": "4227f343-9ac7-4ffe-2747-92417304eacd",
                        "attributes": {
                            "alternate_guest_name": "",
                            "annotation": "",
                            "boot_delay": "0",
                            "boot_retry_delay": "10000",
                            "boot_retry_enabled": "false",
                            "change_version": "2020-10-16T08:39:24.086303Z",
                            "cpu_hot_add_enabled": "false",
                            "cpu_hot_remove_enabled": "false",
                            "cpu_limit": "-1",
                            "cpu_performance_counters_enabled": "false",
                            "cpu_reservation": "0",
                            "cpu_share_count": "2000",
                            "cpu_share_level": "normal",
                            "datacenter_id": "datacenter-2",
                            "disks.#": "1",
                            "disks.0.eagerly_scrub": "false",
                            "disks.0.label": "Hard disk 1",
                            "disks.0.size": "16",
                            "disks.0.thin_provisioned": "true",
                            "disks.0.unit_number": "0",
                            "efi_secure_boot_enabled": "false",
                            "enable_disk_uuid": "false",
                            "enable_logging": "true",
                            "ept_rvi_mode": "automatic",
                            "extra_config.%": "0",
                            "firmware": "bios",
                            "guest_id": "rhel7_64Guest",
                            "guest_ip_addresses.#": "0",
                            "hardware_version": "13",
                            "hv_mode": "hvAuto",
                            "id": "4227f343-9ac7-4ffe-2747-92417304eacd",
                            "ide_controller_scan_count": "2",
                            "latency_sensitivity": "normal",
                            "memory": "4096",
                            "memory_hot_add_enabled": "false",
                            "memory_limit": "-1",
                            "memory_reservation": "0",
                            "memory_share_count": "40960",
                            "memory_share_level": "normal",
                            "name": "rhcos-4.3.8",
                            "nested_hv_enabled": "false",
                            "network_interface_types.#": "1",
                            "network_interface_types.0": "vmxnet3",
                            "num_cores_per_socket": "1",
                            "num_cpus": "2",
                            "run_tools_scripts_after_power_on": "true",
                            "run_tools_scripts_after_resume": "true",
                            "run_tools_scripts_before_guest_reboot": "false",
                            "run_tools_scripts_before_guest_shutdown": "true",
                            "run_tools_scripts_before_guest_standby": "true",
                            "sata_controller_scan_count": "0",
                            "scsi_bus_sharing": "noSharing",
                            "scsi_controller_scan_count": "1",
                            "scsi_type": "pvscsi",
                            "swap_placement_policy": "inherit",
                            "sync_time_with_host": "false",
                            "uuid": "4227f343-9ac7-4ffe-2747-92417304eacd",
                            "vapp_transport.#": "1",
                            "vapp_transport.0": "com.vmware.guestInfo"
                        },
                        "meta": {},
                        "tainted": false
                    },
                    "deposed": [],
                    "provider": "provider.vsphere"
                },
                "vsphere_virtual_machine.vm.0": {
                    "type": "vsphere_virtual_machine",
                    "depends_on": [
                        "data.ignition_config.ign.*",
                        "data.vsphere_datastore.datastore",
                        "data.vsphere_network.network",
                        "data.vsphere_resource_pool.pool",
                        "data.vsphere_virtual_machine.template"
                    ],
                    "primary": {
                        "id": "42277fb1-5d55-a8f0-ef79-e493fdcabf38",
                        "attributes": {
                            "alternate_guest_name": "",
                            "annotation": "",
                            "boot_delay": "30000",
                            "boot_retry_delay": "10000",
                            "boot_retry_enabled": "false",
                            "cdrom.#": "0",
                            "change_version": "2020-10-19T10:33:05.171603Z",
                            "clone.#": "1",
                            "clone.0.customize.#": "0",
                            "clone.0.linked_clone": "false",
                            "clone.0.ovf_network_map.%": "0",
                            "clone.0.ovf_storage_map.%": "0",
                            "clone.0.template_uuid": "4227f343-9ac7-4ffe-2747-92417304eacd",
                            "clone.0.timeout": "30",
                            "cpu_hot_add_enabled": "false",
                            "cpu_hot_remove_enabled": "false",
                            "cpu_limit": "-1",
                            "cpu_performance_counters_enabled": "false",
                            "cpu_reservation": "0",
                            "cpu_share_count": "4000",
                            "cpu_share_level": "normal",
                            "custom_attributes.%": "0",
                            "datastore_id": "datastore-233745",
                            "disk.#": "1",
                            "disk.0.attach": "false",
                            "disk.0.controller_type": "scsi",
                            "disk.0.datastore_id": "datastore-233745",
                            "disk.0.device_address": "scsi:0:0",
                            "disk.0.disk_mode": "persistent",
                            "disk.0.disk_sharing": "sharingNone",
                            "disk.0.eagerly_scrub": "false",
                            "disk.0.io_limit": "-1",
                            "disk.0.io_reservation": "0",
                            "disk.0.io_share_count": "1000",
                            "disk.0.io_share_level": "normal",
                            "disk.0.keep_on_remove": "false",
                            "disk.0.key": "2000",
                            "disk.0.label": "disk0",
                            "disk.0.name": "",
                            "disk.0.path": "infra-0/infra-0.vmdk",
                            "disk.0.size": "120",
                            "disk.0.storage_policy_id": "",
                            "disk.0.thin_provisioned": "true",
                            "disk.0.unit_number": "0",
                            "disk.0.uuid": "6000C293-9abf-f5da-0fc6-d9b3a98a8ee8",
                            "disk.0.write_through": "false",
                            "efi_secure_boot_enabled": "false",
                            "enable_disk_uuid": "true",
                            "enable_logging": "false",
                            "ept_rvi_mode": "automatic",
                            "extra_config.%": "0",
                            "firmware": "bios",
                            "folder": "desa-ocp01",
                            "force_power_off": "true",
                            "guest_id": "rhel7_64Guest",
                            "guest_ip_addresses.#": "0",
                            "hardware_version": "13",
                            "host_system_id": "host-106132",
                            "hv_mode": "hvAuto",
                            "id": "42277fb1-5d55-a8f0-ef79-e493fdcabf38",
                            "ide_controller_count": "2",
                            "latency_sensitivity": "normal",
                            "memory": "24576",
                            "memory_hot_add_enabled": "false",
                            "memory_limit": "-1",
                            "memory_reservation": "0",
                            "memory_share_count": "245760",
                            "memory_share_level": "normal",
                            "migrate_wait_timeout": "30",
                            "moid": "vm-235907",
                            "name": "infra-0",
                            "nested_hv_enabled": "false",
                            "network_interface.#": "1",
                            "network_interface.0.adapter_type": "vmxnet3",
                            "network_interface.0.bandwidth_limit": "-1",
                            "network_interface.0.bandwidth_reservation": "0",
                            "network_interface.0.bandwidth_share_count": "50",
                            "network_interface.0.bandwidth_share_level": "normal",
                            "network_interface.0.device_address": "pci:0:7",
                            "network_interface.0.key": "4000",
                            "network_interface.0.mac_address": "00:50:56:a7:09:59",
                            "network_interface.0.network_id": "dvportgroup-232726",
                            "network_interface.0.ovf_mapping": "",
                            "network_interface.0.use_static_mac": "false",
                            "num_cores_per_socket": "1",
                            "num_cpus": "4",
                            "pci_device_id.#": "0",
                            "poweron_timeout": "300",
                            "reboot_required": "false",
                            "resource_pool_id": "resgroup-234836",
                            "run_tools_scripts_after_power_on": "true",
                            "run_tools_scripts_after_resume": "true",
                            "run_tools_scripts_before_guest_reboot": "false",
                            "run_tools_scripts_before_guest_shutdown": "true",
                            "run_tools_scripts_before_guest_standby": "true",
                            "sata_controller_count": "0",
                            "scsi_bus_sharing": "noSharing",
                            "scsi_controller_count": "1",
                            "scsi_type": "pvscsi",
                            "shutdown_wait_timeout": "3",
                            "storage_policy_id": "",
                            "swap_placement_policy": "inherit",
                            "sync_time_with_host": "false",
                            "tags.#": "0",
                            "uuid": "42277fb1-5d55-a8f0-ef79-e493fdcabf38",
                            "vapp.#": "1",
                            "vapp.0.properties.%": "2",
                            "vapp.0.properties.guestinfo.ignition.config.data": "eyJpZ25pdGlvbiI6eyJjb25maWciOnsiYXBwZW5kIjpbeyJzb3VyY2UiOiJodHRwOi8vYmFzdGlvbi5kZXNhLW9jcDAxLm1pbmludGVyaW9yLmdvYi5hci9pZ25pdGlvbi93b3JrZXIuaWduIiwidmVyaWZpY2F0aW9uIjp7fX1dfSwidGltZW91dHMiOnt9LCJ2ZXJzaW9uIjoiMi4xLjAifSwibmV0d29ya2QiOnt9LCJwYXNzd2QiOnt9LCJzdG9yYWdlIjp7ImZpbGVzIjpbeyJmaWxlc3lzdGVtIjoicm9vdCIsImdyb3VwIjp7fSwicGF0aCI6Ii9ldGMvaG9zdG5hbWUiLCJ1c2VyIjp7fSwiY29udGVudHMiOnsic291cmNlIjoiZGF0YTp0ZXh0L3BsYWluO2NoYXJzZXQ9dXRmLTg7YmFzZTY0LGFXNW1jbUV0TUM1a1pYTmhMVzlqY0RBeExtMXBibWx1ZEdWeWFXOXlMbWR2WWk1aGNnPT0iLCJ2ZXJpZmljYXRpb24iOnt9fSwibW9kZSI6NDIwfSx7ImZpbGVzeXN0ZW0iOiJyb290IiwiZ3JvdXAiOnt9LCJwYXRoIjoiL2V0Yy9zeXNjb25maWcvbmV0d29yay1zY3JpcHRzL2lmY2ZnLWVuczE5MiIsInVzZXIiOnt9LCJjb250ZW50cyI6eyJzb3VyY2UiOiJkYXRhOnRleHQvcGxhaW47Y2hhcnNldD11dGYtODtiYXNlNjQsVkZsUVJUMUZkR2hsY201bGRBcENUMDlVVUZKUFZFODlibTl1WlFwT1FVMUZQV1Z1Y3pFNU1ncEVSVlpKUTBVOVpXNXpNVGt5Q2s5T1FrOVBWRDE1WlhNS1NWQkJSRVJTUFRFd0xqWXVNalEwTGpFd053cFFVa1ZHU1ZnOU1qUUtSMEZVUlZkQldUMHhNQzQyTGpJME5DNHhDa1JQVFVGSlRqMWtaWE5oTFc5amNEQXhMbTFwYm1sdWRHVnlhVzl5TG1kdllpNWhjZ3BFVGxNeFBURTVNaTR4TmpndU1qUXlMakV4TVFwRVRsTXlQVEU1TWk0eE5qZ3VNalF5TGpFeE1ncEVUbE16UFRFNU1pNHhOamd1TWpReUxqRXhNZ289IiwidmVyaWZpY2F0aW9uIjp7fX0sIm1vZGUiOjQyMH1dfSwic3lzdGVtZCI6eyJ1bml0cyI6W3siY29udGVudHMiOiJbVW5pdF1cbkNvbmRpdGlvbkZpcnN0Qm9vdD15ZXNcbltTZXJ2aWNlXVxuVHlwZT1pZGxlXG5FeGVjU3RhcnQ9L3NiaW4vcmVib290XG5bSW5zdGFsbF1cbldhbnRlZEJ5PW11bHRpLXVzZXIudGFyZ2V0XG4iLCJlbmFibGVkIjp0cnVlLCJuYW1lIjoicmVzdGFydC5zZXJ2aWNlIn1dfX0=",
                            "vapp.0.properties.guestinfo.ignition.config.data.encoding": "base64",
                            "vapp_transport.#": "1",
                            "vapp_transport.0": "com.vmware.guestInfo",
                            "vmware_tools_status": "guestToolsNotRunning",
                            "vmx_path": "infra-0/infra-0.vmx",
                            "wait_for_guest_ip_timeout": "0",
                            "wait_for_guest_net_routable": "false",
                            "wait_for_guest_net_timeout": "0"
                        },
                        "meta": {
                            "schema_version": "3"
                        },
                        "tainted": false
                    },
                    "deposed": [],
                    "provider": "provider.vsphere"
                },
                "vsphere_virtual_machine.vm.1": {
                    "type": "vsphere_virtual_machine",
                    "depends_on": [
                        "data.ignition_config.ign.*",
                        "data.vsphere_datastore.datastore",
                        "data.vsphere_network.network",
                        "data.vsphere_resource_pool.pool",
                        "data.vsphere_virtual_machine.template"
                    ],
                    "primary": {
                        "id": "42275b67-06e2-7246-4607-c9ee110c5551",
                        "attributes": {
                            "alternate_guest_name": "",
                            "annotation": "",
                            "boot_delay": "30000",
                            "boot_retry_delay": "10000",
                            "boot_retry_enabled": "false",
                            "cdrom.#": "0",
                            "change_version": "2020-10-19T09:45:32.648851Z",
                            "clone.#": "1",
                            "clone.0.customize.#": "0",
                            "clone.0.linked_clone": "false",
                            "clone.0.ovf_network_map.%": "0",
                            "clone.0.ovf_storage_map.%": "0",
                            "clone.0.template_uuid": "4227f343-9ac7-4ffe-2747-92417304eacd",
                            "clone.0.timeout": "30",
                            "cpu_hot_add_enabled": "false",
                            "cpu_hot_remove_enabled": "false",
                            "cpu_limit": "-1",
                            "cpu_performance_counters_enabled": "false",
                            "cpu_reservation": "0",
                            "cpu_share_count": "4000",
                            "cpu_share_level": "normal",
                            "custom_attributes.%": "0",
                            "datastore_id": "datastore-233745",
                            "disk.#": "1",
                            "disk.0.attach": "false",
                            "disk.0.controller_type": "scsi",
                            "disk.0.datastore_id": "datastore-233745",
                            "disk.0.device_address": "scsi:0:0",
                            "disk.0.disk_mode": "persistent",
                            "disk.0.disk_sharing": "sharingNone",
                            "disk.0.eagerly_scrub": "false",
                            "disk.0.io_limit": "-1",
                            "disk.0.io_reservation": "0",
                            "disk.0.io_share_count": "1000",
                            "disk.0.io_share_level": "normal",
                            "disk.0.keep_on_remove": "false",
                            "disk.0.key": "2000",
                            "disk.0.label": "disk0",
                            "disk.0.name": "",
                            "disk.0.path": "infra-1/infra-1.vmdk",
                            "disk.0.size": "120",
                            "disk.0.storage_policy_id": "",
                            "disk.0.thin_provisioned": "true",
                            "disk.0.unit_number": "0",
                            "disk.0.uuid": "6000C296-92b6-a804-de3d-370f9329fde2",
                            "disk.0.write_through": "false",
                            "efi_secure_boot_enabled": "false",
                            "enable_disk_uuid": "true",
                            "enable_logging": "false",
                            "ept_rvi_mode": "automatic",
                            "extra_config.%": "0",
                            "firmware": "bios",
                            "folder": "desa-ocp01",
                            "force_power_off": "true",
                            "guest_id": "rhel7_64Guest",
                            "guest_ip_addresses.#": "0",
                            "hardware_version": "13",
                            "host_system_id": "host-33039",
                            "hv_mode": "hvAuto",
                            "id": "42275b67-06e2-7246-4607-c9ee110c5551",
                            "ide_controller_count": "2",
                            "latency_sensitivity": "normal",
                            "memory": "24576",
                            "memory_hot_add_enabled": "false",
                            "memory_limit": "-1",
                            "memory_reservation": "0",
                            "memory_share_count": "245760",
                            "memory_share_level": "normal",
                            "migrate_wait_timeout": "30",
                            "moid": "vm-235911",
                            "name": "infra-1",
                            "nested_hv_enabled": "false",
                            "network_interface.#": "1",
                            "network_interface.0.adapter_type": "vmxnet3",
                            "network_interface.0.bandwidth_limit": "-1",
                            "network_interface.0.bandwidth_reservation": "0",
                            "network_interface.0.bandwidth_share_count": "50",
                            "network_interface.0.bandwidth_share_level": "normal",
                            "network_interface.0.device_address": "pci:0:7",
                            "network_interface.0.key": "4000",
                            "network_interface.0.mac_address": "00:50:56:a7:bc:6d",
                            "network_interface.0.network_id": "dvportgroup-232726",
                            "network_interface.0.ovf_mapping": "",
                            "network_interface.0.use_static_mac": "false",
                            "num_cores_per_socket": "1",
                            "num_cpus": "4",
                            "pci_device_id.#": "0",
                            "poweron_timeout": "300",
                            "reboot_required": "false",
                            "resource_pool_id": "resgroup-234836",
                            "run_tools_scripts_after_power_on": "true",
                            "run_tools_scripts_after_resume": "true",
                            "run_tools_scripts_before_guest_reboot": "false",
                            "run_tools_scripts_before_guest_shutdown": "true",
                            "run_tools_scripts_before_guest_standby": "true",
                            "sata_controller_count": "0",
                            "scsi_bus_sharing": "noSharing",
                            "scsi_controller_count": "1",
                            "scsi_type": "pvscsi",
                            "shutdown_wait_timeout": "3",
                            "storage_policy_id": "",
                            "swap_placement_policy": "inherit",
                            "sync_time_with_host": "false",
                            "tags.#": "0",
                            "uuid": "42275b67-06e2-7246-4607-c9ee110c5551",
                            "vapp.#": "1",
                            "vapp.0.properties.%": "2",
                            "vapp.0.properties.guestinfo.ignition.config.data": "eyJpZ25pdGlvbiI6eyJjb25maWciOnsiYXBwZW5kIjpbeyJzb3VyY2UiOiJodHRwOi8vYmFzdGlvbi5kZXNhLW9jcDAxLm1pbmludGVyaW9yLmdvYi5hci9pZ25pdGlvbi93b3JrZXIuaWduIiwidmVyaWZpY2F0aW9uIjp7fX1dfSwidGltZW91dHMiOnt9LCJ2ZXJzaW9uIjoiMi4xLjAifSwibmV0d29ya2QiOnt9LCJwYXNzd2QiOnt9LCJzdG9yYWdlIjp7ImZpbGVzIjpbeyJmaWxlc3lzdGVtIjoicm9vdCIsImdyb3VwIjp7fSwicGF0aCI6Ii9ldGMvaG9zdG5hbWUiLCJ1c2VyIjp7fSwiY29udGVudHMiOnsic291cmNlIjoiZGF0YTp0ZXh0L3BsYWluO2NoYXJzZXQ9dXRmLTg7YmFzZTY0LGFXNW1jbUV0TVM1a1pYTmhMVzlqY0RBeExtMXBibWx1ZEdWeWFXOXlMbWR2WWk1aGNnPT0iLCJ2ZXJpZmljYXRpb24iOnt9fSwibW9kZSI6NDIwfSx7ImZpbGVzeXN0ZW0iOiJyb290IiwiZ3JvdXAiOnt9LCJwYXRoIjoiL2V0Yy9zeXNjb25maWcvbmV0d29yay1zY3JpcHRzL2lmY2ZnLWVuczE5MiIsInVzZXIiOnt9LCJjb250ZW50cyI6eyJzb3VyY2UiOiJkYXRhOnRleHQvcGxhaW47Y2hhcnNldD11dGYtODtiYXNlNjQsVkZsUVJUMUZkR2hsY201bGRBcENUMDlVVUZKUFZFODlibTl1WlFwT1FVMUZQV1Z1Y3pFNU1ncEVSVlpKUTBVOVpXNXpNVGt5Q2s5T1FrOVBWRDE1WlhNS1NWQkJSRVJTUFRFd0xqWXVNalEwTGpFd09BcFFVa1ZHU1ZnOU1qUUtSMEZVUlZkQldUMHhNQzQyTGpJME5DNHhDa1JQVFVGSlRqMWtaWE5oTFc5amNEQXhMbTFwYm1sdWRHVnlhVzl5TG1kdllpNWhjZ3BFVGxNeFBURTVNaTR4TmpndU1qUXlMakV4TVFwRVRsTXlQVEU1TWk0eE5qZ3VNalF5TGpFeE1ncEVUbE16UFRFNU1pNHhOamd1TWpReUxqRXhNZ289IiwidmVyaWZpY2F0aW9uIjp7fX0sIm1vZGUiOjQyMH1dfSwic3lzdGVtZCI6eyJ1bml0cyI6W3siY29udGVudHMiOiJbVW5pdF1cbkNvbmRpdGlvbkZpcnN0Qm9vdD15ZXNcbltTZXJ2aWNlXVxuVHlwZT1pZGxlXG5FeGVjU3RhcnQ9L3NiaW4vcmVib290XG5bSW5zdGFsbF1cbldhbnRlZEJ5PW11bHRpLXVzZXIudGFyZ2V0XG4iLCJlbmFibGVkIjp0cnVlLCJuYW1lIjoicmVzdGFydC5zZXJ2aWNlIn1dfX0=",
                            "vapp.0.properties.guestinfo.ignition.config.data.encoding": "base64",
                            "vapp_transport.#": "1",
                            "vapp_transport.0": "com.vmware.guestInfo",
                            "vmware_tools_status": "guestToolsNotRunning",
                            "vmx_path": "infra-1/infra-1.vmx",
                            "wait_for_guest_ip_timeout": "0",
                            "wait_for_guest_net_routable": "false",
                            "wait_for_guest_net_timeout": "0"
                        },
                        "meta": {
                            "schema_version": "3"
                        },
                        "tainted": false
                    },
                    "deposed": [],
                    "provider": "provider.vsphere"
                },
                "vsphere_virtual_machine.vm.2": {
                    "type": "vsphere_virtual_machine",
                    "depends_on": [
                        "data.ignition_config.ign.*",
                        "data.vsphere_datastore.datastore",
                        "data.vsphere_network.network",
                        "data.vsphere_resource_pool.pool",
                        "data.vsphere_virtual_machine.template"
                    ],
                    "primary": {
                        "id": "4227aa2a-53c5-2c79-6b77-5e05ba941522",
                        "attributes": {
                            "alternate_guest_name": "",
                            "annotation": "",
                            "boot_delay": "30000",
                            "boot_retry_delay": "10000",
                            "boot_retry_enabled": "false",
                            "cdrom.#": "0",
                            "change_version": "2020-10-19T10:34:50.403607Z",
                            "clone.#": "1",
                            "clone.0.customize.#": "0",
                            "clone.0.linked_clone": "false",
                            "clone.0.ovf_network_map.%": "0",
                            "clone.0.ovf_storage_map.%": "0",
                            "clone.0.template_uuid": "4227f343-9ac7-4ffe-2747-92417304eacd",
                            "clone.0.timeout": "30",
                            "cpu_hot_add_enabled": "false",
                            "cpu_hot_remove_enabled": "false",
                            "cpu_limit": "-1",
                            "cpu_performance_counters_enabled": "false",
                            "cpu_reservation": "0",
                            "cpu_share_count": "4000",
                            "cpu_share_level": "normal",
                            "custom_attributes.%": "0",
                            "datastore_id": "datastore-233745",
                            "disk.#": "1",
                            "disk.0.attach": "false",
                            "disk.0.controller_type": "scsi",
                            "disk.0.datastore_id": "datastore-233745",
                            "disk.0.device_address": "scsi:0:0",
                            "disk.0.disk_mode": "persistent",
                            "disk.0.disk_sharing": "sharingNone",
                            "disk.0.eagerly_scrub": "false",
                            "disk.0.io_limit": "-1",
                            "disk.0.io_reservation": "0",
                            "disk.0.io_share_count": "1000",
                            "disk.0.io_share_level": "normal",
                            "disk.0.keep_on_remove": "false",
                            "disk.0.key": "2000",
                            "disk.0.label": "disk0",
                            "disk.0.name": "",
                            "disk.0.path": "infra-2/infra-2.vmdk",
                            "disk.0.size": "120",
                            "disk.0.storage_policy_id": "",
                            "disk.0.thin_provisioned": "true",
                            "disk.0.unit_number": "0",
                            "disk.0.uuid": "6000C290-8391-370b-b945-c810d3f965f4",
                            "disk.0.write_through": "false",
                            "efi_secure_boot_enabled": "false",
                            "enable_disk_uuid": "true",
                            "enable_logging": "false",
                            "ept_rvi_mode": "automatic",
                            "extra_config.%": "0",
                            "firmware": "bios",
                            "folder": "desa-ocp01",
                            "force_power_off": "true",
                            "guest_id": "rhel7_64Guest",
                            "guest_ip_addresses.#": "0",
                            "hardware_version": "13",
                            "host_system_id": "host-12344",
                            "hv_mode": "hvAuto",
                            "id": "4227aa2a-53c5-2c79-6b77-5e05ba941522",
                            "ide_controller_count": "2",
                            "latency_sensitivity": "normal",
                            "memory": "24576",
                            "memory_hot_add_enabled": "false",
                            "memory_limit": "-1",
                            "memory_reservation": "0",
                            "memory_share_count": "245760",
                            "memory_share_level": "normal",
                            "migrate_wait_timeout": "30",
                            "moid": "vm-235912",
                            "name": "infra-2",
                            "nested_hv_enabled": "false",
                            "network_interface.#": "1",
                            "network_interface.0.adapter_type": "vmxnet3",
                            "network_interface.0.bandwidth_limit": "-1",
                            "network_interface.0.bandwidth_reservation": "0",
                            "network_interface.0.bandwidth_share_count": "50",
                            "network_interface.0.bandwidth_share_level": "normal",
                            "network_interface.0.device_address": "pci:0:7",
                            "network_interface.0.key": "4000",
                            "network_interface.0.mac_address": "00:50:56:a7:1b:72",
                            "network_interface.0.network_id": "dvportgroup-232726",
                            "network_interface.0.ovf_mapping": "",
                            "network_interface.0.use_static_mac": "false",
                            "num_cores_per_socket": "1",
                            "num_cpus": "4",
                            "pci_device_id.#": "0",
                            "poweron_timeout": "300",
                            "reboot_required": "false",
                            "resource_pool_id": "resgroup-234836",
                            "run_tools_scripts_after_power_on": "true",
                            "run_tools_scripts_after_resume": "true",
                            "run_tools_scripts_before_guest_reboot": "false",
                            "run_tools_scripts_before_guest_shutdown": "true",
                            "run_tools_scripts_before_guest_standby": "true",
                            "sata_controller_count": "0",
                            "scsi_bus_sharing": "noSharing",
                            "scsi_controller_count": "1",
                            "scsi_type": "pvscsi",
                            "shutdown_wait_timeout": "3",
                            "storage_policy_id": "",
                            "swap_placement_policy": "inherit",
                            "sync_time_with_host": "false",
                            "tags.#": "0",
                            "uuid": "4227aa2a-53c5-2c79-6b77-5e05ba941522",
                            "vapp.#": "1",
                            "vapp.0.properties.%": "2",
                            "vapp.0.properties.guestinfo.ignition.config.data": "eyJpZ25pdGlvbiI6eyJjb25maWciOnsiYXBwZW5kIjpbeyJzb3VyY2UiOiJodHRwOi8vYmFzdGlvbi5kZXNhLW9jcDAxLm1pbmludGVyaW9yLmdvYi5hci9pZ25pdGlvbi93b3JrZXIuaWduIiwidmVyaWZpY2F0aW9uIjp7fX1dfSwidGltZW91dHMiOnt9LCJ2ZXJzaW9uIjoiMi4xLjAifSwibmV0d29ya2QiOnt9LCJwYXNzd2QiOnt9LCJzdG9yYWdlIjp7ImZpbGVzIjpbeyJmaWxlc3lzdGVtIjoicm9vdCIsImdyb3VwIjp7fSwicGF0aCI6Ii9ldGMvaG9zdG5hbWUiLCJ1c2VyIjp7fSwiY29udGVudHMiOnsic291cmNlIjoiZGF0YTp0ZXh0L3BsYWluO2NoYXJzZXQ9dXRmLTg7YmFzZTY0LGFXNW1jbUV0TWk1a1pYTmhMVzlqY0RBeExtMXBibWx1ZEdWeWFXOXlMbWR2WWk1aGNnPT0iLCJ2ZXJpZmljYXRpb24iOnt9fSwibW9kZSI6NDIwfSx7ImZpbGVzeXN0ZW0iOiJyb290IiwiZ3JvdXAiOnt9LCJwYXRoIjoiL2V0Yy9zeXNjb25maWcvbmV0d29yay1zY3JpcHRzL2lmY2ZnLWVuczE5MiIsInVzZXIiOnt9LCJjb250ZW50cyI6eyJzb3VyY2UiOiJkYXRhOnRleHQvcGxhaW47Y2hhcnNldD11dGYtODtiYXNlNjQsVkZsUVJUMUZkR2hsY201bGRBcENUMDlVVUZKUFZFODlibTl1WlFwT1FVMUZQV1Z1Y3pFNU1ncEVSVlpKUTBVOVpXNXpNVGt5Q2s5T1FrOVBWRDE1WlhNS1NWQkJSRVJTUFRFd0xqWXVNalEwTGpFd09RcFFVa1ZHU1ZnOU1qUUtSMEZVUlZkQldUMHhNQzQyTGpJME5DNHhDa1JQVFVGSlRqMWtaWE5oTFc5amNEQXhMbTFwYm1sdWRHVnlhVzl5TG1kdllpNWhjZ3BFVGxNeFBURTVNaTR4TmpndU1qUXlMakV4TVFwRVRsTXlQVEU1TWk0eE5qZ3VNalF5TGpFeE1ncEVUbE16UFRFNU1pNHhOamd1TWpReUxqRXhNZ289IiwidmVyaWZpY2F0aW9uIjp7fX0sIm1vZGUiOjQyMH1dfSwic3lzdGVtZCI6eyJ1bml0cyI6W3siY29udGVudHMiOiJbVW5pdF1cbkNvbmRpdGlvbkZpcnN0Qm9vdD15ZXNcbltTZXJ2aWNlXVxuVHlwZT1pZGxlXG5FeGVjU3RhcnQ9L3NiaW4vcmVib290XG5bSW5zdGFsbF1cbldhbnRlZEJ5PW11bHRpLXVzZXIudGFyZ2V0XG4iLCJlbmFibGVkIjp0cnVlLCJuYW1lIjoicmVzdGFydC5zZXJ2aWNlIn1dfX0=",
                            "vapp.0.properties.guestinfo.ignition.config.data.encoding": "base64",
                            "vapp_transport.#": "1",
                            "vapp_transport.0": "com.vmware.guestInfo",
                            "vmware_tools_status": "guestToolsNotRunning",
                            "vmx_path": "infra-2/infra-2.vmx",
                            "wait_for_guest_ip_timeout": "0",
                            "wait_for_guest_net_routable": "false",
                            "wait_for_guest_net_timeout": "0"
                        },
                        "meta": {
                            "schema_version": "3"
                        },
                        "tainted": false
                    },
                    "deposed": [],
                    "provider": "provider.vsphere"
                },
                "vsphere_virtual_machine.vm.3": {
                    "type": "vsphere_virtual_machine",
                    "depends_on": [
                        "data.ignition_config.ign.*",
                        "data.vsphere_datastore.datastore",
                        "data.vsphere_network.network",
                        "data.vsphere_resource_pool.pool",
                        "data.vsphere_virtual_machine.template"
                    ],
                    "primary": {
                        "id": "42276d75-ebb0-33ab-9ac6-fb861d11febd",
                        "attributes": {
                            "alternate_guest_name": "",
                            "annotation": "",
                            "boot_delay": "30000",
                            "boot_retry_delay": "10000",
                            "boot_retry_enabled": "false",
                            "cdrom.#": "0",
                            "change_version": "2020-10-19T10:32:45.415169Z",
                            "clone.#": "1",
                            "clone.0.customize.#": "0",
                            "clone.0.linked_clone": "false",
                            "clone.0.ovf_network_map.%": "0",
                            "clone.0.ovf_storage_map.%": "0",
                            "clone.0.template_uuid": "4227f343-9ac7-4ffe-2747-92417304eacd",
                            "clone.0.timeout": "30",
                            "cpu_hot_add_enabled": "false",
                            "cpu_hot_remove_enabled": "false",
                            "cpu_limit": "-1",
                            "cpu_performance_counters_enabled": "false",
                            "cpu_reservation": "0",
                            "cpu_share_count": "12000",
                            "cpu_share_level": "normal",
                            "custom_attributes.%": "0",
                            "datastore_id": "datastore-233745",
                            "disk.#": "1",
                            "disk.0.attach": "false",
                            "disk.0.controller_type": "scsi",
                            "disk.0.datastore_id": "datastore-233745",
                            "disk.0.device_address": "scsi:0:0",
                            "disk.0.disk_mode": "persistent",
                            "disk.0.disk_sharing": "sharingNone",
                            "disk.0.eagerly_scrub": "false",
                            "disk.0.io_limit": "-1",
                            "disk.0.io_reservation": "0",
                            "disk.0.io_share_count": "1000",
                            "disk.0.io_share_level": "normal",
                            "disk.0.keep_on_remove": "false",
                            "disk.0.key": "2000",
                            "disk.0.label": "disk0",
                            "disk.0.name": "",
                            "disk.0.path": "ocs-0/ocs-0.vmdk",
                            "disk.0.size": "120",
                            "disk.0.storage_policy_id": "",
                            "disk.0.thin_provisioned": "true",
                            "disk.0.unit_number": "0",
                            "disk.0.uuid": "6000C295-0601-0087-d65b-7120eb87f2df",
                            "disk.0.write_through": "false",
                            "efi_secure_boot_enabled": "false",
                            "enable_disk_uuid": "true",
                            "enable_logging": "false",
                            "ept_rvi_mode": "automatic",
                            "extra_config.%": "0",
                            "firmware": "bios",
                            "folder": "desa-ocp01",
                            "force_power_off": "true",
                            "guest_id": "rhel7_64Guest",
                            "guest_ip_addresses.#": "0",
                            "hardware_version": "13",
                            "host_system_id": "host-106132",
                            "hv_mode": "hvAuto",
                            "id": "42276d75-ebb0-33ab-9ac6-fb861d11febd",
                            "ide_controller_count": "2",
                            "latency_sensitivity": "normal",
                            "memory": "24576",
                            "memory_hot_add_enabled": "false",
                            "memory_limit": "-1",
                            "memory_reservation": "0",
                            "memory_share_count": "245760",
                            "memory_share_level": "normal",
                            "migrate_wait_timeout": "30",
                            "moid": "vm-235913",
                            "name": "ocs-0",
                            "nested_hv_enabled": "false",
                            "network_interface.#": "1",
                            "network_interface.0.adapter_type": "vmxnet3",
                            "network_interface.0.bandwidth_limit": "-1",
                            "network_interface.0.bandwidth_reservation": "0",
                            "network_interface.0.bandwidth_share_count": "50",
                            "network_interface.0.bandwidth_share_level": "normal",
                            "network_interface.0.device_address": "pci:0:7",
                            "network_interface.0.key": "4000",
                            "network_interface.0.mac_address": "00:50:56:a7:71:65",
                            "network_interface.0.network_id": "dvportgroup-232726",
                            "network_interface.0.ovf_mapping": "",
                            "network_interface.0.use_static_mac": "false",
                            "num_cores_per_socket": "1",
                            "num_cpus": "12",
                            "pci_device_id.#": "0",
                            "poweron_timeout": "300",
                            "reboot_required": "false",
                            "resource_pool_id": "resgroup-234836",
                            "run_tools_scripts_after_power_on": "true",
                            "run_tools_scripts_after_resume": "true",
                            "run_tools_scripts_before_guest_reboot": "false",
                            "run_tools_scripts_before_guest_shutdown": "true",
                            "run_tools_scripts_before_guest_standby": "true",
                            "sata_controller_count": "0",
                            "scsi_bus_sharing": "noSharing",
                            "scsi_controller_count": "1",
                            "scsi_type": "pvscsi",
                            "shutdown_wait_timeout": "3",
                            "storage_policy_id": "",
                            "swap_placement_policy": "inherit",
                            "sync_time_with_host": "false",
                            "tags.#": "0",
                            "uuid": "42276d75-ebb0-33ab-9ac6-fb861d11febd",
                            "vapp.#": "1",
                            "vapp.0.properties.%": "2",
                            "vapp.0.properties.guestinfo.ignition.config.data": "eyJpZ25pdGlvbiI6eyJjb25maWciOnsiYXBwZW5kIjpbeyJzb3VyY2UiOiJodHRwOi8vYmFzdGlvbi5kZXNhLW9jcDAxLm1pbmludGVyaW9yLmdvYi5hci9pZ25pdGlvbi93b3JrZXIuaWduIiwidmVyaWZpY2F0aW9uIjp7fX1dfSwidGltZW91dHMiOnt9LCJ2ZXJzaW9uIjoiMi4xLjAifSwibmV0d29ya2QiOnt9LCJwYXNzd2QiOnt9LCJzdG9yYWdlIjp7ImZpbGVzIjpbeyJmaWxlc3lzdGVtIjoicm9vdCIsImdyb3VwIjp7fSwicGF0aCI6Ii9ldGMvaG9zdG5hbWUiLCJ1c2VyIjp7fSwiY29udGVudHMiOnsic291cmNlIjoiZGF0YTp0ZXh0L3BsYWluO2NoYXJzZXQ9dXRmLTg7YmFzZTY0LGIyTnpMVEF1WkdWellTMXZZM0F3TVM1dGFXNXBiblJsY21sdmNpNW5iMkl1WVhJPSIsInZlcmlmaWNhdGlvbiI6e319LCJtb2RlIjo0MjB9LHsiZmlsZXN5c3RlbSI6InJvb3QiLCJncm91cCI6e30sInBhdGgiOiIvZXRjL3N5c2NvbmZpZy9uZXR3b3JrLXNjcmlwdHMvaWZjZmctZW5zMTkyIiwidXNlciI6e30sImNvbnRlbnRzIjp7InNvdXJjZSI6ImRhdGE6dGV4dC9wbGFpbjtjaGFyc2V0PXV0Zi04O2Jhc2U2NCxWRmxRUlQxRmRHaGxjbTVsZEFwQ1QwOVVVRkpQVkU4OWJtOXVaUXBPUVUxRlBXVnVjekU1TWdwRVJWWkpRMFU5Wlc1ek1Ua3lDazlPUWs5UFZEMTVaWE1LU1ZCQlJFUlNQVEV3TGpZdU1qUTBMakV4TUFwUVVrVkdTVmc5TWpRS1IwRlVSVmRCV1QweE1DNDJMakkwTkM0eENrUlBUVUZKVGoxa1pYTmhMVzlqY0RBeExtMXBibWx1ZEdWeWFXOXlMbWR2WWk1aGNncEVUbE14UFRFNU1pNHhOamd1TWpReUxqRXhNUXBFVGxNeVBURTVNaTR4TmpndU1qUXlMakV4TWdwRVRsTXpQVEU1TWk0eE5qZ3VNalF5TGpFeE1nbz0iLCJ2ZXJpZmljYXRpb24iOnt9fSwibW9kZSI6NDIwfV19LCJzeXN0ZW1kIjp7InVuaXRzIjpbeyJjb250ZW50cyI6IltVbml0XVxuQ29uZGl0aW9uRmlyc3RCb290PXllc1xuW1NlcnZpY2VdXG5UeXBlPWlkbGVcbkV4ZWNTdGFydD0vc2Jpbi9yZWJvb3RcbltJbnN0YWxsXVxuV2FudGVkQnk9bXVsdGktdXNlci50YXJnZXRcbiIsImVuYWJsZWQiOnRydWUsIm5hbWUiOiJyZXN0YXJ0LnNlcnZpY2UifV19fQ==",
                            "vapp.0.properties.guestinfo.ignition.config.data.encoding": "base64",
                            "vapp_transport.#": "1",
                            "vapp_transport.0": "com.vmware.guestInfo",
                            "vmware_tools_status": "guestToolsNotRunning",
                            "vmx_path": "ocs-0/ocs-0.vmx",
                            "wait_for_guest_ip_timeout": "0",
                            "wait_for_guest_net_routable": "false",
                            "wait_for_guest_net_timeout": "0"
                        },
                        "meta": {
                            "schema_version": "3"
                        },
                        "tainted": false
                    },
                    "deposed": [],
                    "provider": "provider.vsphere"
                },
                "vsphere_virtual_machine.vm.4": {
                    "type": "vsphere_virtual_machine",
                    "depends_on": [
                        "data.ignition_config.ign.*",
                        "data.vsphere_datastore.datastore",
                        "data.vsphere_network.network",
                        "data.vsphere_resource_pool.pool",
                        "data.vsphere_virtual_machine.template"
                    ],
                    "primary": {
                        "id": "4227c76c-9ab1-ea59-4801-8e3cfa63f9c9",
                        "attributes": {
                            "alternate_guest_name": "",
                            "annotation": "",
                            "boot_delay": "30000",
                            "boot_retry_delay": "10000",
                            "boot_retry_enabled": "false",
                            "cdrom.#": "0",
                            "change_version": "2020-10-19T10:44:55.580181Z",
                            "clone.#": "1",
                            "clone.0.customize.#": "0",
                            "clone.0.linked_clone": "false",
                            "clone.0.ovf_network_map.%": "0",
                            "clone.0.ovf_storage_map.%": "0",
                            "clone.0.template_uuid": "4227f343-9ac7-4ffe-2747-92417304eacd",
                            "clone.0.timeout": "30",
                            "cpu_hot_add_enabled": "false",
                            "cpu_hot_remove_enabled": "false",
                            "cpu_limit": "-1",
                            "cpu_performance_counters_enabled": "false",
                            "cpu_reservation": "0",
                            "cpu_share_count": "12000",
                            "cpu_share_level": "normal",
                            "custom_attributes.%": "0",
                            "datastore_id": "datastore-233745",
                            "disk.#": "1",
                            "disk.0.attach": "false",
                            "disk.0.controller_type": "scsi",
                            "disk.0.datastore_id": "datastore-233745",
                            "disk.0.device_address": "scsi:0:0",
                            "disk.0.disk_mode": "persistent",
                            "disk.0.disk_sharing": "sharingNone",
                            "disk.0.eagerly_scrub": "false",
                            "disk.0.io_limit": "-1",
                            "disk.0.io_reservation": "0",
                            "disk.0.io_share_count": "1000",
                            "disk.0.io_share_level": "normal",
                            "disk.0.keep_on_remove": "false",
                            "disk.0.key": "2000",
                            "disk.0.label": "disk0",
                            "disk.0.name": "",
                            "disk.0.path": "ocs-1/ocs-1.vmdk",
                            "disk.0.size": "120",
                            "disk.0.storage_policy_id": "",
                            "disk.0.thin_provisioned": "true",
                            "disk.0.unit_number": "0",
                            "disk.0.uuid": "6000C29d-5e45-e494-57f2-b4685d5b4745",
                            "disk.0.write_through": "false",
                            "efi_secure_boot_enabled": "false",
                            "enable_disk_uuid": "true",
                            "enable_logging": "false",
                            "ept_rvi_mode": "automatic",
                            "extra_config.%": "0",
                            "firmware": "bios",
                            "folder": "desa-ocp01",
                            "force_power_off": "true",
                            "guest_id": "rhel7_64Guest",
                            "guest_ip_addresses.#": "0",
                            "hardware_version": "13",
                            "host_system_id": "host-103405",
                            "hv_mode": "hvAuto",
                            "id": "4227c76c-9ab1-ea59-4801-8e3cfa63f9c9",
                            "ide_controller_count": "2",
                            "latency_sensitivity": "normal",
                            "memory": "24576",
                            "memory_hot_add_enabled": "false",
                            "memory_limit": "-1",
                            "memory_reservation": "0",
                            "memory_share_count": "245760",
                            "memory_share_level": "normal",
                            "migrate_wait_timeout": "30",
                            "moid": "vm-235906",
                            "name": "ocs-1",
                            "nested_hv_enabled": "false",
                            "network_interface.#": "1",
                            "network_interface.0.adapter_type": "vmxnet3",
                            "network_interface.0.bandwidth_limit": "-1",
                            "network_interface.0.bandwidth_reservation": "0",
                            "network_interface.0.bandwidth_share_count": "50",
                            "network_interface.0.bandwidth_share_level": "normal",
                            "network_interface.0.device_address": "pci:0:7",
                            "network_interface.0.key": "4000",
                            "network_interface.0.mac_address": "00:50:56:a7:52:35",
                            "network_interface.0.network_id": "dvportgroup-232726",
                            "network_interface.0.ovf_mapping": "",
                            "network_interface.0.use_static_mac": "false",
                            "num_cores_per_socket": "1",
                            "num_cpus": "12",
                            "pci_device_id.#": "0",
                            "poweron_timeout": "300",
                            "reboot_required": "false",
                            "resource_pool_id": "resgroup-234836",
                            "run_tools_scripts_after_power_on": "true",
                            "run_tools_scripts_after_resume": "true",
                            "run_tools_scripts_before_guest_reboot": "false",
                            "run_tools_scripts_before_guest_shutdown": "true",
                            "run_tools_scripts_before_guest_standby": "true",
                            "sata_controller_count": "0",
                            "scsi_bus_sharing": "noSharing",
                            "scsi_controller_count": "1",
                            "scsi_type": "pvscsi",
                            "shutdown_wait_timeout": "3",
                            "storage_policy_id": "",
                            "swap_placement_policy": "inherit",
                            "sync_time_with_host": "false",
                            "tags.#": "0",
                            "uuid": "4227c76c-9ab1-ea59-4801-8e3cfa63f9c9",
                            "vapp.#": "1",
                            "vapp.0.properties.%": "2",
                            "vapp.0.properties.guestinfo.ignition.config.data": "eyJpZ25pdGlvbiI6eyJjb25maWciOnsiYXBwZW5kIjpbeyJzb3VyY2UiOiJodHRwOi8vYmFzdGlvbi5kZXNhLW9jcDAxLm1pbmludGVyaW9yLmdvYi5hci9pZ25pdGlvbi93b3JrZXIuaWduIiwidmVyaWZpY2F0aW9uIjp7fX1dfSwidGltZW91dHMiOnt9LCJ2ZXJzaW9uIjoiMi4xLjAifSwibmV0d29ya2QiOnt9LCJwYXNzd2QiOnt9LCJzdG9yYWdlIjp7ImZpbGVzIjpbeyJmaWxlc3lzdGVtIjoicm9vdCIsImdyb3VwIjp7fSwicGF0aCI6Ii9ldGMvaG9zdG5hbWUiLCJ1c2VyIjp7fSwiY29udGVudHMiOnsic291cmNlIjoiZGF0YTp0ZXh0L3BsYWluO2NoYXJzZXQ9dXRmLTg7YmFzZTY0LGIyTnpMVEV1WkdWellTMXZZM0F3TVM1dGFXNXBiblJsY21sdmNpNW5iMkl1WVhJPSIsInZlcmlmaWNhdGlvbiI6e319LCJtb2RlIjo0MjB9LHsiZmlsZXN5c3RlbSI6InJvb3QiLCJncm91cCI6e30sInBhdGgiOiIvZXRjL3N5c2NvbmZpZy9uZXR3b3JrLXNjcmlwdHMvaWZjZmctZW5zMTkyIiwidXNlciI6e30sImNvbnRlbnRzIjp7InNvdXJjZSI6ImRhdGE6dGV4dC9wbGFpbjtjaGFyc2V0PXV0Zi04O2Jhc2U2NCxWRmxRUlQxRmRHaGxjbTVsZEFwQ1QwOVVVRkpQVkU4OWJtOXVaUXBPUVUxRlBXVnVjekU1TWdwRVJWWkpRMFU5Wlc1ek1Ua3lDazlPUWs5UFZEMTVaWE1LU1ZCQlJFUlNQVEV3TGpZdU1qUTBMakV4TVFwUVVrVkdTVmc5TWpRS1IwRlVSVmRCV1QweE1DNDJMakkwTkM0eENrUlBUVUZKVGoxa1pYTmhMVzlqY0RBeExtMXBibWx1ZEdWeWFXOXlMbWR2WWk1aGNncEVUbE14UFRFNU1pNHhOamd1TWpReUxqRXhNUXBFVGxNeVBURTVNaTR4TmpndU1qUXlMakV4TWdwRVRsTXpQVEU1TWk0eE5qZ3VNalF5TGpFeE1nbz0iLCJ2ZXJpZmljYXRpb24iOnt9fSwibW9kZSI6NDIwfV19LCJzeXN0ZW1kIjp7InVuaXRzIjpbeyJjb250ZW50cyI6IltVbml0XVxuQ29uZGl0aW9uRmlyc3RCb290PXllc1xuW1NlcnZpY2VdXG5UeXBlPWlkbGVcbkV4ZWNTdGFydD0vc2Jpbi9yZWJvb3RcbltJbnN0YWxsXVxuV2FudGVkQnk9bXVsdGktdXNlci50YXJnZXRcbiIsImVuYWJsZWQiOnRydWUsIm5hbWUiOiJyZXN0YXJ0LnNlcnZpY2UifV19fQ==",
                            "vapp.0.properties.guestinfo.ignition.config.data.encoding": "base64",
                            "vapp_transport.#": "1",
                            "vapp_transport.0": "com.vmware.guestInfo",
                            "vmware_tools_status": "guestToolsNotRunning",
                            "vmx_path": "ocs-1/ocs-1.vmx",
                            "wait_for_guest_ip_timeout": "0",
                            "wait_for_guest_net_routable": "false",
                            "wait_for_guest_net_timeout": "0"
                        },
                        "meta": {
                            "schema_version": "3"
                        },
                        "tainted": false
                    },
                    "deposed": [],
                    "provider": "provider.vsphere"
                },
                "vsphere_virtual_machine.vm.5": {
                    "type": "vsphere_virtual_machine",
                    "depends_on": [
                        "data.ignition_config.ign.*",
                        "data.vsphere_datastore.datastore",
                        "data.vsphere_network.network",
                        "data.vsphere_resource_pool.pool",
                        "data.vsphere_virtual_machine.template"
                    ],
                    "primary": {
                        "id": "422703e1-90d6-fe93-002d-44c5f2c40fe4",
                        "attributes": {
                            "alternate_guest_name": "",
                            "annotation": "",
                            "boot_delay": "30000",
                            "boot_retry_delay": "10000",
                            "boot_retry_enabled": "false",
                            "cdrom.#": "0",
                            "change_version": "2020-10-19T10:35:02.569593Z",
                            "clone.#": "1",
                            "clone.0.customize.#": "0",
                            "clone.0.linked_clone": "false",
                            "clone.0.ovf_network_map.%": "0",
                            "clone.0.ovf_storage_map.%": "0",
                            "clone.0.template_uuid": "4227f343-9ac7-4ffe-2747-92417304eacd",
                            "clone.0.timeout": "30",
                            "cpu_hot_add_enabled": "false",
                            "cpu_hot_remove_enabled": "false",
                            "cpu_limit": "-1",
                            "cpu_performance_counters_enabled": "false",
                            "cpu_reservation": "0",
                            "cpu_share_count": "12000",
                            "cpu_share_level": "normal",
                            "custom_attributes.%": "0",
                            "datastore_id": "datastore-233745",
                            "disk.#": "1",
                            "disk.0.attach": "false",
                            "disk.0.controller_type": "scsi",
                            "disk.0.datastore_id": "datastore-233745",
                            "disk.0.device_address": "scsi:0:0",
                            "disk.0.disk_mode": "persistent",
                            "disk.0.disk_sharing": "sharingNone",
                            "disk.0.eagerly_scrub": "false",
                            "disk.0.io_limit": "-1",
                            "disk.0.io_reservation": "0",
                            "disk.0.io_share_count": "1000",
                            "disk.0.io_share_level": "normal",
                            "disk.0.keep_on_remove": "false",
                            "disk.0.key": "2000",
                            "disk.0.label": "disk0",
                            "disk.0.name": "",
                            "disk.0.path": "ocs-2/ocs-2.vmdk",
                            "disk.0.size": "120",
                            "disk.0.storage_policy_id": "",
                            "disk.0.thin_provisioned": "true",
                            "disk.0.unit_number": "0",
                            "disk.0.uuid": "6000C293-2074-756f-2291-f29d60bbec4b",
                            "disk.0.write_through": "false",
                            "efi_secure_boot_enabled": "false",
                            "enable_disk_uuid": "true",
                            "enable_logging": "false",
                            "ept_rvi_mode": "automatic",
                            "extra_config.%": "0",
                            "firmware": "bios",
                            "folder": "desa-ocp01",
                            "force_power_off": "true",
                            "guest_id": "rhel7_64Guest",
                            "guest_ip_addresses.#": "0",
                            "hardware_version": "13",
                            "host_system_id": "host-12344",
                            "hv_mode": "hvAuto",
                            "id": "422703e1-90d6-fe93-002d-44c5f2c40fe4",
                            "ide_controller_count": "2",
                            "latency_sensitivity": "normal",
                            "memory": "24576",
                            "memory_hot_add_enabled": "false",
                            "memory_limit": "-1",
                            "memory_reservation": "0",
                            "memory_share_count": "245760",
                            "memory_share_level": "normal",
                            "migrate_wait_timeout": "30",
                            "moid": "vm-235908",
                            "name": "ocs-2",
                            "nested_hv_enabled": "false",
                            "network_interface.#": "1",
                            "network_interface.0.adapter_type": "vmxnet3",
                            "network_interface.0.bandwidth_limit": "-1",
                            "network_interface.0.bandwidth_reservation": "0",
                            "network_interface.0.bandwidth_share_count": "50",
                            "network_interface.0.bandwidth_share_level": "normal",
                            "network_interface.0.device_address": "pci:0:7",
                            "network_interface.0.key": "4000",
                            "network_interface.0.mac_address": "00:50:56:a7:fb:a6",
                            "network_interface.0.network_id": "dvportgroup-232726",
                            "network_interface.0.ovf_mapping": "",
                            "network_interface.0.use_static_mac": "false",
                            "num_cores_per_socket": "1",
                            "num_cpus": "12",
                            "pci_device_id.#": "0",
                            "poweron_timeout": "300",
                            "reboot_required": "false",
                            "resource_pool_id": "resgroup-234836",
                            "run_tools_scripts_after_power_on": "true",
                            "run_tools_scripts_after_resume": "true",
                            "run_tools_scripts_before_guest_reboot": "false",
                            "run_tools_scripts_before_guest_shutdown": "true",
                            "run_tools_scripts_before_guest_standby": "true",
                            "sata_controller_count": "0",
                            "scsi_bus_sharing": "noSharing",
                            "scsi_controller_count": "1",
                            "scsi_type": "pvscsi",
                            "shutdown_wait_timeout": "3",
                            "storage_policy_id": "",
                            "swap_placement_policy": "inherit",
                            "sync_time_with_host": "false",
                            "tags.#": "0",
                            "uuid": "422703e1-90d6-fe93-002d-44c5f2c40fe4",
                            "vapp.#": "1",
                            "vapp.0.properties.%": "2",
                            "vapp.0.properties.guestinfo.ignition.config.data": "eyJpZ25pdGlvbiI6eyJjb25maWciOnsiYXBwZW5kIjpbeyJzb3VyY2UiOiJodHRwOi8vYmFzdGlvbi5kZXNhLW9jcDAxLm1pbmludGVyaW9yLmdvYi5hci9pZ25pdGlvbi93b3JrZXIuaWduIiwidmVyaWZpY2F0aW9uIjp7fX1dfSwidGltZW91dHMiOnt9LCJ2ZXJzaW9uIjoiMi4xLjAifSwibmV0d29ya2QiOnt9LCJwYXNzd2QiOnt9LCJzdG9yYWdlIjp7ImZpbGVzIjpbeyJmaWxlc3lzdGVtIjoicm9vdCIsImdyb3VwIjp7fSwicGF0aCI6Ii9ldGMvaG9zdG5hbWUiLCJ1c2VyIjp7fSwiY29udGVudHMiOnsic291cmNlIjoiZGF0YTp0ZXh0L3BsYWluO2NoYXJzZXQ9dXRmLTg7YmFzZTY0LGIyTnpMVEl1WkdWellTMXZZM0F3TVM1dGFXNXBiblJsY21sdmNpNW5iMkl1WVhJPSIsInZlcmlmaWNhdGlvbiI6e319LCJtb2RlIjo0MjB9LHsiZmlsZXN5c3RlbSI6InJvb3QiLCJncm91cCI6e30sInBhdGgiOiIvZXRjL3N5c2NvbmZpZy9uZXR3b3JrLXNjcmlwdHMvaWZjZmctZW5zMTkyIiwidXNlciI6e30sImNvbnRlbnRzIjp7InNvdXJjZSI6ImRhdGE6dGV4dC9wbGFpbjtjaGFyc2V0PXV0Zi04O2Jhc2U2NCxWRmxRUlQxRmRHaGxjbTVsZEFwQ1QwOVVVRkpQVkU4OWJtOXVaUXBPUVUxRlBXVnVjekU1TWdwRVJWWkpRMFU5Wlc1ek1Ua3lDazlPUWs5UFZEMTVaWE1LU1ZCQlJFUlNQVEV3TGpZdU1qUTBMakV4TWdwUVVrVkdTVmc5TWpRS1IwRlVSVmRCV1QweE1DNDJMakkwTkM0eENrUlBUVUZKVGoxa1pYTmhMVzlqY0RBeExtMXBibWx1ZEdWeWFXOXlMbWR2WWk1aGNncEVUbE14UFRFNU1pNHhOamd1TWpReUxqRXhNUXBFVGxNeVBURTVNaTR4TmpndU1qUXlMakV4TWdwRVRsTXpQVEU1TWk0eE5qZ3VNalF5TGpFeE1nbz0iLCJ2ZXJpZmljYXRpb24iOnt9fSwibW9kZSI6NDIwfV19LCJzeXN0ZW1kIjp7InVuaXRzIjpbeyJjb250ZW50cyI6IltVbml0XVxuQ29uZGl0aW9uRmlyc3RCb290PXllc1xuW1NlcnZpY2VdXG5UeXBlPWlkbGVcbkV4ZWNTdGFydD0vc2Jpbi9yZWJvb3RcbltJbnN0YWxsXVxuV2FudGVkQnk9bXVsdGktdXNlci50YXJnZXRcbiIsImVuYWJsZWQiOnRydWUsIm5hbWUiOiJyZXN0YXJ0LnNlcnZpY2UifV19fQ==",
                            "vapp.0.properties.guestinfo.ignition.config.data.encoding": "base64",
                            "vapp_transport.#": "1",
                            "vapp_transport.0": "com.vmware.guestInfo",
                            "vmware_tools_status": "guestToolsNotRunning",
                            "vmx_path": "ocs-2/ocs-2.vmx",
                            "wait_for_guest_ip_timeout": "0",
                            "wait_for_guest_net_routable": "false",
                            "wait_for_guest_net_timeout": "0"
                        },
                        "meta": {
                            "schema_version": "3"
                        },
                        "tainted": false
                    },
                    "deposed": [],
                    "provider": "provider.vsphere"
                },
                "vsphere_virtual_machine.vm.6": {
                    "type": "vsphere_virtual_machine",
                    "depends_on": [
                        "data.ignition_config.ign.*",
                        "data.vsphere_datastore.datastore",
                        "data.vsphere_network.network",
                        "data.vsphere_resource_pool.pool",
                        "data.vsphere_virtual_machine.template"
                    ],
                    "primary": {
                        "id": "4227274b-064f-20db-1cbd-38a8a02f9da5",
                        "attributes": {
                            "alternate_guest_name": "",
                            "annotation": "",
                            "boot_delay": "30000",
                            "boot_retry_delay": "10000",
                            "boot_retry_enabled": "false",
                            "cdrom.#": "0",
                            "change_version": "2020-10-19T10:34:26.213405Z",
                            "clone.#": "1",
                            "clone.0.customize.#": "0",
                            "clone.0.linked_clone": "false",
                            "clone.0.ovf_network_map.%": "0",
                            "clone.0.ovf_storage_map.%": "0",
                            "clone.0.template_uuid": "4227f343-9ac7-4ffe-2747-92417304eacd",
                            "clone.0.timeout": "30",
                            "cpu_hot_add_enabled": "false",
                            "cpu_hot_remove_enabled": "false",
                            "cpu_limit": "-1",
                            "cpu_performance_counters_enabled": "false",
                            "cpu_reservation": "0",
                            "cpu_share_count": "4000",
                            "cpu_share_level": "normal",
                            "custom_attributes.%": "0",
                            "datastore_id": "datastore-233745",
                            "disk.#": "1",
                            "disk.0.attach": "false",
                            "disk.0.controller_type": "scsi",
                            "disk.0.datastore_id": "datastore-233745",
                            "disk.0.device_address": "scsi:0:0",
                            "disk.0.disk_mode": "persistent",
                            "disk.0.disk_sharing": "sharingNone",
                            "disk.0.eagerly_scrub": "false",
                            "disk.0.io_limit": "-1",
                            "disk.0.io_reservation": "0",
                            "disk.0.io_share_count": "1000",
                            "disk.0.io_share_level": "normal",
                            "disk.0.keep_on_remove": "false",
                            "disk.0.key": "2000",
                            "disk.0.label": "disk0",
                            "disk.0.name": "",
                            "disk.0.path": "worker-0/worker-0.vmdk",
                            "disk.0.size": "120",
                            "disk.0.storage_policy_id": "",
                            "disk.0.thin_provisioned": "true",
                            "disk.0.unit_number": "0",
                            "disk.0.uuid": "6000C290-152f-a403-0980-5c6351f9d3cd",
                            "disk.0.write_through": "false",
                            "efi_secure_boot_enabled": "false",
                            "enable_disk_uuid": "true",
                            "enable_logging": "false",
                            "ept_rvi_mode": "automatic",
                            "extra_config.%": "0",
                            "firmware": "bios",
                            "folder": "desa-ocp01",
                            "force_power_off": "true",
                            "guest_id": "rhel7_64Guest",
                            "guest_ip_addresses.#": "0",
                            "hardware_version": "13",
                            "host_system_id": "host-12344",
                            "hv_mode": "hvAuto",
                            "id": "4227274b-064f-20db-1cbd-38a8a02f9da5",
                            "ide_controller_count": "2",
                            "latency_sensitivity": "normal",
                            "memory": "16384",
                            "memory_hot_add_enabled": "false",
                            "memory_limit": "-1",
                            "memory_reservation": "0",
                            "memory_share_count": "163840",
                            "memory_share_level": "normal",
                            "migrate_wait_timeout": "30",
                            "moid": "vm-235910",
                            "name": "worker-0",
                            "nested_hv_enabled": "false",
                            "network_interface.#": "1",
                            "network_interface.0.adapter_type": "vmxnet3",
                            "network_interface.0.bandwidth_limit": "-1",
                            "network_interface.0.bandwidth_reservation": "0",
                            "network_interface.0.bandwidth_share_count": "50",
                            "network_interface.0.bandwidth_share_level": "normal",
                            "network_interface.0.device_address": "pci:0:7",
                            "network_interface.0.key": "4000",
                            "network_interface.0.mac_address": "00:50:56:a7:6b:4c",
                            "network_interface.0.network_id": "dvportgroup-232726",
                            "network_interface.0.ovf_mapping": "",
                            "network_interface.0.use_static_mac": "false",
                            "num_cores_per_socket": "1",
                            "num_cpus": "4",
                            "pci_device_id.#": "0",
                            "poweron_timeout": "300",
                            "reboot_required": "false",
                            "resource_pool_id": "resgroup-234836",
                            "run_tools_scripts_after_power_on": "true",
                            "run_tools_scripts_after_resume": "true",
                            "run_tools_scripts_before_guest_reboot": "false",
                            "run_tools_scripts_before_guest_shutdown": "true",
                            "run_tools_scripts_before_guest_standby": "true",
                            "sata_controller_count": "0",
                            "scsi_bus_sharing": "noSharing",
                            "scsi_controller_count": "1",
                            "scsi_type": "pvscsi",
                            "shutdown_wait_timeout": "3",
                            "storage_policy_id": "",
                            "swap_placement_policy": "inherit",
                            "sync_time_with_host": "false",
                            "tags.#": "0",
                            "uuid": "4227274b-064f-20db-1cbd-38a8a02f9da5",
                            "vapp.#": "1",
                            "vapp.0.properties.%": "2",
                            "vapp.0.properties.guestinfo.ignition.config.data": "eyJpZ25pdGlvbiI6eyJjb25maWciOnsiYXBwZW5kIjpbeyJzb3VyY2UiOiJodHRwOi8vYmFzdGlvbi5kZXNhLW9jcDAxLm1pbmludGVyaW9yLmdvYi5hci9pZ25pdGlvbi93b3JrZXIuaWduIiwidmVyaWZpY2F0aW9uIjp7fX1dfSwidGltZW91dHMiOnt9LCJ2ZXJzaW9uIjoiMi4xLjAifSwibmV0d29ya2QiOnt9LCJwYXNzd2QiOnt9LCJzdG9yYWdlIjp7ImZpbGVzIjpbeyJmaWxlc3lzdGVtIjoicm9vdCIsImdyb3VwIjp7fSwicGF0aCI6Ii9ldGMvaG9zdG5hbWUiLCJ1c2VyIjp7fSwiY29udGVudHMiOnsic291cmNlIjoiZGF0YTp0ZXh0L3BsYWluO2NoYXJzZXQ9dXRmLTg7YmFzZTY0LGQyOXlhMlZ5TFRBdVpHVnpZUzF2WTNBd01TNXRhVzVwYm5SbGNtbHZjaTVuYjJJdVlYST0iLCJ2ZXJpZmljYXRpb24iOnt9fSwibW9kZSI6NDIwfSx7ImZpbGVzeXN0ZW0iOiJyb290IiwiZ3JvdXAiOnt9LCJwYXRoIjoiL2V0Yy9zeXNjb25maWcvbmV0d29yay1zY3JpcHRzL2lmY2ZnLWVuczE5MiIsInVzZXIiOnt9LCJjb250ZW50cyI6eyJzb3VyY2UiOiJkYXRhOnRleHQvcGxhaW47Y2hhcnNldD11dGYtODtiYXNlNjQsVkZsUVJUMUZkR2hsY201bGRBcENUMDlVVUZKUFZFODlibTl1WlFwT1FVMUZQV1Z1Y3pFNU1ncEVSVlpKUTBVOVpXNXpNVGt5Q2s5T1FrOVBWRDE1WlhNS1NWQkJSRVJTUFRFd0xqWXVNalEwTGpFeE13cFFVa1ZHU1ZnOU1qUUtSMEZVUlZkQldUMHhNQzQyTGpJME5DNHhDa1JQVFVGSlRqMWtaWE5oTFc5amNEQXhMbTFwYm1sdWRHVnlhVzl5TG1kdllpNWhjZ3BFVGxNeFBURTVNaTR4TmpndU1qUXlMakV4TVFwRVRsTXlQVEU1TWk0eE5qZ3VNalF5TGpFeE1ncEVUbE16UFRFNU1pNHhOamd1TWpReUxqRXhNZ289IiwidmVyaWZpY2F0aW9uIjp7fX0sIm1vZGUiOjQyMH1dfSwic3lzdGVtZCI6eyJ1bml0cyI6W3siY29udGVudHMiOiJbVW5pdF1cbkNvbmRpdGlvbkZpcnN0Qm9vdD15ZXNcbltTZXJ2aWNlXVxuVHlwZT1pZGxlXG5FeGVjU3RhcnQ9L3NiaW4vcmVib290XG5bSW5zdGFsbF1cbldhbnRlZEJ5PW11bHRpLXVzZXIudGFyZ2V0XG4iLCJlbmFibGVkIjp0cnVlLCJuYW1lIjoicmVzdGFydC5zZXJ2aWNlIn1dfX0=",
                            "vapp.0.properties.guestinfo.ignition.config.data.encoding": "base64",
                            "vapp_transport.#": "1",
                            "vapp_transport.0": "com.vmware.guestInfo",
                            "vmware_tools_status": "guestToolsNotRunning",
                            "vmx_path": "worker-0/worker-0.vmx",
                            "wait_for_guest_ip_timeout": "0",
                            "wait_for_guest_net_routable": "false",
                            "wait_for_guest_net_timeout": "0"
                        },
                        "meta": {
                            "schema_version": "3"
                        },
                        "tainted": false
                    },
                    "deposed": [],
                    "provider": "provider.vsphere"
                },
                "vsphere_virtual_machine.vm.7": {
                    "type": "vsphere_virtual_machine",
                    "depends_on": [
                        "data.ignition_config.ign.*",
                        "data.vsphere_datastore.datastore",
                        "data.vsphere_network.network",
                        "data.vsphere_resource_pool.pool",
                        "data.vsphere_virtual_machine.template"
                    ],
                    "primary": {
                        "id": "42270744-8e06-87be-66d6-38ae4471d663",
                        "attributes": {
                            "alternate_guest_name": "",
                            "annotation": "",
                            "boot_delay": "30000",
                            "boot_retry_delay": "10000",
                            "boot_retry_enabled": "false",
                            "cdrom.#": "0",
                            "change_version": "2020-10-19T10:44:53.122758Z",
                            "clone.#": "1",
                            "clone.0.customize.#": "0",
                            "clone.0.linked_clone": "false",
                            "clone.0.ovf_network_map.%": "0",
                            "clone.0.ovf_storage_map.%": "0",
                            "clone.0.template_uuid": "4227f343-9ac7-4ffe-2747-92417304eacd",
                            "clone.0.timeout": "30",
                            "cpu_hot_add_enabled": "false",
                            "cpu_hot_remove_enabled": "false",
                            "cpu_limit": "-1",
                            "cpu_performance_counters_enabled": "false",
                            "cpu_reservation": "0",
                            "cpu_share_count": "4000",
                            "cpu_share_level": "normal",
                            "custom_attributes.%": "0",
                            "datastore_id": "datastore-233745",
                            "disk.#": "1",
                            "disk.0.attach": "false",
                            "disk.0.controller_type": "scsi",
                            "disk.0.datastore_id": "datastore-233745",
                            "disk.0.device_address": "scsi:0:0",
                            "disk.0.disk_mode": "persistent",
                            "disk.0.disk_sharing": "sharingNone",
                            "disk.0.eagerly_scrub": "false",
                            "disk.0.io_limit": "-1",
                            "disk.0.io_reservation": "0",
                            "disk.0.io_share_count": "1000",
                            "disk.0.io_share_level": "normal",
                            "disk.0.keep_on_remove": "false",
                            "disk.0.key": "2000",
                            "disk.0.label": "disk0",
                            "disk.0.name": "",
                            "disk.0.path": "worker-1/worker-1.vmdk",
                            "disk.0.size": "120",
                            "disk.0.storage_policy_id": "",
                            "disk.0.thin_provisioned": "true",
                            "disk.0.unit_number": "0",
                            "disk.0.uuid": "6000C295-e9e5-536c-2fa5-19feb52c383f",
                            "disk.0.write_through": "false",
                            "efi_secure_boot_enabled": "false",
                            "enable_disk_uuid": "true",
                            "enable_logging": "false",
                            "ept_rvi_mode": "automatic",
                            "extra_config.%": "0",
                            "firmware": "bios",
                            "folder": "desa-ocp01",
                            "force_power_off": "true",
                            "guest_id": "rhel7_64Guest",
                            "guest_ip_addresses.#": "0",
                            "hardware_version": "13",
                            "host_system_id": "host-103405",
                            "hv_mode": "hvAuto",
                            "id": "42270744-8e06-87be-66d6-38ae4471d663",
                            "ide_controller_count": "2",
                            "latency_sensitivity": "normal",
                            "memory": "16384",
                            "memory_hot_add_enabled": "false",
                            "memory_limit": "-1",
                            "memory_reservation": "0",
                            "memory_share_count": "163840",
                            "memory_share_level": "normal",
                            "migrate_wait_timeout": "30",
                            "moid": "vm-235915",
                            "name": "worker-1",
                            "nested_hv_enabled": "false",
                            "network_interface.#": "1",
                            "network_interface.0.adapter_type": "vmxnet3",
                            "network_interface.0.bandwidth_limit": "-1",
                            "network_interface.0.bandwidth_reservation": "0",
                            "network_interface.0.bandwidth_share_count": "50",
                            "network_interface.0.bandwidth_share_level": "normal",
                            "network_interface.0.device_address": "pci:0:7",
                            "network_interface.0.key": "4000",
                            "network_interface.0.mac_address": "00:50:56:a7:28:90",
                            "network_interface.0.network_id": "dvportgroup-232726",
                            "network_interface.0.ovf_mapping": "",
                            "network_interface.0.use_static_mac": "false",
                            "num_cores_per_socket": "1",
                            "num_cpus": "4",
                            "pci_device_id.#": "0",
                            "poweron_timeout": "300",
                            "reboot_required": "false",
                            "resource_pool_id": "resgroup-234836",
                            "run_tools_scripts_after_power_on": "true",
                            "run_tools_scripts_after_resume": "true",
                            "run_tools_scripts_before_guest_reboot": "false",
                            "run_tools_scripts_before_guest_shutdown": "true",
                            "run_tools_scripts_before_guest_standby": "true",
                            "sata_controller_count": "0",
                            "scsi_bus_sharing": "noSharing",
                            "scsi_controller_count": "1",
                            "scsi_type": "pvscsi",
                            "shutdown_wait_timeout": "3",
                            "storage_policy_id": "",
                            "swap_placement_policy": "inherit",
                            "sync_time_with_host": "false",
                            "tags.#": "0",
                            "uuid": "42270744-8e06-87be-66d6-38ae4471d663",
                            "vapp.#": "1",
                            "vapp.0.properties.%": "2",
                            "vapp.0.properties.guestinfo.ignition.config.data": "eyJpZ25pdGlvbiI6eyJjb25maWciOnsiYXBwZW5kIjpbeyJzb3VyY2UiOiJodHRwOi8vYmFzdGlvbi5kZXNhLW9jcDAxLm1pbmludGVyaW9yLmdvYi5hci9pZ25pdGlvbi93b3JrZXIuaWduIiwidmVyaWZpY2F0aW9uIjp7fX1dfSwidGltZW91dHMiOnt9LCJ2ZXJzaW9uIjoiMi4xLjAifSwibmV0d29ya2QiOnt9LCJwYXNzd2QiOnt9LCJzdG9yYWdlIjp7ImZpbGVzIjpbeyJmaWxlc3lzdGVtIjoicm9vdCIsImdyb3VwIjp7fSwicGF0aCI6Ii9ldGMvaG9zdG5hbWUiLCJ1c2VyIjp7fSwiY29udGVudHMiOnsic291cmNlIjoiZGF0YTp0ZXh0L3BsYWluO2NoYXJzZXQ9dXRmLTg7YmFzZTY0LGQyOXlhMlZ5TFRFdVpHVnpZUzF2WTNBd01TNXRhVzVwYm5SbGNtbHZjaTVuYjJJdVlYST0iLCJ2ZXJpZmljYXRpb24iOnt9fSwibW9kZSI6NDIwfSx7ImZpbGVzeXN0ZW0iOiJyb290IiwiZ3JvdXAiOnt9LCJwYXRoIjoiL2V0Yy9zeXNjb25maWcvbmV0d29yay1zY3JpcHRzL2lmY2ZnLWVuczE5MiIsInVzZXIiOnt9LCJjb250ZW50cyI6eyJzb3VyY2UiOiJkYXRhOnRleHQvcGxhaW47Y2hhcnNldD11dGYtODtiYXNlNjQsVkZsUVJUMUZkR2hsY201bGRBcENUMDlVVUZKUFZFODlibTl1WlFwT1FVMUZQV1Z1Y3pFNU1ncEVSVlpKUTBVOVpXNXpNVGt5Q2s5T1FrOVBWRDE1WlhNS1NWQkJSRVJTUFRFd0xqWXVNalEwTGpFeE5BcFFVa1ZHU1ZnOU1qUUtSMEZVUlZkQldUMHhNQzQyTGpJME5DNHhDa1JQVFVGSlRqMWtaWE5oTFc5amNEQXhMbTFwYm1sdWRHVnlhVzl5TG1kdllpNWhjZ3BFVGxNeFBURTVNaTR4TmpndU1qUXlMakV4TVFwRVRsTXlQVEU1TWk0eE5qZ3VNalF5TGpFeE1ncEVUbE16UFRFNU1pNHhOamd1TWpReUxqRXhNZ289IiwidmVyaWZpY2F0aW9uIjp7fX0sIm1vZGUiOjQyMH1dfSwic3lzdGVtZCI6eyJ1bml0cyI6W3siY29udGVudHMiOiJbVW5pdF1cbkNvbmRpdGlvbkZpcnN0Qm9vdD15ZXNcbltTZXJ2aWNlXVxuVHlwZT1pZGxlXG5FeGVjU3RhcnQ9L3NiaW4vcmVib290XG5bSW5zdGFsbF1cbldhbnRlZEJ5PW11bHRpLXVzZXIudGFyZ2V0XG4iLCJlbmFibGVkIjp0cnVlLCJuYW1lIjoicmVzdGFydC5zZXJ2aWNlIn1dfX0=",
                            "vapp.0.properties.guestinfo.ignition.config.data.encoding": "base64",
                            "vapp_transport.#": "1",
                            "vapp_transport.0": "com.vmware.guestInfo",
                            "vmware_tools_status": "guestToolsNotRunning",
                            "vmx_path": "worker-1/worker-1.vmx",
                            "wait_for_guest_ip_timeout": "0",
                            "wait_for_guest_net_routable": "false",
                            "wait_for_guest_net_timeout": "0"
                        },
                        "meta": {
                            "schema_version": "3"
                        },
                        "tainted": false
                    },
                    "deposed": [],
                    "provider": "provider.vsphere"
                },
                "vsphere_virtual_machine.vm.8": {
                    "type": "vsphere_virtual_machine",
                    "depends_on": [
                        "data.ignition_config.ign.*",
                        "data.vsphere_datastore.datastore",
                        "data.vsphere_network.network",
                        "data.vsphere_resource_pool.pool",
                        "data.vsphere_virtual_machine.template"
                    ],
                    "primary": {
                        "id": "422770fd-db34-bc56-c34c-9e57c298367f",
                        "attributes": {
                            "alternate_guest_name": "",
                            "annotation": "",
                            "boot_delay": "30000",
                            "boot_retry_delay": "10000",
                            "boot_retry_enabled": "false",
                            "cdrom.#": "0",
                            "change_version": "2020-10-19T10:55:26.825786Z",
                            "clone.#": "1",
                            "clone.0.customize.#": "0",
                            "clone.0.linked_clone": "false",
                            "clone.0.ovf_network_map.%": "0",
                            "clone.0.ovf_storage_map.%": "0",
                            "clone.0.template_uuid": "4227f343-9ac7-4ffe-2747-92417304eacd",
                            "clone.0.timeout": "30",
                            "cpu_hot_add_enabled": "false",
                            "cpu_hot_remove_enabled": "false",
                            "cpu_limit": "-1",
                            "cpu_performance_counters_enabled": "false",
                            "cpu_reservation": "0",
                            "cpu_share_count": "4000",
                            "cpu_share_level": "normal",
                            "custom_attributes.%": "0",
                            "datastore_id": "datastore-233745",
                            "disk.#": "1",
                            "disk.0.attach": "false",
                            "disk.0.controller_type": "scsi",
                            "disk.0.datastore_id": "datastore-233745",
                            "disk.0.device_address": "scsi:0:0",
                            "disk.0.disk_mode": "persistent",
                            "disk.0.disk_sharing": "sharingNone",
                            "disk.0.eagerly_scrub": "false",
                            "disk.0.io_limit": "-1",
                            "disk.0.io_reservation": "0",
                            "disk.0.io_share_count": "1000",
                            "disk.0.io_share_level": "normal",
                            "disk.0.keep_on_remove": "false",
                            "disk.0.key": "2000",
                            "disk.0.label": "disk0",
                            "disk.0.name": "",
                            "disk.0.path": "worker-2/worker-2.vmdk",
                            "disk.0.size": "120",
                            "disk.0.storage_policy_id": "",
                            "disk.0.thin_provisioned": "true",
                            "disk.0.unit_number": "0",
                            "disk.0.uuid": "6000C299-e886-f572-adbf-c601bc58447a",
                            "disk.0.write_through": "false",
                            "efi_secure_boot_enabled": "false",
                            "enable_disk_uuid": "true",
                            "enable_logging": "false",
                            "ept_rvi_mode": "automatic",
                            "extra_config.%": "0",
                            "firmware": "bios",
                            "folder": "desa-ocp01",
                            "force_power_off": "true",
                            "guest_id": "rhel7_64Guest",
                            "guest_ip_addresses.#": "0",
                            "hardware_version": "13",
                            "host_system_id": "host-103403",
                            "hv_mode": "hvAuto",
                            "id": "422770fd-db34-bc56-c34c-9e57c298367f",
                            "ide_controller_count": "2",
                            "latency_sensitivity": "normal",
                            "memory": "16384",
                            "memory_hot_add_enabled": "false",
                            "memory_limit": "-1",
                            "memory_reservation": "0",
                            "memory_share_count": "163840",
                            "memory_share_level": "normal",
                            "migrate_wait_timeout": "30",
                            "moid": "vm-235914",
                            "name": "worker-2",
                            "nested_hv_enabled": "false",
                            "network_interface.#": "1",
                            "network_interface.0.adapter_type": "vmxnet3",
                            "network_interface.0.bandwidth_limit": "-1",
                            "network_interface.0.bandwidth_reservation": "0",
                            "network_interface.0.bandwidth_share_count": "50",
                            "network_interface.0.bandwidth_share_level": "normal",
                            "network_interface.0.device_address": "pci:0:7",
                            "network_interface.0.key": "4000",
                            "network_interface.0.mac_address": "00:50:56:a7:77:7d",
                            "network_interface.0.network_id": "dvportgroup-232726",
                            "network_interface.0.ovf_mapping": "",
                            "network_interface.0.use_static_mac": "false",
                            "num_cores_per_socket": "1",
                            "num_cpus": "4",
                            "pci_device_id.#": "0",
                            "poweron_timeout": "300",
                            "reboot_required": "false",
                            "resource_pool_id": "resgroup-234836",
                            "run_tools_scripts_after_power_on": "true",
                            "run_tools_scripts_after_resume": "true",
                            "run_tools_scripts_before_guest_reboot": "false",
                            "run_tools_scripts_before_guest_shutdown": "true",
                            "run_tools_scripts_before_guest_standby": "true",
                            "sata_controller_count": "0",
                            "scsi_bus_sharing": "noSharing",
                            "scsi_controller_count": "1",
                            "scsi_type": "pvscsi",
                            "shutdown_wait_timeout": "3",
                            "storage_policy_id": "",
                            "swap_placement_policy": "inherit",
                            "sync_time_with_host": "false",
                            "tags.#": "0",
                            "uuid": "422770fd-db34-bc56-c34c-9e57c298367f",
                            "vapp.#": "1",
                            "vapp.0.properties.%": "2",
                            "vapp.0.properties.guestinfo.ignition.config.data": "eyJpZ25pdGlvbiI6eyJjb25maWciOnsiYXBwZW5kIjpbeyJzb3VyY2UiOiJodHRwOi8vYmFzdGlvbi5kZXNhLW9jcDAxLm1pbmludGVyaW9yLmdvYi5hci9pZ25pdGlvbi93b3JrZXIuaWduIiwidmVyaWZpY2F0aW9uIjp7fX1dfSwidGltZW91dHMiOnt9LCJ2ZXJzaW9uIjoiMi4xLjAifSwibmV0d29ya2QiOnt9LCJwYXNzd2QiOnt9LCJzdG9yYWdlIjp7ImZpbGVzIjpbeyJmaWxlc3lzdGVtIjoicm9vdCIsImdyb3VwIjp7fSwicGF0aCI6Ii9ldGMvaG9zdG5hbWUiLCJ1c2VyIjp7fSwiY29udGVudHMiOnsic291cmNlIjoiZGF0YTp0ZXh0L3BsYWluO2NoYXJzZXQ9dXRmLTg7YmFzZTY0LGQyOXlhMlZ5TFRJdVpHVnpZUzF2WTNBd01TNXRhVzVwYm5SbGNtbHZjaTVuYjJJdVlYST0iLCJ2ZXJpZmljYXRpb24iOnt9fSwibW9kZSI6NDIwfSx7ImZpbGVzeXN0ZW0iOiJyb290IiwiZ3JvdXAiOnt9LCJwYXRoIjoiL2V0Yy9zeXNjb25maWcvbmV0d29yay1zY3JpcHRzL2lmY2ZnLWVuczE5MiIsInVzZXIiOnt9LCJjb250ZW50cyI6eyJzb3VyY2UiOiJkYXRhOnRleHQvcGxhaW47Y2hhcnNldD11dGYtODtiYXNlNjQsVkZsUVJUMUZkR2hsY201bGRBcENUMDlVVUZKUFZFODlibTl1WlFwT1FVMUZQV1Z1Y3pFNU1ncEVSVlpKUTBVOVpXNXpNVGt5Q2s5T1FrOVBWRDE1WlhNS1NWQkJSRVJTUFRFd0xqWXVNalEwTGpFeE5RcFFVa1ZHU1ZnOU1qUUtSMEZVUlZkQldUMHhNQzQyTGpJME5DNHhDa1JQVFVGSlRqMWtaWE5oTFc5amNEQXhMbTFwYm1sdWRHVnlhVzl5TG1kdllpNWhjZ3BFVGxNeFBURTVNaTR4TmpndU1qUXlMakV4TVFwRVRsTXlQVEU1TWk0eE5qZ3VNalF5TGpFeE1ncEVUbE16UFRFNU1pNHhOamd1TWpReUxqRXhNZ289IiwidmVyaWZpY2F0aW9uIjp7fX0sIm1vZGUiOjQyMH1dfSwic3lzdGVtZCI6eyJ1bml0cyI6W3siY29udGVudHMiOiJbVW5pdF1cbkNvbmRpdGlvbkZpcnN0Qm9vdD15ZXNcbltTZXJ2aWNlXVxuVHlwZT1pZGxlXG5FeGVjU3RhcnQ9L3NiaW4vcmVib290XG5bSW5zdGFsbF1cbldhbnRlZEJ5PW11bHRpLXVzZXIudGFyZ2V0XG4iLCJlbmFibGVkIjp0cnVlLCJuYW1lIjoicmVzdGFydC5zZXJ2aWNlIn1dfX0=",
                            "vapp.0.properties.guestinfo.ignition.config.data.encoding": "base64",
                            "vapp_transport.#": "1",
                            "vapp_transport.0": "com.vmware.guestInfo",
                            "vmware_tools_status": "guestToolsNotRunning",
                            "vmx_path": "worker-2/worker-2.vmx",
                            "wait_for_guest_ip_timeout": "0",
                            "wait_for_guest_net_routable": "false",
                            "wait_for_guest_net_timeout": "0"
                        },
                        "meta": {
                            "schema_version": "3"
                        },
                        "tainted": false
                    },
                    "deposed": [],
                    "provider": "provider.vsphere"
                }
            },
            "depends_on": []
        },
        {
            "path": [
                "root",
                "control_plane"
            ],
            "outputs": {
                "ip_addresses": {
                    "sensitive": false,
                    "type": "list",
                    "value": [
                        "10.6.244.104",
                        "10.6.244.105",
                        "10.6.244.106"
                    ]
                }
            },
            "resources": {
                "data.ignition_config.ign.0": {
                    "type": "ignition_config",
                    "depends_on": [
                        "data.ignition_file.hostname.*",
                        "data.ignition_file.static_ip.*",
                        "data.ignition_systemd_unit.restart.*"
                    ],
                    "primary": {
                        "id": "cc747fcf6f630bb9574922d31dc884695d492c1641bb59affc994513ab0001bf",
                        "attributes": {
                            "append.#": "1",
                            "append.0.source": "http://bastion.desa-ocp01.mininterior.gob.ar/ignition/master.ign",
                            "append.0.verification": "",
                            "files.#": "2",
                            "files.0": "bf3100cee6b0891254e3a6b3dfa249b44254532b0d57b0d99745dfd538aadcc2",
                            "files.1": "6a259aa4ad82b1f1e011592056e7809785ff5e4149df95cf522d2ffa3a3d98ef",
                            "id": "cc747fcf6f630bb9574922d31dc884695d492c1641bb59affc994513ab0001bf",
                            "rendered": "{\"ignition\":{\"config\":{\"append\":[{\"source\":\"http://bastion.desa-ocp01.mininterior.gob.ar/ignition/master.ign\",\"verification\":{}}]},\"timeouts\":{},\"version\":\"2.1.0\"},\"networkd\":{},\"passwd\":{},\"storage\":{\"files\":[{\"filesystem\":\"root\",\"group\":{},\"path\":\"/etc/hostname\",\"user\":{},\"contents\":{\"source\":\"data:text/plain;charset=utf-8;base64,bWFzdGVyLTAuZGVzYS1vY3AwMS5taW5pbnRlcmlvci5nb2IuYXI=\",\"verification\":{}},\"mode\":420},{\"filesystem\":\"root\",\"group\":{},\"path\":\"/etc/sysconfig/network-scripts/ifcfg-ens192\",\"user\":{},\"contents\":{\"source\":\"data:text/plain;charset=utf-8;base64,VFlQRT1FdGhlcm5ldApCT09UUFJPVE89bm9uZQpOQU1FPWVuczE5MgpERVZJQ0U9ZW5zMTkyCk9OQk9PVD15ZXMKSVBBRERSPTEwLjYuMjQ0LjEwNApQUkVGSVg9MjQKR0FURVdBWT0xMC42LjI0NC4xCkRPTUFJTj1kZXNhLW9jcDAxLm1pbmludGVyaW9yLmdvYi5hcgpETlMxPTE5Mi4xNjguMjQyLjExMQpETlMyPTE5Mi4xNjguMjQyLjExMgpETlMzPTE5Mi4xNjguMjQyLjExMgo=\",\"verification\":{}},\"mode\":420}]},\"systemd\":{\"units\":[{\"contents\":\"[Unit]\\nConditionFirstBoot=yes\\n[Service]\\nType=idle\\nExecStart=/sbin/reboot\\n[Install]\\nWantedBy=multi-user.target\\n\",\"enabled\":true,\"name\":\"restart.service\"}]}}",
                            "systemd.#": "1",
                            "systemd.0": "2b2088c1732c1d1acffcbbe6386c2952e57ca2903cec0dc24bd4cb0f42abc300"
                        },
                        "meta": {},
                        "tainted": false
                    },
                    "deposed": [],
                    "provider": "module.control_plane.provider.ignition"
                },
                "data.ignition_config.ign.1": {
                    "type": "ignition_config",
                    "depends_on": [
                        "data.ignition_file.hostname.*",
                        "data.ignition_file.static_ip.*",
                        "data.ignition_systemd_unit.restart.*"
                    ],
                    "primary": {
                        "id": "b97de4ae49cf1ee7542207ef016ac4be69425e0261c2b7cacc9b8973a9153581",
                        "attributes": {
                            "append.#": "1",
                            "append.0.source": "http://bastion.desa-ocp01.mininterior.gob.ar/ignition/master.ign",
                            "append.0.verification": "",
                            "files.#": "2",
                            "files.0": "0a46cd23a231c3dce035b2e4466472d8167455d48e659ad8de3a01e5bfd49139",
                            "files.1": "d5bcbd244c1d9d8d848dcccc35039eea5fe163a3e509602acdd79a28ef22dcb7",
                            "id": "b97de4ae49cf1ee7542207ef016ac4be69425e0261c2b7cacc9b8973a9153581",
                            "rendered": "{\"ignition\":{\"config\":{\"append\":[{\"source\":\"http://bastion.desa-ocp01.mininterior.gob.ar/ignition/master.ign\",\"verification\":{}}]},\"timeouts\":{},\"version\":\"2.1.0\"},\"networkd\":{},\"passwd\":{},\"storage\":{\"files\":[{\"filesystem\":\"root\",\"group\":{},\"path\":\"/etc/hostname\",\"user\":{},\"contents\":{\"source\":\"data:text/plain;charset=utf-8;base64,bWFzdGVyLTEuZGVzYS1vY3AwMS5taW5pbnRlcmlvci5nb2IuYXI=\",\"verification\":{}},\"mode\":420},{\"filesystem\":\"root\",\"group\":{},\"path\":\"/etc/sysconfig/network-scripts/ifcfg-ens192\",\"user\":{},\"contents\":{\"source\":\"data:text/plain;charset=utf-8;base64,VFlQRT1FdGhlcm5ldApCT09UUFJPVE89bm9uZQpOQU1FPWVuczE5MgpERVZJQ0U9ZW5zMTkyCk9OQk9PVD15ZXMKSVBBRERSPTEwLjYuMjQ0LjEwNQpQUkVGSVg9MjQKR0FURVdBWT0xMC42LjI0NC4xCkRPTUFJTj1kZXNhLW9jcDAxLm1pbmludGVyaW9yLmdvYi5hcgpETlMxPTE5Mi4xNjguMjQyLjExMQpETlMyPTE5Mi4xNjguMjQyLjExMgpETlMzPTE5Mi4xNjguMjQyLjExMgo=\",\"verification\":{}},\"mode\":420}]},\"systemd\":{\"units\":[{\"contents\":\"[Unit]\\nConditionFirstBoot=yes\\n[Service]\\nType=idle\\nExecStart=/sbin/reboot\\n[Install]\\nWantedBy=multi-user.target\\n\",\"enabled\":true,\"name\":\"restart.service\"}]}}",
                            "systemd.#": "1",
                            "systemd.0": "2b2088c1732c1d1acffcbbe6386c2952e57ca2903cec0dc24bd4cb0f42abc300"
                        },
                        "meta": {},
                        "tainted": false
                    },
                    "deposed": [],
                    "provider": "module.control_plane.provider.ignition"
                },
                "data.ignition_config.ign.2": {
                    "type": "ignition_config",
                    "depends_on": [
                        "data.ignition_file.hostname.*",
                        "data.ignition_file.static_ip.*",
                        "data.ignition_systemd_unit.restart.*"
                    ],
                    "primary": {
                        "id": "584135bb1feb51992a72f1a6cfa47f903f5eacf236189f35362b3b536a89c33b",
                        "attributes": {
                            "append.#": "1",
                            "append.0.source": "http://bastion.desa-ocp01.mininterior.gob.ar/ignition/master.ign",
                            "append.0.verification": "",
                            "files.#": "2",
                            "files.0": "e0d4e875bde2ebfb5730baa5fa04364f9d6c57a75104cb71284c00b01525470e",
                            "files.1": "db75d78eb4065555cab360a23095183777725bc9786df0c33de3df2bcdb4a1b9",
                            "id": "584135bb1feb51992a72f1a6cfa47f903f5eacf236189f35362b3b536a89c33b",
                            "rendered": "{\"ignition\":{\"config\":{\"append\":[{\"source\":\"http://bastion.desa-ocp01.mininterior.gob.ar/ignition/master.ign\",\"verification\":{}}]},\"timeouts\":{},\"version\":\"2.1.0\"},\"networkd\":{},\"passwd\":{},\"storage\":{\"files\":[{\"filesystem\":\"root\",\"group\":{},\"path\":\"/etc/hostname\",\"user\":{},\"contents\":{\"source\":\"data:text/plain;charset=utf-8;base64,bWFzdGVyLTIuZGVzYS1vY3AwMS5taW5pbnRlcmlvci5nb2IuYXI=\",\"verification\":{}},\"mode\":420},{\"filesystem\":\"root\",\"group\":{},\"path\":\"/etc/sysconfig/network-scripts/ifcfg-ens192\",\"user\":{},\"contents\":{\"source\":\"data:text/plain;charset=utf-8;base64,VFlQRT1FdGhlcm5ldApCT09UUFJPVE89bm9uZQpOQU1FPWVuczE5MgpERVZJQ0U9ZW5zMTkyCk9OQk9PVD15ZXMKSVBBRERSPTEwLjYuMjQ0LjEwNgpQUkVGSVg9MjQKR0FURVdBWT0xMC42LjI0NC4xCkRPTUFJTj1kZXNhLW9jcDAxLm1pbmludGVyaW9yLmdvYi5hcgpETlMxPTE5Mi4xNjguMjQyLjExMQpETlMyPTE5Mi4xNjguMjQyLjExMgpETlMzPTE5Mi4xNjguMjQyLjExMgo=\",\"verification\":{}},\"mode\":420}]},\"systemd\":{\"units\":[{\"contents\":\"[Unit]\\nConditionFirstBoot=yes\\n[Service]\\nType=idle\\nExecStart=/sbin/reboot\\n[Install]\\nWantedBy=multi-user.target\\n\",\"enabled\":true,\"name\":\"restart.service\"}]}}",
                            "systemd.#": "1",
                            "systemd.0": "2b2088c1732c1d1acffcbbe6386c2952e57ca2903cec0dc24bd4cb0f42abc300"
                        },
                        "meta": {},
                        "tainted": false
                    },
                    "deposed": [],
                    "provider": "module.control_plane.provider.ignition"
                },
                "data.ignition_file.hostname.0": {
                    "type": "ignition_file",
                    "depends_on": [],
                    "primary": {
                        "id": "bf3100cee6b0891254e3a6b3dfa249b44254532b0d57b0d99745dfd538aadcc2",
                        "attributes": {
                            "content.#": "1",
                            "content.0.content": "master-0.desa-ocp01.mininterior.gob.ar",
                            "content.0.mime": "text/plain",
                            "filesystem": "root",
                            "id": "bf3100cee6b0891254e3a6b3dfa249b44254532b0d57b0d99745dfd538aadcc2",
                            "mode": "420",
                            "path": "/etc/hostname"
                        },
                        "meta": {},
                        "tainted": false
                    },
                    "deposed": [],
                    "provider": "module.control_plane.provider.ignition"
                },
                "data.ignition_file.hostname.1": {
                    "type": "ignition_file",
                    "depends_on": [],
                    "primary": {
                        "id": "0a46cd23a231c3dce035b2e4466472d8167455d48e659ad8de3a01e5bfd49139",
                        "attributes": {
                            "content.#": "1",
                            "content.0.content": "master-1.desa-ocp01.mininterior.gob.ar",
                            "content.0.mime": "text/plain",
                            "filesystem": "root",
                            "id": "0a46cd23a231c3dce035b2e4466472d8167455d48e659ad8de3a01e5bfd49139",
                            "mode": "420",
                            "path": "/etc/hostname"
                        },
                        "meta": {},
                        "tainted": false
                    },
                    "deposed": [],
                    "provider": "module.control_plane.provider.ignition"
                },
                "data.ignition_file.hostname.2": {
                    "type": "ignition_file",
                    "depends_on": [],
                    "primary": {
                        "id": "e0d4e875bde2ebfb5730baa5fa04364f9d6c57a75104cb71284c00b01525470e",
                        "attributes": {
                            "content.#": "1",
                            "content.0.content": "master-2.desa-ocp01.mininterior.gob.ar",
                            "content.0.mime": "text/plain",
                            "filesystem": "root",
                            "id": "e0d4e875bde2ebfb5730baa5fa04364f9d6c57a75104cb71284c00b01525470e",
                            "mode": "420",
                            "path": "/etc/hostname"
                        },
                        "meta": {},
                        "tainted": false
                    },
                    "deposed": [],
                    "provider": "module.control_plane.provider.ignition"
                },
                "data.ignition_file.static_ip.0": {
                    "type": "ignition_file",
                    "depends_on": [
                        "local.ip_addresses",
                        "local.mask"
                    ],
                    "primary": {
                        "id": "6a259aa4ad82b1f1e011592056e7809785ff5e4149df95cf522d2ffa3a3d98ef",
                        "attributes": {
                            "content.#": "1",
                            "content.0.content": "TYPE=Ethernet\nBOOTPROTO=none\nNAME=ens192\nDEVICE=ens192\nONBOOT=yes\nIPADDR=10.6.244.104\nPREFIX=24\nGATEWAY=10.6.244.1\nDOMAIN=desa-ocp01.mininterior.gob.ar\nDNS1=192.168.242.111\nDNS2=192.168.242.112\nDNS3=192.168.242.112\n",
                            "content.0.mime": "text/plain",
                            "filesystem": "root",
                            "id": "6a259aa4ad82b1f1e011592056e7809785ff5e4149df95cf522d2ffa3a3d98ef",
                            "mode": "420",
                            "path": "/etc/sysconfig/network-scripts/ifcfg-ens192"
                        },
                        "meta": {},
                        "tainted": false
                    },
                    "deposed": [],
                    "provider": "module.control_plane.provider.ignition"
                },
                "data.ignition_file.static_ip.1": {
                    "type": "ignition_file",
                    "depends_on": [
                        "local.ip_addresses",
                        "local.mask"
                    ],
                    "primary": {
                        "id": "d5bcbd244c1d9d8d848dcccc35039eea5fe163a3e509602acdd79a28ef22dcb7",
                        "attributes": {
                            "content.#": "1",
                            "content.0.content": "TYPE=Ethernet\nBOOTPROTO=none\nNAME=ens192\nDEVICE=ens192\nONBOOT=yes\nIPADDR=10.6.244.105\nPREFIX=24\nGATEWAY=10.6.244.1\nDOMAIN=desa-ocp01.mininterior.gob.ar\nDNS1=192.168.242.111\nDNS2=192.168.242.112\nDNS3=192.168.242.112\n",
                            "content.0.mime": "text/plain",
                            "filesystem": "root",
                            "id": "d5bcbd244c1d9d8d848dcccc35039eea5fe163a3e509602acdd79a28ef22dcb7",
                            "mode": "420",
                            "path": "/etc/sysconfig/network-scripts/ifcfg-ens192"
                        },
                        "meta": {},
                        "tainted": false
                    },
                    "deposed": [],
                    "provider": "module.control_plane.provider.ignition"
                },
                "data.ignition_file.static_ip.2": {
                    "type": "ignition_file",
                    "depends_on": [
                        "local.ip_addresses",
                        "local.mask"
                    ],
                    "primary": {
                        "id": "db75d78eb4065555cab360a23095183777725bc9786df0c33de3df2bcdb4a1b9",
                        "attributes": {
                            "content.#": "1",
                            "content.0.content": "TYPE=Ethernet\nBOOTPROTO=none\nNAME=ens192\nDEVICE=ens192\nONBOOT=yes\nIPADDR=10.6.244.106\nPREFIX=24\nGATEWAY=10.6.244.1\nDOMAIN=desa-ocp01.mininterior.gob.ar\nDNS1=192.168.242.111\nDNS2=192.168.242.112\nDNS3=192.168.242.112\n",
                            "content.0.mime": "text/plain",
                            "filesystem": "root",
                            "id": "db75d78eb4065555cab360a23095183777725bc9786df0c33de3df2bcdb4a1b9",
                            "mode": "420",
                            "path": "/etc/sysconfig/network-scripts/ifcfg-ens192"
                        },
                        "meta": {},
                        "tainted": false
                    },
                    "deposed": [],
                    "provider": "module.control_plane.provider.ignition"
                },
                "data.ignition_systemd_unit.restart.0": {
                    "type": "ignition_systemd_unit",
                    "depends_on": [],
                    "primary": {
                        "id": "2b2088c1732c1d1acffcbbe6386c2952e57ca2903cec0dc24bd4cb0f42abc300",
                        "attributes": {
                            "content": "[Unit]\nConditionFirstBoot=yes\n[Service]\nType=idle\nExecStart=/sbin/reboot\n[Install]\nWantedBy=multi-user.target\n",
                            "enabled": "true",
                            "id": "2b2088c1732c1d1acffcbbe6386c2952e57ca2903cec0dc24bd4cb0f42abc300",
                            "name": "restart.service"
                        },
                        "meta": {},
                        "tainted": false
                    },
                    "deposed": [],
                    "provider": "module.control_plane.provider.ignition"
                },
                "data.ignition_systemd_unit.restart.1": {
                    "type": "ignition_systemd_unit",
                    "depends_on": [],
                    "primary": {
                        "id": "2b2088c1732c1d1acffcbbe6386c2952e57ca2903cec0dc24bd4cb0f42abc300",
                        "attributes": {
                            "content": "[Unit]\nConditionFirstBoot=yes\n[Service]\nType=idle\nExecStart=/sbin/reboot\n[Install]\nWantedBy=multi-user.target\n",
                            "enabled": "true",
                            "id": "2b2088c1732c1d1acffcbbe6386c2952e57ca2903cec0dc24bd4cb0f42abc300",
                            "name": "restart.service"
                        },
                        "meta": {},
                        "tainted": false
                    },
                    "deposed": [],
                    "provider": "module.control_plane.provider.ignition"
                },
                "data.ignition_systemd_unit.restart.2": {
                    "type": "ignition_systemd_unit",
                    "depends_on": [],
                    "primary": {
                        "id": "2b2088c1732c1d1acffcbbe6386c2952e57ca2903cec0dc24bd4cb0f42abc300",
                        "attributes": {
                            "content": "[Unit]\nConditionFirstBoot=yes\n[Service]\nType=idle\nExecStart=/sbin/reboot\n[Install]\nWantedBy=multi-user.target\n",
                            "enabled": "true",
                            "id": "2b2088c1732c1d1acffcbbe6386c2952e57ca2903cec0dc24bd4cb0f42abc300",
                            "name": "restart.service"
                        },
                        "meta": {},
                        "tainted": false
                    },
                    "deposed": [],
                    "provider": "module.control_plane.provider.ignition"
                },
                "data.vsphere_datastore.datastore": {
                    "type": "vsphere_datastore",
                    "depends_on": [],
                    "primary": {
                        "id": "datastore-233745",
                        "attributes": {
                            "datacenter_id": "datacenter-2",
                            "id": "datastore-233745",
                            "name": "OCS_VMP-DESA"
                        },
                        "meta": {},
                        "tainted": false
                    },
                    "deposed": [],
                    "provider": "provider.vsphere"
                },
                "data.vsphere_network.network": {
                    "type": "vsphere_network",
                    "depends_on": [],
                    "primary": {
                        "id": "dvportgroup-232726",
                        "attributes": {
                            "datacenter_id": "datacenter-2",
                            "id": "dvportgroup-232726",
                            "name": "Red 644",
                            "type": "DistributedVirtualPortgroup"
                        },
                        "meta": {},
                        "tainted": false
                    },
                    "deposed": [],
                    "provider": "provider.vsphere"
                },
                "data.vsphere_resource_pool.pool": {
                    "type": "vsphere_resource_pool",
                    "depends_on": [],
                    "primary": {
                        "id": "resgroup-234836",
                        "attributes": {
                            "datacenter_id": "datacenter-2",
                            "id": "resgroup-234836",
                            "name": "ocp-resource"
                        },
                        "meta": {},
                        "tainted": false
                    },
                    "deposed": [],
                    "provider": "provider.vsphere"
                },
                "data.vsphere_virtual_machine.template": {
                    "type": "vsphere_virtual_machine",
                    "depends_on": [],
                    "primary": {
                        "id": "4227f343-9ac7-4ffe-2747-92417304eacd",
                        "attributes": {
                            "alternate_guest_name": "",
                            "annotation": "",
                            "boot_delay": "0",
                            "boot_retry_delay": "10000",
                            "boot_retry_enabled": "false",
                            "change_version": "2020-10-16T08:39:24.086303Z",
                            "cpu_hot_add_enabled": "false",
                            "cpu_hot_remove_enabled": "false",
                            "cpu_limit": "-1",
                            "cpu_performance_counters_enabled": "false",
                            "cpu_reservation": "0",
                            "cpu_share_count": "2000",
                            "cpu_share_level": "normal",
                            "datacenter_id": "datacenter-2",
                            "disks.#": "1",
                            "disks.0.eagerly_scrub": "false",
                            "disks.0.label": "Hard disk 1",
                            "disks.0.size": "16",
                            "disks.0.thin_provisioned": "true",
                            "disks.0.unit_number": "0",
                            "efi_secure_boot_enabled": "false",
                            "enable_disk_uuid": "false",
                            "enable_logging": "true",
                            "ept_rvi_mode": "automatic",
                            "extra_config.%": "0",
                            "firmware": "bios",
                            "guest_id": "rhel7_64Guest",
                            "guest_ip_addresses.#": "0",
                            "hardware_version": "13",
                            "hv_mode": "hvAuto",
                            "id": "4227f343-9ac7-4ffe-2747-92417304eacd",
                            "ide_controller_scan_count": "2",
                            "latency_sensitivity": "normal",
                            "memory": "4096",
                            "memory_hot_add_enabled": "false",
                            "memory_limit": "-1",
                            "memory_reservation": "0",
                            "memory_share_count": "40960",
                            "memory_share_level": "normal",
                            "name": "rhcos-4.3.8",
                            "nested_hv_enabled": "false",
                            "network_interface_types.#": "1",
                            "network_interface_types.0": "vmxnet3",
                            "num_cores_per_socket": "1",
                            "num_cpus": "2",
                            "run_tools_scripts_after_power_on": "true",
                            "run_tools_scripts_after_resume": "true",
                            "run_tools_scripts_before_guest_reboot": "false",
                            "run_tools_scripts_before_guest_shutdown": "true",
                            "run_tools_scripts_before_guest_standby": "true",
                            "sata_controller_scan_count": "0",
                            "scsi_bus_sharing": "noSharing",
                            "scsi_controller_scan_count": "1",
                            "scsi_type": "pvscsi",
                            "swap_placement_policy": "inherit",
                            "sync_time_with_host": "false",
                            "uuid": "4227f343-9ac7-4ffe-2747-92417304eacd",
                            "vapp_transport.#": "1",
                            "vapp_transport.0": "com.vmware.guestInfo"
                        },
                        "meta": {},
                        "tainted": false
                    },
                    "deposed": [],
                    "provider": "provider.vsphere"
                },
                "vsphere_virtual_machine.vm.0": {
                    "type": "vsphere_virtual_machine",
                    "depends_on": [
                        "data.ignition_config.ign.*",
                        "data.vsphere_datastore.datastore",
                        "data.vsphere_network.network",
                        "data.vsphere_resource_pool.pool",
                        "data.vsphere_virtual_machine.template"
                    ],
                    "primary": {
                        "id": "4227f664-ef76-d3c0-b191-50ecf7735bf2",
                        "attributes": {
                            "alternate_guest_name": "",
                            "annotation": "",
                            "boot_delay": "30000",
                            "boot_retry_delay": "10000",
                            "boot_retry_enabled": "false",
                            "cdrom.#": "0",
                            "change_version": "2020-10-19T09:45:49.393642Z",
                            "clone.#": "1",
                            "clone.0.customize.#": "0",
                            "clone.0.linked_clone": "false",
                            "clone.0.ovf_network_map.%": "0",
                            "clone.0.ovf_storage_map.%": "0",
                            "clone.0.template_uuid": "4227f343-9ac7-4ffe-2747-92417304eacd",
                            "clone.0.timeout": "30",
                            "cpu_hot_add_enabled": "false",
                            "cpu_hot_remove_enabled": "false",
                            "cpu_limit": "-1",
                            "cpu_performance_counters_enabled": "false",
                            "cpu_reservation": "0",
                            "cpu_share_count": "4000",
                            "cpu_share_level": "normal",
                            "custom_attributes.%": "0",
                            "datastore_id": "datastore-233745",
                            "disk.#": "1",
                            "disk.0.attach": "false",
                            "disk.0.controller_type": "scsi",
                            "disk.0.datastore_id": "datastore-233745",
                            "disk.0.device_address": "scsi:0:0",
                            "disk.0.disk_mode": "persistent",
                            "disk.0.disk_sharing": "sharingNone",
                            "disk.0.eagerly_scrub": "false",
                            "disk.0.io_limit": "-1",
                            "disk.0.io_reservation": "0",
                            "disk.0.io_share_count": "1000",
                            "disk.0.io_share_level": "normal",
                            "disk.0.keep_on_remove": "false",
                            "disk.0.key": "2000",
                            "disk.0.label": "disk0",
                            "disk.0.name": "",
                            "disk.0.path": "master-0/master-0.vmdk",
                            "disk.0.size": "120",
                            "disk.0.storage_policy_id": "",
                            "disk.0.thin_provisioned": "true",
                            "disk.0.unit_number": "0",
                            "disk.0.uuid": "6000C292-aaca-1346-f968-98eea9673690",
                            "disk.0.write_through": "false",
                            "efi_secure_boot_enabled": "false",
                            "enable_disk_uuid": "true",
                            "enable_logging": "false",
                            "ept_rvi_mode": "automatic",
                            "extra_config.%": "0",
                            "firmware": "bios",
                            "folder": "desa-ocp01",
                            "force_power_off": "true",
                            "guest_id": "rhel7_64Guest",
                            "guest_ip_addresses.#": "0",
                            "hardware_version": "13",
                            "host_system_id": "host-33039",
                            "hv_mode": "hvAuto",
                            "id": "4227f664-ef76-d3c0-b191-50ecf7735bf2",
                            "ide_controller_count": "2",
                            "latency_sensitivity": "normal",
                            "memory": "16384",
                            "memory_hot_add_enabled": "false",
                            "memory_limit": "-1",
                            "memory_reservation": "0",
                            "memory_share_count": "163840",
                            "memory_share_level": "normal",
                            "migrate_wait_timeout": "30",
                            "moid": "vm-235903",
                            "name": "master-0",
                            "nested_hv_enabled": "false",
                            "network_interface.#": "1",
                            "network_interface.0.adapter_type": "vmxnet3",
                            "network_interface.0.bandwidth_limit": "-1",
                            "network_interface.0.bandwidth_reservation": "0",
                            "network_interface.0.bandwidth_share_count": "50",
                            "network_interface.0.bandwidth_share_level": "normal",
                            "network_interface.0.device_address": "pci:0:7",
                            "network_interface.0.key": "4000",
                            "network_interface.0.mac_address": "00:50:56:a7:1b:61",
                            "network_interface.0.network_id": "dvportgroup-232726",
                            "network_interface.0.ovf_mapping": "",
                            "network_interface.0.use_static_mac": "false",
                            "num_cores_per_socket": "1",
                            "num_cpus": "4",
                            "pci_device_id.#": "0",
                            "poweron_timeout": "300",
                            "reboot_required": "false",
                            "resource_pool_id": "resgroup-234836",
                            "run_tools_scripts_after_power_on": "true",
                            "run_tools_scripts_after_resume": "true",
                            "run_tools_scripts_before_guest_reboot": "false",
                            "run_tools_scripts_before_guest_shutdown": "true",
                            "run_tools_scripts_before_guest_standby": "true",
                            "sata_controller_count": "0",
                            "scsi_bus_sharing": "noSharing",
                            "scsi_controller_count": "1",
                            "scsi_type": "pvscsi",
                            "shutdown_wait_timeout": "3",
                            "storage_policy_id": "",
                            "swap_placement_policy": "inherit",
                            "sync_time_with_host": "false",
                            "tags.#": "0",
                            "uuid": "4227f664-ef76-d3c0-b191-50ecf7735bf2",
                            "vapp.#": "1",
                            "vapp.0.properties.%": "2",
                            "vapp.0.properties.guestinfo.ignition.config.data": "eyJpZ25pdGlvbiI6eyJjb25maWciOnsiYXBwZW5kIjpbeyJzb3VyY2UiOiJodHRwOi8vYmFzdGlvbi5kZXNhLW9jcDAxLm1pbmludGVyaW9yLmdvYi5hci9pZ25pdGlvbi9tYXN0ZXIuaWduIiwidmVyaWZpY2F0aW9uIjp7fX1dfSwidGltZW91dHMiOnt9LCJ2ZXJzaW9uIjoiMi4xLjAifSwibmV0d29ya2QiOnt9LCJwYXNzd2QiOnt9LCJzdG9yYWdlIjp7ImZpbGVzIjpbeyJmaWxlc3lzdGVtIjoicm9vdCIsImdyb3VwIjp7fSwicGF0aCI6Ii9ldGMvaG9zdG5hbWUiLCJ1c2VyIjp7fSwiY29udGVudHMiOnsic291cmNlIjoiZGF0YTp0ZXh0L3BsYWluO2NoYXJzZXQ9dXRmLTg7YmFzZTY0LGJXRnpkR1Z5TFRBdVpHVnpZUzF2WTNBd01TNXRhVzVwYm5SbGNtbHZjaTVuYjJJdVlYST0iLCJ2ZXJpZmljYXRpb24iOnt9fSwibW9kZSI6NDIwfSx7ImZpbGVzeXN0ZW0iOiJyb290IiwiZ3JvdXAiOnt9LCJwYXRoIjoiL2V0Yy9zeXNjb25maWcvbmV0d29yay1zY3JpcHRzL2lmY2ZnLWVuczE5MiIsInVzZXIiOnt9LCJjb250ZW50cyI6eyJzb3VyY2UiOiJkYXRhOnRleHQvcGxhaW47Y2hhcnNldD11dGYtODtiYXNlNjQsVkZsUVJUMUZkR2hsY201bGRBcENUMDlVVUZKUFZFODlibTl1WlFwT1FVMUZQV1Z1Y3pFNU1ncEVSVlpKUTBVOVpXNXpNVGt5Q2s5T1FrOVBWRDE1WlhNS1NWQkJSRVJTUFRFd0xqWXVNalEwTGpFd05BcFFVa1ZHU1ZnOU1qUUtSMEZVUlZkQldUMHhNQzQyTGpJME5DNHhDa1JQVFVGSlRqMWtaWE5oTFc5amNEQXhMbTFwYm1sdWRHVnlhVzl5TG1kdllpNWhjZ3BFVGxNeFBURTVNaTR4TmpndU1qUXlMakV4TVFwRVRsTXlQVEU1TWk0eE5qZ3VNalF5TGpFeE1ncEVUbE16UFRFNU1pNHhOamd1TWpReUxqRXhNZ289IiwidmVyaWZpY2F0aW9uIjp7fX0sIm1vZGUiOjQyMH1dfSwic3lzdGVtZCI6eyJ1bml0cyI6W3siY29udGVudHMiOiJbVW5pdF1cbkNvbmRpdGlvbkZpcnN0Qm9vdD15ZXNcbltTZXJ2aWNlXVxuVHlwZT1pZGxlXG5FeGVjU3RhcnQ9L3NiaW4vcmVib290XG5bSW5zdGFsbF1cbldhbnRlZEJ5PW11bHRpLXVzZXIudGFyZ2V0XG4iLCJlbmFibGVkIjp0cnVlLCJuYW1lIjoicmVzdGFydC5zZXJ2aWNlIn1dfX0=",
                            "vapp.0.properties.guestinfo.ignition.config.data.encoding": "base64",
                            "vapp_transport.#": "1",
                            "vapp_transport.0": "com.vmware.guestInfo",
                            "vmware_tools_status": "guestToolsNotRunning",
                            "vmx_path": "master-0/master-0.vmx",
                            "wait_for_guest_ip_timeout": "0",
                            "wait_for_guest_net_routable": "false",
                            "wait_for_guest_net_timeout": "0"
                        },
                        "meta": {
                            "schema_version": "3"
                        },
                        "tainted": false
                    },
                    "deposed": [],
                    "provider": "provider.vsphere"
                },
                "vsphere_virtual_machine.vm.1": {
                    "type": "vsphere_virtual_machine",
                    "depends_on": [
                        "data.ignition_config.ign.*",
                        "data.vsphere_datastore.datastore",
                        "data.vsphere_network.network",
                        "data.vsphere_resource_pool.pool",
                        "data.vsphere_virtual_machine.template"
                    ],
                    "primary": {
                        "id": "42272eaa-4ad3-bf35-786c-eac62ef59716",
                        "attributes": {
                            "alternate_guest_name": "",
                            "annotation": "",
                            "boot_delay": "30000",
                            "boot_retry_delay": "10000",
                            "boot_retry_enabled": "false",
                            "cdrom.#": "0",
                            "change_version": "2020-10-19T10:55:31.407683Z",
                            "clone.#": "1",
                            "clone.0.customize.#": "0",
                            "clone.0.linked_clone": "false",
                            "clone.0.ovf_network_map.%": "0",
                            "clone.0.ovf_storage_map.%": "0",
                            "clone.0.template_uuid": "4227f343-9ac7-4ffe-2747-92417304eacd",
                            "clone.0.timeout": "30",
                            "cpu_hot_add_enabled": "false",
                            "cpu_hot_remove_enabled": "false",
                            "cpu_limit": "-1",
                            "cpu_performance_counters_enabled": "false",
                            "cpu_reservation": "0",
                            "cpu_share_count": "4000",
                            "cpu_share_level": "normal",
                            "custom_attributes.%": "0",
                            "datastore_id": "datastore-233745",
                            "disk.#": "1",
                            "disk.0.attach": "false",
                            "disk.0.controller_type": "scsi",
                            "disk.0.datastore_id": "datastore-233745",
                            "disk.0.device_address": "scsi:0:0",
                            "disk.0.disk_mode": "persistent",
                            "disk.0.disk_sharing": "sharingNone",
                            "disk.0.eagerly_scrub": "false",
                            "disk.0.io_limit": "-1",
                            "disk.0.io_reservation": "0",
                            "disk.0.io_share_count": "1000",
                            "disk.0.io_share_level": "normal",
                            "disk.0.keep_on_remove": "false",
                            "disk.0.key": "2000",
                            "disk.0.label": "disk0",
                            "disk.0.name": "",
                            "disk.0.path": "master-1/master-1.vmdk",
                            "disk.0.size": "120",
                            "disk.0.storage_policy_id": "",
                            "disk.0.thin_provisioned": "true",
                            "disk.0.unit_number": "0",
                            "disk.0.uuid": "6000C296-66d0-f97e-d4c6-a1fbb4cfbf70",
                            "disk.0.write_through": "false",
                            "efi_secure_boot_enabled": "false",
                            "enable_disk_uuid": "true",
                            "enable_logging": "false",
                            "ept_rvi_mode": "automatic",
                            "extra_config.%": "0",
                            "firmware": "bios",
                            "folder": "desa-ocp01",
                            "force_power_off": "true",
                            "guest_id": "rhel7_64Guest",
                            "guest_ip_addresses.#": "0",
                            "hardware_version": "13",
                            "host_system_id": "host-103403",
                            "hv_mode": "hvAuto",
                            "id": "42272eaa-4ad3-bf35-786c-eac62ef59716",
                            "ide_controller_count": "2",
                            "latency_sensitivity": "normal",
                            "memory": "16384",
                            "memory_hot_add_enabled": "false",
                            "memory_limit": "-1",
                            "memory_reservation": "0",
                            "memory_share_count": "163840",
                            "memory_share_level": "normal",
                            "migrate_wait_timeout": "30",
                            "moid": "vm-235909",
                            "name": "master-1",
                            "nested_hv_enabled": "false",
                            "network_interface.#": "1",
                            "network_interface.0.adapter_type": "vmxnet3",
                            "network_interface.0.bandwidth_limit": "-1",
                            "network_interface.0.bandwidth_reservation": "0",
                            "network_interface.0.bandwidth_share_count": "50",
                            "network_interface.0.bandwidth_share_level": "normal",
                            "network_interface.0.device_address": "pci:0:7",
                            "network_interface.0.key": "4000",
                            "network_interface.0.mac_address": "00:50:56:a7:7f:c4",
                            "network_interface.0.network_id": "dvportgroup-232726",
                            "network_interface.0.ovf_mapping": "",
                            "network_interface.0.use_static_mac": "false",
                            "num_cores_per_socket": "1",
                            "num_cpus": "4",
                            "pci_device_id.#": "0",
                            "poweron_timeout": "300",
                            "reboot_required": "false",
                            "resource_pool_id": "resgroup-234836",
                            "run_tools_scripts_after_power_on": "true",
                            "run_tools_scripts_after_resume": "true",
                            "run_tools_scripts_before_guest_reboot": "false",
                            "run_tools_scripts_before_guest_shutdown": "true",
                            "run_tools_scripts_before_guest_standby": "true",
                            "sata_controller_count": "0",
                            "scsi_bus_sharing": "noSharing",
                            "scsi_controller_count": "1",
                            "scsi_type": "pvscsi",
                            "shutdown_wait_timeout": "3",
                            "storage_policy_id": "",
                            "swap_placement_policy": "inherit",
                            "sync_time_with_host": "false",
                            "tags.#": "0",
                            "uuid": "42272eaa-4ad3-bf35-786c-eac62ef59716",
                            "vapp.#": "1",
                            "vapp.0.properties.%": "2",
                            "vapp.0.properties.guestinfo.ignition.config.data": "eyJpZ25pdGlvbiI6eyJjb25maWciOnsiYXBwZW5kIjpbeyJzb3VyY2UiOiJodHRwOi8vYmFzdGlvbi5kZXNhLW9jcDAxLm1pbmludGVyaW9yLmdvYi5hci9pZ25pdGlvbi9tYXN0ZXIuaWduIiwidmVyaWZpY2F0aW9uIjp7fX1dfSwidGltZW91dHMiOnt9LCJ2ZXJzaW9uIjoiMi4xLjAifSwibmV0d29ya2QiOnt9LCJwYXNzd2QiOnt9LCJzdG9yYWdlIjp7ImZpbGVzIjpbeyJmaWxlc3lzdGVtIjoicm9vdCIsImdyb3VwIjp7fSwicGF0aCI6Ii9ldGMvaG9zdG5hbWUiLCJ1c2VyIjp7fSwiY29udGVudHMiOnsic291cmNlIjoiZGF0YTp0ZXh0L3BsYWluO2NoYXJzZXQ9dXRmLTg7YmFzZTY0LGJXRnpkR1Z5TFRFdVpHVnpZUzF2WTNBd01TNXRhVzVwYm5SbGNtbHZjaTVuYjJJdVlYST0iLCJ2ZXJpZmljYXRpb24iOnt9fSwibW9kZSI6NDIwfSx7ImZpbGVzeXN0ZW0iOiJyb290IiwiZ3JvdXAiOnt9LCJwYXRoIjoiL2V0Yy9zeXNjb25maWcvbmV0d29yay1zY3JpcHRzL2lmY2ZnLWVuczE5MiIsInVzZXIiOnt9LCJjb250ZW50cyI6eyJzb3VyY2UiOiJkYXRhOnRleHQvcGxhaW47Y2hhcnNldD11dGYtODtiYXNlNjQsVkZsUVJUMUZkR2hsY201bGRBcENUMDlVVUZKUFZFODlibTl1WlFwT1FVMUZQV1Z1Y3pFNU1ncEVSVlpKUTBVOVpXNXpNVGt5Q2s5T1FrOVBWRDE1WlhNS1NWQkJSRVJTUFRFd0xqWXVNalEwTGpFd05RcFFVa1ZHU1ZnOU1qUUtSMEZVUlZkQldUMHhNQzQyTGpJME5DNHhDa1JQVFVGSlRqMWtaWE5oTFc5amNEQXhMbTFwYm1sdWRHVnlhVzl5TG1kdllpNWhjZ3BFVGxNeFBURTVNaTR4TmpndU1qUXlMakV4TVFwRVRsTXlQVEU1TWk0eE5qZ3VNalF5TGpFeE1ncEVUbE16UFRFNU1pNHhOamd1TWpReUxqRXhNZ289IiwidmVyaWZpY2F0aW9uIjp7fX0sIm1vZGUiOjQyMH1dfSwic3lzdGVtZCI6eyJ1bml0cyI6W3siY29udGVudHMiOiJbVW5pdF1cbkNvbmRpdGlvbkZpcnN0Qm9vdD15ZXNcbltTZXJ2aWNlXVxuVHlwZT1pZGxlXG5FeGVjU3RhcnQ9L3NiaW4vcmVib290XG5bSW5zdGFsbF1cbldhbnRlZEJ5PW11bHRpLXVzZXIudGFyZ2V0XG4iLCJlbmFibGVkIjp0cnVlLCJuYW1lIjoicmVzdGFydC5zZXJ2aWNlIn1dfX0=",
                            "vapp.0.properties.guestinfo.ignition.config.data.encoding": "base64",
                            "vapp_transport.#": "1",
                            "vapp_transport.0": "com.vmware.guestInfo",
                            "vmware_tools_status": "guestToolsNotRunning",
                            "vmx_path": "master-1/master-1.vmx",
                            "wait_for_guest_ip_timeout": "0",
                            "wait_for_guest_net_routable": "false",
                            "wait_for_guest_net_timeout": "0"
                        },
                        "meta": {
                            "schema_version": "3"
                        },
                        "tainted": false
                    },
                    "deposed": [],
                    "provider": "provider.vsphere"
                },
                "vsphere_virtual_machine.vm.2": {
                    "type": "vsphere_virtual_machine",
                    "depends_on": [
                        "data.ignition_config.ign.*",
                        "data.vsphere_datastore.datastore",
                        "data.vsphere_network.network",
                        "data.vsphere_resource_pool.pool",
                        "data.vsphere_virtual_machine.template"
                    ],
                    "primary": {
                        "id": "422733a8-cbe5-d05e-40f2-10ce872fcd4d",
                        "attributes": {
                            "alternate_guest_name": "",
                            "annotation": "",
                            "boot_delay": "30000",
                            "boot_retry_delay": "10000",
                            "boot_retry_enabled": "false",
                            "cdrom.#": "0",
                            "change_version": "2020-10-19T10:55:09.717839Z",
                            "clone.#": "1",
                            "clone.0.customize.#": "0",
                            "clone.0.linked_clone": "false",
                            "clone.0.ovf_network_map.%": "0",
                            "clone.0.ovf_storage_map.%": "0",
                            "clone.0.template_uuid": "4227f343-9ac7-4ffe-2747-92417304eacd",
                            "clone.0.timeout": "30",
                            "cpu_hot_add_enabled": "false",
                            "cpu_hot_remove_enabled": "false",
                            "cpu_limit": "-1",
                            "cpu_performance_counters_enabled": "false",
                            "cpu_reservation": "0",
                            "cpu_share_count": "4000",
                            "cpu_share_level": "normal",
                            "custom_attributes.%": "0",
                            "datastore_id": "datastore-233745",
                            "disk.#": "1",
                            "disk.0.attach": "false",
                            "disk.0.controller_type": "scsi",
                            "disk.0.datastore_id": "datastore-233745",
                            "disk.0.device_address": "scsi:0:0",
                            "disk.0.disk_mode": "persistent",
                            "disk.0.disk_sharing": "sharingNone",
                            "disk.0.eagerly_scrub": "false",
                            "disk.0.io_limit": "-1",
                            "disk.0.io_reservation": "0",
                            "disk.0.io_share_count": "1000",
                            "disk.0.io_share_level": "normal",
                            "disk.0.keep_on_remove": "false",
                            "disk.0.key": "2000",
                            "disk.0.label": "disk0",
                            "disk.0.name": "",
                            "disk.0.path": "master-2/master-2.vmdk",
                            "disk.0.size": "120",
                            "disk.0.storage_policy_id": "",
                            "disk.0.thin_provisioned": "true",
                            "disk.0.unit_number": "0",
                            "disk.0.uuid": "6000C29c-a673-b7aa-7f81-a9525def71a4",
                            "disk.0.write_through": "false",
                            "efi_secure_boot_enabled": "false",
                            "enable_disk_uuid": "true",
                            "enable_logging": "false",
                            "ept_rvi_mode": "automatic",
                            "extra_config.%": "0",
                            "firmware": "bios",
                            "folder": "desa-ocp01",
                            "force_power_off": "true",
                            "guest_id": "rhel7_64Guest",
                            "guest_ip_addresses.#": "0",
                            "hardware_version": "13",
                            "host_system_id": "host-103403",
                            "hv_mode": "hvAuto",
                            "id": "422733a8-cbe5-d05e-40f2-10ce872fcd4d",
                            "ide_controller_count": "2",
                            "latency_sensitivity": "normal",
                            "memory": "16384",
                            "memory_hot_add_enabled": "false",
                            "memory_limit": "-1",
                            "memory_reservation": "0",
                            "memory_share_count": "163840",
                            "memory_share_level": "normal",
                            "migrate_wait_timeout": "30",
                            "moid": "vm-235905",
                            "name": "master-2",
                            "nested_hv_enabled": "false",
                            "network_interface.#": "1",
                            "network_interface.0.adapter_type": "vmxnet3",
                            "network_interface.0.bandwidth_limit": "-1",
                            "network_interface.0.bandwidth_reservation": "0",
                            "network_interface.0.bandwidth_share_count": "50",
                            "network_interface.0.bandwidth_share_level": "normal",
                            "network_interface.0.device_address": "pci:0:7",
                            "network_interface.0.key": "4000",
                            "network_interface.0.mac_address": "00:50:56:a7:60:91",
                            "network_interface.0.network_id": "dvportgroup-232726",
                            "network_interface.0.ovf_mapping": "",
                            "network_interface.0.use_static_mac": "false",
                            "num_cores_per_socket": "1",
                            "num_cpus": "4",
                            "pci_device_id.#": "0",
                            "poweron_timeout": "300",
                            "reboot_required": "false",
                            "resource_pool_id": "resgroup-234836",
                            "run_tools_scripts_after_power_on": "true",
                            "run_tools_scripts_after_resume": "true",
                            "run_tools_scripts_before_guest_reboot": "false",
                            "run_tools_scripts_before_guest_shutdown": "true",
                            "run_tools_scripts_before_guest_standby": "true",
                            "sata_controller_count": "0",
                            "scsi_bus_sharing": "noSharing",
                            "scsi_controller_count": "1",
                            "scsi_type": "pvscsi",
                            "shutdown_wait_timeout": "3",
                            "storage_policy_id": "",
                            "swap_placement_policy": "inherit",
                            "sync_time_with_host": "false",
                            "tags.#": "0",
                            "uuid": "422733a8-cbe5-d05e-40f2-10ce872fcd4d",
                            "vapp.#": "1",
                            "vapp.0.properties.%": "2",
                            "vapp.0.properties.guestinfo.ignition.config.data": "eyJpZ25pdGlvbiI6eyJjb25maWciOnsiYXBwZW5kIjpbeyJzb3VyY2UiOiJodHRwOi8vYmFzdGlvbi5kZXNhLW9jcDAxLm1pbmludGVyaW9yLmdvYi5hci9pZ25pdGlvbi9tYXN0ZXIuaWduIiwidmVyaWZpY2F0aW9uIjp7fX1dfSwidGltZW91dHMiOnt9LCJ2ZXJzaW9uIjoiMi4xLjAifSwibmV0d29ya2QiOnt9LCJwYXNzd2QiOnt9LCJzdG9yYWdlIjp7ImZpbGVzIjpbeyJmaWxlc3lzdGVtIjoicm9vdCIsImdyb3VwIjp7fSwicGF0aCI6Ii9ldGMvaG9zdG5hbWUiLCJ1c2VyIjp7fSwiY29udGVudHMiOnsic291cmNlIjoiZGF0YTp0ZXh0L3BsYWluO2NoYXJzZXQ9dXRmLTg7YmFzZTY0LGJXRnpkR1Z5TFRJdVpHVnpZUzF2WTNBd01TNXRhVzVwYm5SbGNtbHZjaTVuYjJJdVlYST0iLCJ2ZXJpZmljYXRpb24iOnt9fSwibW9kZSI6NDIwfSx7ImZpbGVzeXN0ZW0iOiJyb290IiwiZ3JvdXAiOnt9LCJwYXRoIjoiL2V0Yy9zeXNjb25maWcvbmV0d29yay1zY3JpcHRzL2lmY2ZnLWVuczE5MiIsInVzZXIiOnt9LCJjb250ZW50cyI6eyJzb3VyY2UiOiJkYXRhOnRleHQvcGxhaW47Y2hhcnNldD11dGYtODtiYXNlNjQsVkZsUVJUMUZkR2hsY201bGRBcENUMDlVVUZKUFZFODlibTl1WlFwT1FVMUZQV1Z1Y3pFNU1ncEVSVlpKUTBVOVpXNXpNVGt5Q2s5T1FrOVBWRDE1WlhNS1NWQkJSRVJTUFRFd0xqWXVNalEwTGpFd05ncFFVa1ZHU1ZnOU1qUUtSMEZVUlZkQldUMHhNQzQyTGpJME5DNHhDa1JQVFVGSlRqMWtaWE5oTFc5amNEQXhMbTFwYm1sdWRHVnlhVzl5TG1kdllpNWhjZ3BFVGxNeFBURTVNaTR4TmpndU1qUXlMakV4TVFwRVRsTXlQVEU1TWk0eE5qZ3VNalF5TGpFeE1ncEVUbE16UFRFNU1pNHhOamd1TWpReUxqRXhNZ289IiwidmVyaWZpY2F0aW9uIjp7fX0sIm1vZGUiOjQyMH1dfSwic3lzdGVtZCI6eyJ1bml0cyI6W3siY29udGVudHMiOiJbVW5pdF1cbkNvbmRpdGlvbkZpcnN0Qm9vdD15ZXNcbltTZXJ2aWNlXVxuVHlwZT1pZGxlXG5FeGVjU3RhcnQ9L3NiaW4vcmVib290XG5bSW5zdGFsbF1cbldhbnRlZEJ5PW11bHRpLXVzZXIudGFyZ2V0XG4iLCJlbmFibGVkIjp0cnVlLCJuYW1lIjoicmVzdGFydC5zZXJ2aWNlIn1dfX0=",
                            "vapp.0.properties.guestinfo.ignition.config.data.encoding": "base64",
                            "vapp_transport.#": "1",
                            "vapp_transport.0": "com.vmware.guestInfo",
                            "vmware_tools_status": "guestToolsNotRunning",
                            "vmx_path": "master-2/master-2.vmx",
                            "wait_for_guest_ip_timeout": "0",
                            "wait_for_guest_net_routable": "false",
                            "wait_for_guest_net_timeout": "0"
                        },
                        "meta": {
                            "schema_version": "3"
                        },
                        "tainted": false
                    },
                    "deposed": [],
                    "provider": "provider.vsphere"
                }
            },
            "depends_on": []
        }
    ]
}
